// !$*UTF8*$!
{
	archiveVersion = 1;
	classes = {
	};
	objectVersion = 48;
	objects = {

/* Begin PBXBuildFile section */
		B60B796D1F8151E600E99604 /* NSAttributedString+UI.m in Sources */ = {isa = PBXBuildFile; fileRef = B60B78FE1F8151E500E99604 /* NSAttributedString+UI.m */; };
		B60B796E1F8151E600E99604 /* NSDate+UI.m in Sources */ = {isa = PBXBuildFile; fileRef = B60B79001F8151E500E99604 /* NSDate+UI.m */; };
		B60B796F1F8151E600E99604 /* NSMutableParagraphStyle+UI.m in Sources */ = {isa = PBXBuildFile; fileRef = B60B79021F8151E500E99604 /* NSMutableParagraphStyle+UI.m */; };
		B60B79701F8151E600E99604 /* NSObject+UI.m in Sources */ = {isa = PBXBuildFile; fileRef = B60B79041F8151E500E99604 /* NSObject+UI.m */; };
		B60B79711F8151E600E99604 /* NSString+UI.m in Sources */ = {isa = PBXBuildFile; fileRef = B60B79061F8151E500E99604 /* NSString+UI.m */; };
		B60B79721F8151E600E99604 /* CALayer+UI.m in Sources */ = {isa = PBXBuildFile; fileRef = B60B790A1F8151E500E99604 /* CALayer+UI.m */; };
		B60B79731F8151E600E99604 /* UIBezierPath+UI.m in Sources */ = {isa = PBXBuildFile; fileRef = B60B790C1F8151E500E99604 /* UIBezierPath+UI.m */; };
		B60B79741F8151E600E99604 /* UIButton+UI.m in Sources */ = {isa = PBXBuildFile; fileRef = B60B790E1F8151E500E99604 /* UIButton+UI.m */; };
		B60B79751F8151E600E99604 /* UICollectionView+UI.m in Sources */ = {isa = PBXBuildFile; fileRef = B60B79101F8151E500E99604 /* UICollectionView+UI.m */; };
		B60B79761F8151E600E99604 /* UIColor+UI.m in Sources */ = {isa = PBXBuildFile; fileRef = B60B79121F8151E500E99604 /* UIColor+UI.m */; };
		B60B79771F8151E600E99604 /* UIControl+UI.m in Sources */ = {isa = PBXBuildFile; fileRef = B60B79141F8151E500E99604 /* UIControl+UI.m */; };
		B60B79781F8151E600E99604 /* UIFont+UI.m in Sources */ = {isa = PBXBuildFile; fileRef = B60B79161F8151E500E99604 /* UIFont+UI.m */; };
		B60B79791F8151E600E99604 /* UIGestureRecognizer+UI.m in Sources */ = {isa = PBXBuildFile; fileRef = B60B79181F8151E500E99604 /* UIGestureRecognizer+UI.m */; };
		B60B797A1F8151E600E99604 /* UIImage+UI.m in Sources */ = {isa = PBXBuildFile; fileRef = B60B791A1F8151E500E99604 /* UIImage+UI.m */; };
		B60B797B1F8151E600E99604 /* UINavigationController+UI.m in Sources */ = {isa = PBXBuildFile; fileRef = B60B791C1F8151E500E99604 /* UINavigationController+UI.m */; };
		B60B797C1F8151E600E99604 /* UIScrollView+UI.m in Sources */ = {isa = PBXBuildFile; fileRef = B60B791E1F8151E500E99604 /* UIScrollView+UI.m */; };
		B60B797D1F8151E600E99604 /* UITabBar+UI.m in Sources */ = {isa = PBXBuildFile; fileRef = B60B79201F8151E500E99604 /* UITabBar+UI.m */; };
		B60B797E1F8151E600E99604 /* UITabBarItem+UI.m in Sources */ = {isa = PBXBuildFile; fileRef = B60B79221F8151E500E99604 /* UITabBarItem+UI.m */; };
		B60B797F1F8151E600E99604 /* UITableView+UI.m in Sources */ = {isa = PBXBuildFile; fileRef = B60B79241F8151E500E99604 /* UITableView+UI.m */; };
		B60B79801F8151E600E99604 /* UITextField+UI.m in Sources */ = {isa = PBXBuildFile; fileRef = B60B79261F8151E500E99604 /* UITextField+UI.m */; };
		B60B79811F8151E600E99604 /* UITextView+UI.m in Sources */ = {isa = PBXBuildFile; fileRef = B60B79281F8151E500E99604 /* UITextView+UI.m */; };
		B60B79821F8151E600E99604 /* UIView+UI.m in Sources */ = {isa = PBXBuildFile; fileRef = B60B792A1F8151E500E99604 /* UIView+UI.m */; };
		B60B79831F8151E600E99604 /* UIViewController+UI.m in Sources */ = {isa = PBXBuildFile; fileRef = B60B792C1F8151E500E99604 /* UIViewController+UI.m */; };
		B60B79841F8151E600E99604 /* UIWindow+UI.m in Sources */ = {isa = PBXBuildFile; fileRef = B60B792E1F8151E500E99604 /* UIWindow+UI.m */; };
		B60B79851F8151E600E99604 /* UINavigationBar+Transition.m in Sources */ = {isa = PBXBuildFile; fileRef = B60B79341F8151E500E99604 /* UINavigationBar+Transition.m */; };
		B60B79861F8151E600E99604 /* UINavigationController+NavigationBarTransition.m in Sources */ = {isa = PBXBuildFile; fileRef = B60B79361F8151E500E99604 /* UINavigationController+NavigationBarTransition.m */; };
		B60B79871F8151E600E99604 /* UICustomButton.m in Sources */ = {isa = PBXBuildFile; fileRef = B60B79391F8151E500E99604 /* UICustomButton.m */; };
		B60B79881F8151E600E99604 /* UICustomLable.m in Sources */ = {isa = PBXBuildFile; fileRef = B60B793B1F8151E500E99604 /* UICustomLable.m */; };
		B60B79891F8151E600E99604 /* UIEmptyView.m in Sources */ = {isa = PBXBuildFile; fileRef = B60B793E1F8151E500E99604 /* UIEmptyView.m */; };
		B60B798A1F8151E600E99604 /* UIKeyboardManager.m in Sources */ = {isa = PBXBuildFile; fileRef = B60B79411F8151E500E99604 /* UIKeyboardManager.m */; };
		B60B798B1F8151E600E99604 /* UIModalPresentationViewController.m in Sources */ = {isa = PBXBuildFile; fileRef = B60B79441F8151E500E99604 /* UIModalPresentationViewController.m */; };
		B60B798C1F8151E600E99604 /* UINavigationButton.m in Sources */ = {isa = PBXBuildFile; fileRef = B60B79461F8151E500E99604 /* UINavigationButton.m */; };
		B60B798D1F8151E600E99604 /* UINavigationTitleView.m in Sources */ = {isa = PBXBuildFile; fileRef = B60B79491F8151E500E99604 /* UINavigationTitleView.m */; };
		B60B798E1F8151E600E99604 /* UIThemeManager.m in Sources */ = {isa = PBXBuildFile; fileRef = B60B794C1F8151E500E99604 /* UIThemeManager.m */; };
		B60B798F1F8151E600E99604 /* UIConfiguration.m in Sources */ = {isa = PBXBuildFile; fileRef = B60B79501F8151E500E99604 /* UIConfiguration.m */; };
		B60B79901F8151E600E99604 /* UIHelper.m in Sources */ = {isa = PBXBuildFile; fileRef = B60B79541F8151E500E99604 /* UIHelper.m */; };
		B60B79911F8151E600E99604 /* SSUICollectionViewController.m in Sources */ = {isa = PBXBuildFile; fileRef = B60B79581F8151E500E99604 /* SSUICollectionViewController.m */; };
		B60B79921F8151E600E99604 /* SSUIListViewController.m in Sources */ = {isa = PBXBuildFile; fileRef = B60B795A1F8151E500E99604 /* SSUIListViewController.m */; };
		B60B79931F8151E600E99604 /* SSUINavigationController.m in Sources */ = {isa = PBXBuildFile; fileRef = B60B795C1F8151E500E99604 /* SSUINavigationController.m */; };
		B60B79941F8151E600E99604 /* SSUITabBarController.m in Sources */ = {isa = PBXBuildFile; fileRef = B60B795E1F8151E500E99604 /* SSUITabBarController.m */; };
		B60B79951F8151E600E99604 /* SSUIViewController.m in Sources */ = {isa = PBXBuildFile; fileRef = B60B79601F8151E500E99604 /* SSUIViewController.m */; };
		B60B79961F8151E600E99604 /* SSUICollectionView.m in Sources */ = {isa = PBXBuildFile; fileRef = B60B79641F8151E500E99604 /* SSUICollectionView.m */; };
		B60B79971F8151E600E99604 /* SSUITableCell.m in Sources */ = {isa = PBXBuildFile; fileRef = B60B79661F8151E500E99604 /* SSUITableCell.m */; };
		B60B79981F8151E600E99604 /* SSUITableView.m in Sources */ = {isa = PBXBuildFile; fileRef = B60B79681F8151E500E99604 /* SSUITableView.m */; };
		B60B79991F8151E600E99604 /* SSUITextField.m in Sources */ = {isa = PBXBuildFile; fileRef = B60B796A1F8151E500E99604 /* SSUITextField.m */; };
		B60B799A1F8151E600E99604 /* SSUITextView.m in Sources */ = {isa = PBXBuildFile; fileRef = B60B796C1F8151E500E99604 /* SSUITextView.m */; };
		E51900A01F7DE25200F280A0 /* AppDelegate.m in Sources */ = {isa = PBXBuildFile; fileRef = E519009F1F7DE25200F280A0 /* AppDelegate.m */; };
		E51900A31F7DE25200F280A0 /* ViewController.m in Sources */ = {isa = PBXBuildFile; fileRef = E51900A21F7DE25200F280A0 /* ViewController.m */; };
		E51900A61F7DE25200F280A0 /* Main.storyboard in Resources */ = {isa = PBXBuildFile; fileRef = E51900A41F7DE25200F280A0 /* Main.storyboard */; };
		E51900A81F7DE25200F280A0 /* Assets.xcassets in Resources */ = {isa = PBXBuildFile; fileRef = E51900A71F7DE25200F280A0 /* Assets.xcassets */; };
		E51900AB1F7DE25200F280A0 /* LaunchScreen.storyboard in Resources */ = {isa = PBXBuildFile; fileRef = E51900A91F7DE25200F280A0 /* LaunchScreen.storyboard */; };
		E51900AE1F7DE25200F280A0 /* main.m in Sources */ = {isa = PBXBuildFile; fileRef = E51900AD1F7DE25200F280A0 /* main.m */; };
		E51900B81F7DE25200F280A0 /* StarShareDevUIKitTests.m in Sources */ = {isa = PBXBuildFile; fileRef = E51900B71F7DE25200F280A0 /* StarShareDevUIKitTests.m */; };
		E51900C31F7DE25200F280A0 /* StarShareDevUIKitUITests.m in Sources */ = {isa = PBXBuildFile; fileRef = E51900C21F7DE25200F280A0 /* StarShareDevUIKitUITests.m */; };
/* End PBXBuildFile section */

/* Begin PBXContainerItemProxy section */
		E51900B41F7DE25200F280A0 /* PBXContainerItemProxy */ = {
			isa = PBXContainerItemProxy;
			containerPortal = E51900931F7DE25100F280A0 /* Project object */;
			proxyType = 1;
			remoteGlobalIDString = E519009A1F7DE25100F280A0;
			remoteInfo = StarShareDevUIKit;
		};
		E51900BF1F7DE25200F280A0 /* PBXContainerItemProxy */ = {
			isa = PBXContainerItemProxy;
			containerPortal = E51900931F7DE25100F280A0 /* Project object */;
			proxyType = 1;
			remoteGlobalIDString = E519009A1F7DE25100F280A0;
			remoteInfo = StarShareDevUIKit;
		};
/* End PBXContainerItemProxy section */

/* Begin PBXFileReference section */
		B60B78FD1F8151E500E99604 /* NSAttributedString+UI.h */ = {isa = PBXFileReference; fileEncoding = 4; lastKnownFileType = sourcecode.c.h; path = "NSAttributedString+UI.h"; sourceTree = "<group>"; };
		B60B78FE1F8151E500E99604 /* NSAttributedString+UI.m */ = {isa = PBXFileReference; fileEncoding = 4; lastKnownFileType = sourcecode.c.objc; path = "NSAttributedString+UI.m"; sourceTree = "<group>"; };
		B60B78FF1F8151E500E99604 /* NSDate+UI.h */ = {isa = PBXFileReference; fileEncoding = 4; lastKnownFileType = sourcecode.c.h; path = "NSDate+UI.h"; sourceTree = "<group>"; };
		B60B79001F8151E500E99604 /* NSDate+UI.m */ = {isa = PBXFileReference; fileEncoding = 4; lastKnownFileType = sourcecode.c.objc; path = "NSDate+UI.m"; sourceTree = "<group>"; };
		B60B79011F8151E500E99604 /* NSMutableParagraphStyle+UI.h */ = {isa = PBXFileReference; fileEncoding = 4; lastKnownFileType = sourcecode.c.h; path = "NSMutableParagraphStyle+UI.h"; sourceTree = "<group>"; };
		B60B79021F8151E500E99604 /* NSMutableParagraphStyle+UI.m */ = {isa = PBXFileReference; fileEncoding = 4; lastKnownFileType = sourcecode.c.objc; path = "NSMutableParagraphStyle+UI.m"; sourceTree = "<group>"; };
		B60B79031F8151E500E99604 /* NSObject+UI.h */ = {isa = PBXFileReference; fileEncoding = 4; lastKnownFileType = sourcecode.c.h; path = "NSObject+UI.h"; sourceTree = "<group>"; };
		B60B79041F8151E500E99604 /* NSObject+UI.m */ = {isa = PBXFileReference; fileEncoding = 4; lastKnownFileType = sourcecode.c.objc; path = "NSObject+UI.m"; sourceTree = "<group>"; };
		B60B79051F8151E500E99604 /* NSString+UI.h */ = {isa = PBXFileReference; fileEncoding = 4; lastKnownFileType = sourcecode.c.h; path = "NSString+UI.h"; sourceTree = "<group>"; };
		B60B79061F8151E500E99604 /* NSString+UI.m */ = {isa = PBXFileReference; fileEncoding = 4; lastKnownFileType = sourcecode.c.objc; path = "NSString+UI.m"; sourceTree = "<group>"; };
		B60B79071F8151E500E99604 /* UIExtensions.h */ = {isa = PBXFileReference; fileEncoding = 4; lastKnownFileType = sourcecode.c.h; path = UIExtensions.h; sourceTree = "<group>"; };
		B60B79091F8151E500E99604 /* CALayer+UI.h */ = {isa = PBXFileReference; fileEncoding = 4; lastKnownFileType = sourcecode.c.h; path = "CALayer+UI.h"; sourceTree = "<group>"; };
		B60B790A1F8151E500E99604 /* CALayer+UI.m */ = {isa = PBXFileReference; fileEncoding = 4; lastKnownFileType = sourcecode.c.objc; path = "CALayer+UI.m"; sourceTree = "<group>"; };
		B60B790B1F8151E500E99604 /* UIBezierPath+UI.h */ = {isa = PBXFileReference; fileEncoding = 4; lastKnownFileType = sourcecode.c.h; path = "UIBezierPath+UI.h"; sourceTree = "<group>"; };
		B60B790C1F8151E500E99604 /* UIBezierPath+UI.m */ = {isa = PBXFileReference; fileEncoding = 4; lastKnownFileType = sourcecode.c.objc; path = "UIBezierPath+UI.m"; sourceTree = "<group>"; };
		B60B790D1F8151E500E99604 /* UIButton+UI.h */ = {isa = PBXFileReference; fileEncoding = 4; lastKnownFileType = sourcecode.c.h; path = "UIButton+UI.h"; sourceTree = "<group>"; };
		B60B790E1F8151E500E99604 /* UIButton+UI.m */ = {isa = PBXFileReference; fileEncoding = 4; lastKnownFileType = sourcecode.c.objc; path = "UIButton+UI.m"; sourceTree = "<group>"; };
		B60B790F1F8151E500E99604 /* UICollectionView+UI.h */ = {isa = PBXFileReference; fileEncoding = 4; lastKnownFileType = sourcecode.c.h; path = "UICollectionView+UI.h"; sourceTree = "<group>"; };
		B60B79101F8151E500E99604 /* UICollectionView+UI.m */ = {isa = PBXFileReference; fileEncoding = 4; lastKnownFileType = sourcecode.c.objc; path = "UICollectionView+UI.m"; sourceTree = "<group>"; };
		B60B79111F8151E500E99604 /* UIColor+UI.h */ = {isa = PBXFileReference; fileEncoding = 4; lastKnownFileType = sourcecode.c.h; path = "UIColor+UI.h"; sourceTree = "<group>"; };
		B60B79121F8151E500E99604 /* UIColor+UI.m */ = {isa = PBXFileReference; fileEncoding = 4; lastKnownFileType = sourcecode.c.objc; path = "UIColor+UI.m"; sourceTree = "<group>"; };
		B60B79131F8151E500E99604 /* UIControl+UI.h */ = {isa = PBXFileReference; fileEncoding = 4; lastKnownFileType = sourcecode.c.h; path = "UIControl+UI.h"; sourceTree = "<group>"; };
		B60B79141F8151E500E99604 /* UIControl+UI.m */ = {isa = PBXFileReference; fileEncoding = 4; lastKnownFileType = sourcecode.c.objc; path = "UIControl+UI.m"; sourceTree = "<group>"; };
		B60B79151F8151E500E99604 /* UIFont+UI.h */ = {isa = PBXFileReference; fileEncoding = 4; lastKnownFileType = sourcecode.c.h; path = "UIFont+UI.h"; sourceTree = "<group>"; };
		B60B79161F8151E500E99604 /* UIFont+UI.m */ = {isa = PBXFileReference; fileEncoding = 4; lastKnownFileType = sourcecode.c.objc; path = "UIFont+UI.m"; sourceTree = "<group>"; };
		B60B79171F8151E500E99604 /* UIGestureRecognizer+UI.h */ = {isa = PBXFileReference; fileEncoding = 4; lastKnownFileType = sourcecode.c.h; path = "UIGestureRecognizer+UI.h"; sourceTree = "<group>"; };
		B60B79181F8151E500E99604 /* UIGestureRecognizer+UI.m */ = {isa = PBXFileReference; fileEncoding = 4; lastKnownFileType = sourcecode.c.objc; path = "UIGestureRecognizer+UI.m"; sourceTree = "<group>"; };
		B60B79191F8151E500E99604 /* UIImage+UI.h */ = {isa = PBXFileReference; fileEncoding = 4; lastKnownFileType = sourcecode.c.h; path = "UIImage+UI.h"; sourceTree = "<group>"; };
		B60B791A1F8151E500E99604 /* UIImage+UI.m */ = {isa = PBXFileReference; fileEncoding = 4; lastKnownFileType = sourcecode.c.objc; path = "UIImage+UI.m"; sourceTree = "<group>"; };
		B60B791B1F8151E500E99604 /* UINavigationController+UI.h */ = {isa = PBXFileReference; fileEncoding = 4; lastKnownFileType = sourcecode.c.h; path = "UINavigationController+UI.h"; sourceTree = "<group>"; };
		B60B791C1F8151E500E99604 /* UINavigationController+UI.m */ = {isa = PBXFileReference; fileEncoding = 4; lastKnownFileType = sourcecode.c.objc; path = "UINavigationController+UI.m"; sourceTree = "<group>"; };
		B60B791D1F8151E500E99604 /* UIScrollView+UI.h */ = {isa = PBXFileReference; fileEncoding = 4; lastKnownFileType = sourcecode.c.h; path = "UIScrollView+UI.h"; sourceTree = "<group>"; };
		B60B791E1F8151E500E99604 /* UIScrollView+UI.m */ = {isa = PBXFileReference; fileEncoding = 4; lastKnownFileType = sourcecode.c.objc; path = "UIScrollView+UI.m"; sourceTree = "<group>"; };
		B60B791F1F8151E500E99604 /* UITabBar+UI.h */ = {isa = PBXFileReference; fileEncoding = 4; lastKnownFileType = sourcecode.c.h; path = "UITabBar+UI.h"; sourceTree = "<group>"; };
		B60B79201F8151E500E99604 /* UITabBar+UI.m */ = {isa = PBXFileReference; fileEncoding = 4; lastKnownFileType = sourcecode.c.objc; path = "UITabBar+UI.m"; sourceTree = "<group>"; };
		B60B79211F8151E500E99604 /* UITabBarItem+UI.h */ = {isa = PBXFileReference; fileEncoding = 4; lastKnownFileType = sourcecode.c.h; path = "UITabBarItem+UI.h"; sourceTree = "<group>"; };
		B60B79221F8151E500E99604 /* UITabBarItem+UI.m */ = {isa = PBXFileReference; fileEncoding = 4; lastKnownFileType = sourcecode.c.objc; path = "UITabBarItem+UI.m"; sourceTree = "<group>"; };
		B60B79231F8151E500E99604 /* UITableView+UI.h */ = {isa = PBXFileReference; fileEncoding = 4; lastKnownFileType = sourcecode.c.h; path = "UITableView+UI.h"; sourceTree = "<group>"; };
		B60B79241F8151E500E99604 /* UITableView+UI.m */ = {isa = PBXFileReference; fileEncoding = 4; lastKnownFileType = sourcecode.c.objc; path = "UITableView+UI.m"; sourceTree = "<group>"; };
		B60B79251F8151E500E99604 /* UITextField+UI.h */ = {isa = PBXFileReference; fileEncoding = 4; lastKnownFileType = sourcecode.c.h; path = "UITextField+UI.h"; sourceTree = "<group>"; };
		B60B79261F8151E500E99604 /* UITextField+UI.m */ = {isa = PBXFileReference; fileEncoding = 4; lastKnownFileType = sourcecode.c.objc; path = "UITextField+UI.m"; sourceTree = "<group>"; };
		B60B79271F8151E500E99604 /* UITextView+UI.h */ = {isa = PBXFileReference; fileEncoding = 4; lastKnownFileType = sourcecode.c.h; path = "UITextView+UI.h"; sourceTree = "<group>"; };
		B60B79281F8151E500E99604 /* UITextView+UI.m */ = {isa = PBXFileReference; fileEncoding = 4; lastKnownFileType = sourcecode.c.objc; path = "UITextView+UI.m"; sourceTree = "<group>"; };
		B60B79291F8151E500E99604 /* UIView+UI.h */ = {isa = PBXFileReference; fileEncoding = 4; lastKnownFileType = sourcecode.c.h; path = "UIView+UI.h"; sourceTree = "<group>"; };
		B60B792A1F8151E500E99604 /* UIView+UI.m */ = {isa = PBXFileReference; fileEncoding = 4; lastKnownFileType = sourcecode.c.objc; path = "UIView+UI.m"; sourceTree = "<group>"; };
		B60B792B1F8151E500E99604 /* UIViewController+UI.h */ = {isa = PBXFileReference; fileEncoding = 4; lastKnownFileType = sourcecode.c.h; path = "UIViewController+UI.h"; sourceTree = "<group>"; };
		B60B792C1F8151E500E99604 /* UIViewController+UI.m */ = {isa = PBXFileReference; fileEncoding = 4; lastKnownFileType = sourcecode.c.objc; path = "UIViewController+UI.m"; sourceTree = "<group>"; };
		B60B792D1F8151E500E99604 /* UIWindow+UI.h */ = {isa = PBXFileReference; fileEncoding = 4; lastKnownFileType = sourcecode.c.h; path = "UIWindow+UI.h"; sourceTree = "<group>"; };
		B60B792E1F8151E500E99604 /* UIWindow+UI.m */ = {isa = PBXFileReference; fileEncoding = 4; lastKnownFileType = sourcecode.c.objc; path = "UIWindow+UI.m"; sourceTree = "<group>"; };
		B60B792F1F8151E500E99604 /* StarShareDevUIKit.h */ = {isa = PBXFileReference; fileEncoding = 4; lastKnownFileType = sourcecode.c.h; path = StarShareDevUIKit.h; sourceTree = "<group>"; };
		B60B79321F8151E500E99604 /* NavigationBarTransition.h */ = {isa = PBXFileReference; fileEncoding = 4; lastKnownFileType = sourcecode.c.h; path = NavigationBarTransition.h; sourceTree = "<group>"; };
		B60B79331F8151E500E99604 /* UINavigationBar+Transition.h */ = {isa = PBXFileReference; fileEncoding = 4; lastKnownFileType = sourcecode.c.h; path = "UINavigationBar+Transition.h"; sourceTree = "<group>"; };
		B60B79341F8151E500E99604 /* UINavigationBar+Transition.m */ = {isa = PBXFileReference; fileEncoding = 4; lastKnownFileType = sourcecode.c.objc; path = "UINavigationBar+Transition.m"; sourceTree = "<group>"; };
		B60B79351F8151E500E99604 /* UINavigationController+NavigationBarTransition.h */ = {isa = PBXFileReference; fileEncoding = 4; lastKnownFileType = sourcecode.c.h; path = "UINavigationController+NavigationBarTransition.h"; sourceTree = "<group>"; };
		B60B79361F8151E500E99604 /* UINavigationController+NavigationBarTransition.m */ = {isa = PBXFileReference; fileEncoding = 4; lastKnownFileType = sourcecode.c.objc; path = "UINavigationController+NavigationBarTransition.m"; sourceTree = "<group>"; };
		B60B79371F8151E500E99604 /* UIComponents.h */ = {isa = PBXFileReference; fileEncoding = 4; lastKnownFileType = sourcecode.c.h; path = UIComponents.h; sourceTree = "<group>"; };
		B60B79381F8151E500E99604 /* UICustomButton.h */ = {isa = PBXFileReference; fileEncoding = 4; lastKnownFileType = sourcecode.c.h; path = UICustomButton.h; sourceTree = "<group>"; };
		B60B79391F8151E500E99604 /* UICustomButton.m */ = {isa = PBXFileReference; fileEncoding = 4; lastKnownFileType = sourcecode.c.objc; path = UICustomButton.m; sourceTree = "<group>"; };
		B60B793A1F8151E500E99604 /* UICustomLable.h */ = {isa = PBXFileReference; fileEncoding = 4; lastKnownFileType = sourcecode.c.h; path = UICustomLable.h; sourceTree = "<group>"; };
		B60B793B1F8151E500E99604 /* UICustomLable.m */ = {isa = PBXFileReference; fileEncoding = 4; lastKnownFileType = sourcecode.c.objc; path = UICustomLable.m; sourceTree = "<group>"; };
		B60B793D1F8151E500E99604 /* UIEmptyView.h */ = {isa = PBXFileReference; fileEncoding = 4; lastKnownFileType = sourcecode.c.h; path = UIEmptyView.h; sourceTree = "<group>"; };
		B60B793E1F8151E500E99604 /* UIEmptyView.m */ = {isa = PBXFileReference; fileEncoding = 4; lastKnownFileType = sourcecode.c.objc; path = UIEmptyView.m; sourceTree = "<group>"; };
		B60B79401F8151E500E99604 /* UIKeyboardManager.h */ = {isa = PBXFileReference; fileEncoding = 4; lastKnownFileType = sourcecode.c.h; path = UIKeyboardManager.h; sourceTree = "<group>"; };
		B60B79411F8151E500E99604 /* UIKeyboardManager.m */ = {isa = PBXFileReference; fileEncoding = 4; lastKnownFileType = sourcecode.c.objc; path = UIKeyboardManager.m; sourceTree = "<group>"; };
		B60B79431F8151E500E99604 /* UIModalPresentationViewController.h */ = {isa = PBXFileReference; fileEncoding = 4; lastKnownFileType = sourcecode.c.h; path = UIModalPresentationViewController.h; sourceTree = "<group>"; };
		B60B79441F8151E500E99604 /* UIModalPresentationViewController.m */ = {isa = PBXFileReference; fileEncoding = 4; lastKnownFileType = sourcecode.c.objc; path = UIModalPresentationViewController.m; sourceTree = "<group>"; };
		B60B79451F8151E500E99604 /* UINavigationButton.h */ = {isa = PBXFileReference; fileEncoding = 4; lastKnownFileType = sourcecode.c.h; path = UINavigationButton.h; sourceTree = "<group>"; };
		B60B79461F8151E500E99604 /* UINavigationButton.m */ = {isa = PBXFileReference; fileEncoding = 4; lastKnownFileType = sourcecode.c.objc; path = UINavigationButton.m; sourceTree = "<group>"; };
		B60B79481F8151E500E99604 /* UINavigationTitleView.h */ = {isa = PBXFileReference; fileEncoding = 4; lastKnownFileType = sourcecode.c.h; path = UINavigationTitleView.h; sourceTree = "<group>"; };
		B60B79491F8151E500E99604 /* UINavigationTitleView.m */ = {isa = PBXFileReference; fileEncoding = 4; lastKnownFileType = sourcecode.c.objc; path = UINavigationTitleView.m; sourceTree = "<group>"; };
		B60B794B1F8151E500E99604 /* UIThemeManager.h */ = {isa = PBXFileReference; fileEncoding = 4; lastKnownFileType = sourcecode.c.h; path = UIThemeManager.h; sourceTree = "<group>"; };
		B60B794C1F8151E500E99604 /* UIThemeManager.m */ = {isa = PBXFileReference; fileEncoding = 4; lastKnownFileType = sourcecode.c.objc; path = UIThemeManager.m; sourceTree = "<group>"; };
		B60B794E1F8151E500E99604 /* UICommonDefines.h */ = {isa = PBXFileReference; fileEncoding = 4; lastKnownFileType = sourcecode.c.h; path = UICommonDefines.h; sourceTree = "<group>"; };
		B60B794F1F8151E500E99604 /* UIConfiguration.h */ = {isa = PBXFileReference; fileEncoding = 4; lastKnownFileType = sourcecode.c.h; path = UIConfiguration.h; sourceTree = "<group>"; };
		B60B79501F8151E500E99604 /* UIConfiguration.m */ = {isa = PBXFileReference; fileEncoding = 4; lastKnownFileType = sourcecode.c.objc; path = UIConfiguration.m; sourceTree = "<group>"; };
		B60B79511F8151E500E99604 /* UIConfigurationMacros.h */ = {isa = PBXFileReference; fileEncoding = 4; lastKnownFileType = sourcecode.c.h; path = UIConfigurationMacros.h; sourceTree = "<group>"; };
		B60B79521F8151E500E99604 /* UICore.h */ = {isa = PBXFileReference; fileEncoding = 4; lastKnownFileType = sourcecode.c.h; path = UICore.h; sourceTree = "<group>"; };
		B60B79531F8151E500E99604 /* UIHelper.h */ = {isa = PBXFileReference; fileEncoding = 4; lastKnownFileType = sourcecode.c.h; path = UIHelper.h; sourceTree = "<group>"; };
		B60B79541F8151E500E99604 /* UIHelper.m */ = {isa = PBXFileReference; fileEncoding = 4; lastKnownFileType = sourcecode.c.objc; path = UIHelper.m; sourceTree = "<group>"; };
		B60B79571F8151E500E99604 /* SSUICollectionViewController.h */ = {isa = PBXFileReference; fileEncoding = 4; lastKnownFileType = sourcecode.c.h; path = SSUICollectionViewController.h; sourceTree = "<group>"; };
		B60B79581F8151E500E99604 /* SSUICollectionViewController.m */ = {isa = PBXFileReference; fileEncoding = 4; lastKnownFileType = sourcecode.c.objc; path = SSUICollectionViewController.m; sourceTree = "<group>"; };
		B60B79591F8151E500E99604 /* SSUIListViewController.h */ = {isa = PBXFileReference; fileEncoding = 4; lastKnownFileType = sourcecode.c.h; path = SSUIListViewController.h; sourceTree = "<group>"; };
		B60B795A1F8151E500E99604 /* SSUIListViewController.m */ = {isa = PBXFileReference; fileEncoding = 4; lastKnownFileType = sourcecode.c.objc; path = SSUIListViewController.m; sourceTree = "<group>"; };
		B60B795B1F8151E500E99604 /* SSUINavigationController.h */ = {isa = PBXFileReference; fileEncoding = 4; lastKnownFileType = sourcecode.c.h; path = SSUINavigationController.h; sourceTree = "<group>"; };
		B60B795C1F8151E500E99604 /* SSUINavigationController.m */ = {isa = PBXFileReference; fileEncoding = 4; lastKnownFileType = sourcecode.c.objc; path = SSUINavigationController.m; sourceTree = "<group>"; };
		B60B795D1F8151E500E99604 /* SSUITabBarController.h */ = {isa = PBXFileReference; fileEncoding = 4; lastKnownFileType = sourcecode.c.h; path = SSUITabBarController.h; sourceTree = "<group>"; };
		B60B795E1F8151E500E99604 /* SSUITabBarController.m */ = {isa = PBXFileReference; fileEncoding = 4; lastKnownFileType = sourcecode.c.objc; path = SSUITabBarController.m; sourceTree = "<group>"; };
		B60B795F1F8151E500E99604 /* SSUIViewController.h */ = {isa = PBXFileReference; fileEncoding = 4; lastKnownFileType = sourcecode.c.h; path = SSUIViewController.h; sourceTree = "<group>"; };
		B60B79601F8151E500E99604 /* SSUIViewController.m */ = {isa = PBXFileReference; fileEncoding = 4; lastKnownFileType = sourcecode.c.objc; path = SSUIViewController.m; sourceTree = "<group>"; };
		B60B79611F8151E500E99604 /* UIBase.h */ = {isa = PBXFileReference; fileEncoding = 4; lastKnownFileType = sourcecode.c.h; path = UIBase.h; sourceTree = "<group>"; };
		B60B79631F8151E500E99604 /* SSUICollectionView.h */ = {isa = PBXFileReference; fileEncoding = 4; lastKnownFileType = sourcecode.c.h; path = SSUICollectionView.h; sourceTree = "<group>"; };
		B60B79641F8151E500E99604 /* SSUICollectionView.m */ = {isa = PBXFileReference; fileEncoding = 4; lastKnownFileType = sourcecode.c.objc; path = SSUICollectionView.m; sourceTree = "<group>"; };
		B60B79651F8151E500E99604 /* SSUITableCell.h */ = {isa = PBXFileReference; fileEncoding = 4; lastKnownFileType = sourcecode.c.h; path = SSUITableCell.h; sourceTree = "<group>"; };
		B60B79661F8151E500E99604 /* SSUITableCell.m */ = {isa = PBXFileReference; fileEncoding = 4; lastKnownFileType = sourcecode.c.objc; path = SSUITableCell.m; sourceTree = "<group>"; };
		B60B79671F8151E500E99604 /* SSUITableView.h */ = {isa = PBXFileReference; fileEncoding = 4; lastKnownFileType = sourcecode.c.h; path = SSUITableView.h; sourceTree = "<group>"; };
		B60B79681F8151E500E99604 /* SSUITableView.m */ = {isa = PBXFileReference; fileEncoding = 4; lastKnownFileType = sourcecode.c.objc; path = SSUITableView.m; sourceTree = "<group>"; };
		B60B79691F8151E500E99604 /* SSUITextField.h */ = {isa = PBXFileReference; fileEncoding = 4; lastKnownFileType = sourcecode.c.h; path = SSUITextField.h; sourceTree = "<group>"; };
		B60B796A1F8151E500E99604 /* SSUITextField.m */ = {isa = PBXFileReference; fileEncoding = 4; lastKnownFileType = sourcecode.c.objc; path = SSUITextField.m; sourceTree = "<group>"; };
		B60B796B1F8151E500E99604 /* SSUITextView.h */ = {isa = PBXFileReference; fileEncoding = 4; lastKnownFileType = sourcecode.c.h; path = SSUITextView.h; sourceTree = "<group>"; };
		B60B796C1F8151E500E99604 /* SSUITextView.m */ = {isa = PBXFileReference; fileEncoding = 4; lastKnownFileType = sourcecode.c.objc; path = SSUITextView.m; sourceTree = "<group>"; };
		E519009B1F7DE25100F280A0 /* StarShareDevUIKit.app */ = {isa = PBXFileReference; explicitFileType = wrapper.application; includeInIndex = 0; path = StarShareDevUIKit.app; sourceTree = BUILT_PRODUCTS_DIR; };
		E519009E1F7DE25200F280A0 /* AppDelegate.h */ = {isa = PBXFileReference; lastKnownFileType = sourcecode.c.h; path = AppDelegate.h; sourceTree = "<group>"; };
		E519009F1F7DE25200F280A0 /* AppDelegate.m */ = {isa = PBXFileReference; lastKnownFileType = sourcecode.c.objc; path = AppDelegate.m; sourceTree = "<group>"; };
		E51900A11F7DE25200F280A0 /* ViewController.h */ = {isa = PBXFileReference; lastKnownFileType = sourcecode.c.h; path = ViewController.h; sourceTree = "<group>"; };
		E51900A21F7DE25200F280A0 /* ViewController.m */ = {isa = PBXFileReference; lastKnownFileType = sourcecode.c.objc; path = ViewController.m; sourceTree = "<group>"; };
		E51900A51F7DE25200F280A0 /* Base */ = {isa = PBXFileReference; lastKnownFileType = file.storyboard; name = Base; path = Base.lproj/Main.storyboard; sourceTree = "<group>"; };
		E51900A71F7DE25200F280A0 /* Assets.xcassets */ = {isa = PBXFileReference; lastKnownFileType = folder.assetcatalog; path = Assets.xcassets; sourceTree = "<group>"; };
		E51900AA1F7DE25200F280A0 /* Base */ = {isa = PBXFileReference; lastKnownFileType = file.storyboard; name = Base; path = Base.lproj/LaunchScreen.storyboard; sourceTree = "<group>"; };
		E51900AC1F7DE25200F280A0 /* Info.plist */ = {isa = PBXFileReference; lastKnownFileType = text.plist.xml; path = Info.plist; sourceTree = "<group>"; };
		E51900AD1F7DE25200F280A0 /* main.m */ = {isa = PBXFileReference; lastKnownFileType = sourcecode.c.objc; path = main.m; sourceTree = "<group>"; };
		E51900B31F7DE25200F280A0 /* StarShareDevUIKitTests.xctest */ = {isa = PBXFileReference; explicitFileType = wrapper.cfbundle; includeInIndex = 0; path = StarShareDevUIKitTests.xctest; sourceTree = BUILT_PRODUCTS_DIR; };
		E51900B71F7DE25200F280A0 /* StarShareDevUIKitTests.m */ = {isa = PBXFileReference; lastKnownFileType = sourcecode.c.objc; path = StarShareDevUIKitTests.m; sourceTree = "<group>"; };
		E51900B91F7DE25200F280A0 /* Info.plist */ = {isa = PBXFileReference; lastKnownFileType = text.plist.xml; path = Info.plist; sourceTree = "<group>"; };
		E51900BE1F7DE25200F280A0 /* StarShareDevUIKitUITests.xctest */ = {isa = PBXFileReference; explicitFileType = wrapper.cfbundle; includeInIndex = 0; path = StarShareDevUIKitUITests.xctest; sourceTree = BUILT_PRODUCTS_DIR; };
		E51900C21F7DE25200F280A0 /* StarShareDevUIKitUITests.m */ = {isa = PBXFileReference; lastKnownFileType = sourcecode.c.objc; path = StarShareDevUIKitUITests.m; sourceTree = "<group>"; };
		E51900C41F7DE25200F280A0 /* Info.plist */ = {isa = PBXFileReference; lastKnownFileType = text.plist.xml; path = Info.plist; sourceTree = "<group>"; };
/* End PBXFileReference section */

/* Begin PBXFrameworksBuildPhase section */
		E51900981F7DE25100F280A0 /* Frameworks */ = {
			isa = PBXFrameworksBuildPhase;
			buildActionMask = 2147483647;
			files = (
			);
			runOnlyForDeploymentPostprocessing = 0;
		};
		E51900B01F7DE25200F280A0 /* Frameworks */ = {
			isa = PBXFrameworksBuildPhase;
			buildActionMask = 2147483647;
			files = (
			);
			runOnlyForDeploymentPostprocessing = 0;
		};
		E51900BB1F7DE25200F280A0 /* Frameworks */ = {
			isa = PBXFrameworksBuildPhase;
			buildActionMask = 2147483647;
			files = (
			);
			runOnlyForDeploymentPostprocessing = 0;
		};
/* End PBXFrameworksBuildPhase section */

/* Begin PBXGroup section */
		B60B78FA1F8151E500E99604 /* StarShareDevUIKit */ = {
			isa = PBXGroup;
			children = (
				B60B78FB1F8151E500E99604 /* Extensions */,
				B60B79301F8151E500E99604 /* UIComponents */,
				B60B794D1F8151E500E99604 /* UICore */,
				B60B79551F8151E500E99604 /* UIMainFrame */,
				B60B792F1F8151E500E99604 /* StarShareDevUIKit.h */,
			);
			path = StarShareDevUIKit;
			sourceTree = "<group>";
		};
		B60B78FB1F8151E500E99604 /* Extensions */ = {
			isa = PBXGroup;
			children = (
				B60B78FC1F8151E500E99604 /* Foundation */,
				B60B79081F8151E500E99604 /* UIKit */,
				B60B79071F8151E500E99604 /* UIExtensions.h */,
			);
			path = Extensions;
			sourceTree = "<group>";
		};
		B60B78FC1F8151E500E99604 /* Foundation */ = {
			isa = PBXGroup;
			children = (
				B60B78FD1F8151E500E99604 /* NSAttributedString+UI.h */,
				B60B78FE1F8151E500E99604 /* NSAttributedString+UI.m */,
				B60B78FF1F8151E500E99604 /* NSDate+UI.h */,
				B60B79001F8151E500E99604 /* NSDate+UI.m */,
				B60B79011F8151E500E99604 /* NSMutableParagraphStyle+UI.h */,
				B60B79021F8151E500E99604 /* NSMutableParagraphStyle+UI.m */,
				B60B79031F8151E500E99604 /* NSObject+UI.h */,
				B60B79041F8151E500E99604 /* NSObject+UI.m */,
				B60B79051F8151E500E99604 /* NSString+UI.h */,
				B60B79061F8151E500E99604 /* NSString+UI.m */,
			);
			path = Foundation;
			sourceTree = "<group>";
		};
		B60B79081F8151E500E99604 /* UIKit */ = {
			isa = PBXGroup;
			children = (
				B60B79091F8151E500E99604 /* CALayer+UI.h */,
				B60B790A1F8151E500E99604 /* CALayer+UI.m */,
				B60B790B1F8151E500E99604 /* UIBezierPath+UI.h */,
				B60B790C1F8151E500E99604 /* UIBezierPath+UI.m */,
				B60B790D1F8151E500E99604 /* UIButton+UI.h */,
				B60B790E1F8151E500E99604 /* UIButton+UI.m */,
				B60B790F1F8151E500E99604 /* UICollectionView+UI.h */,
				B60B79101F8151E500E99604 /* UICollectionView+UI.m */,
				B60B79111F8151E500E99604 /* UIColor+UI.h */,
				B60B79121F8151E500E99604 /* UIColor+UI.m */,
				B60B79131F8151E500E99604 /* UIControl+UI.h */,
				B60B79141F8151E500E99604 /* UIControl+UI.m */,
				B60B79151F8151E500E99604 /* UIFont+UI.h */,
				B60B79161F8151E500E99604 /* UIFont+UI.m */,
				B60B79171F8151E500E99604 /* UIGestureRecognizer+UI.h */,
				B60B79181F8151E500E99604 /* UIGestureRecognizer+UI.m */,
				B60B79191F8151E500E99604 /* UIImage+UI.h */,
				B60B791A1F8151E500E99604 /* UIImage+UI.m */,
				B60B791B1F8151E500E99604 /* UINavigationController+UI.h */,
				B60B791C1F8151E500E99604 /* UINavigationController+UI.m */,
				B60B791D1F8151E500E99604 /* UIScrollView+UI.h */,
				B60B791E1F8151E500E99604 /* UIScrollView+UI.m */,
				B60B791F1F8151E500E99604 /* UITabBar+UI.h */,
				B60B79201F8151E500E99604 /* UITabBar+UI.m */,
				B60B79211F8151E500E99604 /* UITabBarItem+UI.h */,
				B60B79221F8151E500E99604 /* UITabBarItem+UI.m */,
				B60B79231F8151E500E99604 /* UITableView+UI.h */,
				B60B79241F8151E500E99604 /* UITableView+UI.m */,
				B60B79251F8151E500E99604 /* UITextField+UI.h */,
				B60B79261F8151E500E99604 /* UITextField+UI.m */,
				B60B79271F8151E500E99604 /* UITextView+UI.h */,
				B60B79281F8151E500E99604 /* UITextView+UI.m */,
				B60B79291F8151E500E99604 /* UIView+UI.h */,
				B60B792A1F8151E500E99604 /* UIView+UI.m */,
				B60B792B1F8151E500E99604 /* UIViewController+UI.h */,
				B60B792C1F8151E500E99604 /* UIViewController+UI.m */,
				B60B792D1F8151E500E99604 /* UIWindow+UI.h */,
				B60B792E1F8151E500E99604 /* UIWindow+UI.m */,
			);
			path = UIKit;
			sourceTree = "<group>";
		};
		B60B79301F8151E500E99604 /* UIComponents */ = {
			isa = PBXGroup;
			children = (
				B60B79311F8151E500E99604 /* NavigationBarTransition */,
				B60B793C1F8151E500E99604 /* UIEmptyView */,
				B60B793F1F8151E500E99604 /* UIKeyboardManager */,
				B60B79421F8151E500E99604 /* UIModalPresentationViewController */,
				B60B79471F8151E500E99604 /* UINavigationTitleView */,
				B60B794A1F8151E500E99604 /* UIThemeManager */,
				B60B79381F8151E500E99604 /* UICustomButton.h */,
				B60B79391F8151E500E99604 /* UICustomButton.m */,
				B60B793A1F8151E500E99604 /* UICustomLable.h */,
				B60B793B1F8151E500E99604 /* UICustomLable.m */,
				B60B79451F8151E500E99604 /* UINavigationButton.h */,
				B60B79461F8151E500E99604 /* UINavigationButton.m */,
				B60B79371F8151E500E99604 /* UIComponents.h */,
			);
			path = UIComponents;
			sourceTree = "<group>";
		};
		B60B79311F8151E500E99604 /* NavigationBarTransition */ = {
			isa = PBXGroup;
			children = (
				B60B79321F8151E500E99604 /* NavigationBarTransition.h */,
				B60B79331F8151E500E99604 /* UINavigationBar+Transition.h */,
				B60B79341F8151E500E99604 /* UINavigationBar+Transition.m */,
				B60B79351F8151E500E99604 /* UINavigationController+NavigationBarTransition.h */,
				B60B79361F8151E500E99604 /* UINavigationController+NavigationBarTransition.m */,
			);
			path = NavigationBarTransition;
			sourceTree = "<group>";
		};
		B60B793C1F8151E500E99604 /* UIEmptyView */ = {
			isa = PBXGroup;
			children = (
				B60B793D1F8151E500E99604 /* UIEmptyView.h */,
				B60B793E1F8151E500E99604 /* UIEmptyView.m */,
			);
			path = UIEmptyView;
			sourceTree = "<group>";
		};
		B60B793F1F8151E500E99604 /* UIKeyboardManager */ = {
			isa = PBXGroup;
			children = (
				B60B79401F8151E500E99604 /* UIKeyboardManager.h */,
				B60B79411F8151E500E99604 /* UIKeyboardManager.m */,
			);
			path = UIKeyboardManager;
			sourceTree = "<group>";
		};
		B60B79421F8151E500E99604 /* UIModalPresentationViewController */ = {
			isa = PBXGroup;
			children = (
				B60B79431F8151E500E99604 /* UIModalPresentationViewController.h */,
				B60B79441F8151E500E99604 /* UIModalPresentationViewController.m */,
			);
			path = UIModalPresentationViewController;
			sourceTree = "<group>";
		};
		B60B79471F8151E500E99604 /* UINavigationTitleView */ = {
			isa = PBXGroup;
			children = (
				B60B79481F8151E500E99604 /* UINavigationTitleView.h */,
				B60B79491F8151E500E99604 /* UINavigationTitleView.m */,
			);
			path = UINavigationTitleView;
			sourceTree = "<group>";
		};
		B60B794A1F8151E500E99604 /* UIThemeManager */ = {
			isa = PBXGroup;
			children = (
				B60B794B1F8151E500E99604 /* UIThemeManager.h */,
				B60B794C1F8151E500E99604 /* UIThemeManager.m */,
			);
			path = UIThemeManager;
			sourceTree = "<group>";
		};
		B60B794D1F8151E500E99604 /* UICore */ = {
			isa = PBXGroup;
			children = (
				B60B794E1F8151E500E99604 /* UICommonDefines.h */,
				B60B794F1F8151E500E99604 /* UIConfiguration.h */,
				B60B79501F8151E500E99604 /* UIConfiguration.m */,
				B60B79511F8151E500E99604 /* UIConfigurationMacros.h */,
				B60B79521F8151E500E99604 /* UICore.h */,
				B60B79531F8151E500E99604 /* UIHelper.h */,
				B60B79541F8151E500E99604 /* UIHelper.m */,
			);
			path = UICore;
			sourceTree = "<group>";
		};
		B60B79551F8151E500E99604 /* UIMainFrame */ = {
			isa = PBXGroup;
			children = (
				B60B79561F8151E500E99604 /* Controller */,
				B60B79621F8151E500E99604 /* View */,
				B60B79611F8151E500E99604 /* UIBase.h */,
			);
			path = UIMainFrame;
			sourceTree = "<group>";
		};
		B60B79561F8151E500E99604 /* Controller */ = {
			isa = PBXGroup;
			children = (
				B60B79571F8151E500E99604 /* SSUICollectionViewController.h */,
				B60B79581F8151E500E99604 /* SSUICollectionViewController.m */,
				B60B79591F8151E500E99604 /* SSUIListViewController.h */,
				B60B795A1F8151E500E99604 /* SSUIListViewController.m */,
				B60B795B1F8151E500E99604 /* SSUINavigationController.h */,
				B60B795C1F8151E500E99604 /* SSUINavigationController.m */,
				B60B795D1F8151E500E99604 /* SSUITabBarController.h */,
				B60B795E1F8151E500E99604 /* SSUITabBarController.m */,
				B60B795F1F8151E500E99604 /* SSUIViewController.h */,
				B60B79601F8151E500E99604 /* SSUIViewController.m */,
			);
			path = Controller;
			sourceTree = "<group>";
		};
		B60B79621F8151E500E99604 /* View */ = {
			isa = PBXGroup;
			children = (
				B60B79631F8151E500E99604 /* SSUICollectionView.h */,
				B60B79641F8151E500E99604 /* SSUICollectionView.m */,
				B60B79651F8151E500E99604 /* SSUITableCell.h */,
				B60B79661F8151E500E99604 /* SSUITableCell.m */,
				B60B79671F8151E500E99604 /* SSUITableView.h */,
				B60B79681F8151E500E99604 /* SSUITableView.m */,
				B60B79691F8151E500E99604 /* SSUITextField.h */,
				B60B796A1F8151E500E99604 /* SSUITextField.m */,
				B60B796B1F8151E500E99604 /* SSUITextView.h */,
				B60B796C1F8151E500E99604 /* SSUITextView.m */,
			);
			path = View;
			sourceTree = "<group>";
		};
		E51900921F7DE25100F280A0 = {
			isa = PBXGroup;
			children = (
				E519009D1F7DE25200F280A0 /* StarShareDevUIKit */,
				E51900B61F7DE25200F280A0 /* StarShareDevUIKitTests */,
				E51900C11F7DE25200F280A0 /* StarShareDevUIKitUITests */,
				E519009C1F7DE25100F280A0 /* Products */,
			);
			sourceTree = "<group>";
		};
		E519009C1F7DE25100F280A0 /* Products */ = {
			isa = PBXGroup;
			children = (
				E519009B1F7DE25100F280A0 /* StarShareDevUIKit.app */,
				E51900B31F7DE25200F280A0 /* StarShareDevUIKitTests.xctest */,
				E51900BE1F7DE25200F280A0 /* StarShareDevUIKitUITests.xctest */,
			);
			name = Products;
			sourceTree = "<group>";
		};
		E519009D1F7DE25200F280A0 /* StarShareDevUIKit */ = {
			isa = PBXGroup;
			children = (
				B60B78FA1F8151E500E99604 /* StarShareDevUIKit */,
				E519009E1F7DE25200F280A0 /* AppDelegate.h */,
				E519009F1F7DE25200F280A0 /* AppDelegate.m */,
				E51900A11F7DE25200F280A0 /* ViewController.h */,
				E51900A21F7DE25200F280A0 /* ViewController.m */,
				E51900A41F7DE25200F280A0 /* Main.storyboard */,
				E51900A71F7DE25200F280A0 /* Assets.xcassets */,
				E51900A91F7DE25200F280A0 /* LaunchScreen.storyboard */,
				E51900AC1F7DE25200F280A0 /* Info.plist */,
				E51900AD1F7DE25200F280A0 /* main.m */,
			);
			path = StarShareDevUIKit;
			sourceTree = "<group>";
		};
		E51900B61F7DE25200F280A0 /* StarShareDevUIKitTests */ = {
			isa = PBXGroup;
			children = (
				E51900B71F7DE25200F280A0 /* StarShareDevUIKitTests.m */,
				E51900B91F7DE25200F280A0 /* Info.plist */,
			);
			path = StarShareDevUIKitTests;
			sourceTree = "<group>";
		};
		E51900C11F7DE25200F280A0 /* StarShareDevUIKitUITests */ = {
			isa = PBXGroup;
			children = (
				E51900C21F7DE25200F280A0 /* StarShareDevUIKitUITests.m */,
				E51900C41F7DE25200F280A0 /* Info.plist */,
			);
			path = StarShareDevUIKitUITests;
			sourceTree = "<group>";
		};
/* End PBXGroup section */

/* Begin PBXNativeTarget section */
		E519009A1F7DE25100F280A0 /* StarShareDevUIKit */ = {
			isa = PBXNativeTarget;
			buildConfigurationList = E51900C71F7DE25200F280A0 /* Build configuration list for PBXNativeTarget "StarShareDevUIKit" */;
			buildPhases = (
				E51900971F7DE25100F280A0 /* Sources */,
				E51900981F7DE25100F280A0 /* Frameworks */,
				E51900991F7DE25100F280A0 /* Resources */,
			);
			buildRules = (
			);
			dependencies = (
			);
			name = StarShareDevUIKit;
			productName = StarShareDevUIKit;
			productReference = E519009B1F7DE25100F280A0 /* StarShareDevUIKit.app */;
			productType = "com.apple.product-type.application";
		};
		E51900B21F7DE25200F280A0 /* StarShareDevUIKitTests */ = {
			isa = PBXNativeTarget;
			buildConfigurationList = E51900CA1F7DE25200F280A0 /* Build configuration list for PBXNativeTarget "StarShareDevUIKitTests" */;
			buildPhases = (
				E51900AF1F7DE25200F280A0 /* Sources */,
				E51900B01F7DE25200F280A0 /* Frameworks */,
				E51900B11F7DE25200F280A0 /* Resources */,
			);
			buildRules = (
			);
			dependencies = (
				E51900B51F7DE25200F280A0 /* PBXTargetDependency */,
			);
			name = StarShareDevUIKitTests;
			productName = StarShareDevUIKitTests;
			productReference = E51900B31F7DE25200F280A0 /* StarShareDevUIKitTests.xctest */;
			productType = "com.apple.product-type.bundle.unit-test";
		};
		E51900BD1F7DE25200F280A0 /* StarShareDevUIKitUITests */ = {
			isa = PBXNativeTarget;
			buildConfigurationList = E51900CD1F7DE25200F280A0 /* Build configuration list for PBXNativeTarget "StarShareDevUIKitUITests" */;
			buildPhases = (
				E51900BA1F7DE25200F280A0 /* Sources */,
				E51900BB1F7DE25200F280A0 /* Frameworks */,
				E51900BC1F7DE25200F280A0 /* Resources */,
			);
			buildRules = (
			);
			dependencies = (
				E51900C01F7DE25200F280A0 /* PBXTargetDependency */,
			);
			name = StarShareDevUIKitUITests;
			productName = StarShareDevUIKitUITests;
			productReference = E51900BE1F7DE25200F280A0 /* StarShareDevUIKitUITests.xctest */;
			productType = "com.apple.product-type.bundle.ui-testing";
		};
/* End PBXNativeTarget section */

/* Begin PBXProject section */
		E51900931F7DE25100F280A0 /* Project object */ = {
			isa = PBXProject;
			attributes = {
				LastUpgradeCheck = 0900;
				ORGANIZATIONNAME = jearoc;
				TargetAttributes = {
					E519009A1F7DE25100F280A0 = {
						CreatedOnToolsVersion = 9.0;
						ProvisioningStyle = Automatic;
					};
					E51900B21F7DE25200F280A0 = {
						CreatedOnToolsVersion = 9.0;
						ProvisioningStyle = Automatic;
						TestTargetID = E519009A1F7DE25100F280A0;
					};
					E51900BD1F7DE25200F280A0 = {
						CreatedOnToolsVersion = 9.0;
						ProvisioningStyle = Automatic;
						TestTargetID = E519009A1F7DE25100F280A0;
					};
				};
			};
			buildConfigurationList = E51900961F7DE25100F280A0 /* Build configuration list for PBXProject "StarShareDevUIKit" */;
			compatibilityVersion = "Xcode 8.0";
			developmentRegion = en;
			hasScannedForEncodings = 0;
			knownRegions = (
				en,
				Base,
			);
			mainGroup = E51900921F7DE25100F280A0;
			productRefGroup = E519009C1F7DE25100F280A0 /* Products */;
			projectDirPath = "";
			projectRoot = "";
			targets = (
				E519009A1F7DE25100F280A0 /* StarShareDevUIKit */,
				E51900B21F7DE25200F280A0 /* StarShareDevUIKitTests */,
				E51900BD1F7DE25200F280A0 /* StarShareDevUIKitUITests */,
			);
		};
/* End PBXProject section */

/* Begin PBXResourcesBuildPhase section */
		E51900991F7DE25100F280A0 /* Resources */ = {
			isa = PBXResourcesBuildPhase;
			buildActionMask = 2147483647;
			files = (
				E51900AB1F7DE25200F280A0 /* LaunchScreen.storyboard in Resources */,
				E51900A81F7DE25200F280A0 /* Assets.xcassets in Resources */,
				E51900A61F7DE25200F280A0 /* Main.storyboard in Resources */,
			);
			runOnlyForDeploymentPostprocessing = 0;
		};
		E51900B11F7DE25200F280A0 /* Resources */ = {
			isa = PBXResourcesBuildPhase;
			buildActionMask = 2147483647;
			files = (
			);
			runOnlyForDeploymentPostprocessing = 0;
		};
		E51900BC1F7DE25200F280A0 /* Resources */ = {
			isa = PBXResourcesBuildPhase;
			buildActionMask = 2147483647;
			files = (
			);
			runOnlyForDeploymentPostprocessing = 0;
		};
/* End PBXResourcesBuildPhase section */

/* Begin PBXSourcesBuildPhase section */
		E51900971F7DE25100F280A0 /* Sources */ = {
			isa = PBXSourcesBuildPhase;
			buildActionMask = 2147483647;
			files = (
				E51900A31F7DE25200F280A0 /* ViewController.m in Sources */,
				B60B79981F8151E600E99604 /* SSUITableView.m in Sources */,
				B60B79791F8151E600E99604 /* UIGestureRecognizer+UI.m in Sources */,
				B60B797E1F8151E600E99604 /* UITabBarItem+UI.m in Sources */,
				B60B79711F8151E600E99604 /* NSString+UI.m in Sources */,
				B60B798B1F8151E600E99604 /* UIModalPresentationViewController.m in Sources */,
				B60B797D1F8151E600E99604 /* UITabBar+UI.m in Sources */,
				E51900AE1F7DE25200F280A0 /* main.m in Sources */,
				B60B79871F8151E600E99604 /* UICustomButton.m in Sources */,
				B60B79771F8151E600E99604 /* UIControl+UI.m in Sources */,
				B60B798E1F8151E600E99604 /* UIThemeManager.m in Sources */,
				B60B796F1F8151E600E99604 /* NSMutableParagraphStyle+UI.m in Sources */,
				B60B79881F8151E600E99604 /* UICustomLable.m in Sources */,
				B60B79721F8151E600E99604 /* CALayer+UI.m in Sources */,
				B60B797F1F8151E600E99604 /* UITableView+UI.m in Sources */,
				B60B79821F8151E600E99604 /* UIView+UI.m in Sources */,
				B60B797C1F8151E600E99604 /* UIScrollView+UI.m in Sources */,
				B60B79971F8151E600E99604 /* SSUITableCell.m in Sources */,
				B60B79731F8151E600E99604 /* UIBezierPath+UI.m in Sources */,
				B60B79861F8151E600E99604 /* UINavigationController+NavigationBarTransition.m in Sources */,
				B60B79891F8151E600E99604 /* UIEmptyView.m in Sources */,
				B60B798A1F8151E600E99604 /* UIKeyboardManager.m in Sources */,
				B60B797A1F8151E600E99604 /* UIImage+UI.m in Sources */,
				B60B798C1F8151E600E99604 /* UINavigationButton.m in Sources */,
				B60B79751F8151E600E99604 /* UICollectionView+UI.m in Sources */,
				B60B79781F8151E600E99604 /* UIFont+UI.m in Sources */,
				B60B79911F8151E600E99604 /* SSUICollectionViewController.m in Sources */,
				B60B79701F8151E600E99604 /* NSObject+UI.m in Sources */,
				B60B79841F8151E600E99604 /* UIWindow+UI.m in Sources */,
				B60B798D1F8151E600E99604 /* UINavigationTitleView.m in Sources */,
				B60B79801F8151E600E99604 /* UITextField+UI.m in Sources */,
				B60B79831F8151E600E99604 /* UIViewController+UI.m in Sources */,
				B60B79941F8151E600E99604 /* SSUITabBarController.m in Sources */,
				B60B79961F8151E600E99604 /* SSUICollectionView.m in Sources */,
				B60B79851F8151E600E99604 /* UINavigationBar+Transition.m in Sources */,
				B60B79931F8151E600E99604 /* SSUINavigationController.m in Sources */,
				B60B79811F8151E600E99604 /* UITextView+UI.m in Sources */,
				B60B79951F8151E600E99604 /* SSUIViewController.m in Sources */,
				B60B79741F8151E600E99604 /* UIButton+UI.m in Sources */,
				B60B79991F8151E600E99604 /* SSUITextField.m in Sources */,
				E51900A01F7DE25200F280A0 /* AppDelegate.m in Sources */,
				B60B796D1F8151E600E99604 /* NSAttributedString+UI.m in Sources */,
				B60B799A1F8151E600E99604 /* SSUITextView.m in Sources */,
				B60B796E1F8151E600E99604 /* NSDate+UI.m in Sources */,
				B60B79901F8151E600E99604 /* UIHelper.m in Sources */,
				B60B79761F8151E600E99604 /* UIColor+UI.m in Sources */,
				B60B79921F8151E600E99604 /* SSUIListViewController.m in Sources */,
				B60B798F1F8151E600E99604 /* UIConfiguration.m in Sources */,
				B60B797B1F8151E600E99604 /* UINavigationController+UI.m in Sources */,
			);
			runOnlyForDeploymentPostprocessing = 0;
		};
		E51900AF1F7DE25200F280A0 /* Sources */ = {
			isa = PBXSourcesBuildPhase;
			buildActionMask = 2147483647;
			files = (
				E51900B81F7DE25200F280A0 /* StarShareDevUIKitTests.m in Sources */,
			);
			runOnlyForDeploymentPostprocessing = 0;
		};
		E51900BA1F7DE25200F280A0 /* Sources */ = {
			isa = PBXSourcesBuildPhase;
			buildActionMask = 2147483647;
			files = (
				E51900C31F7DE25200F280A0 /* StarShareDevUIKitUITests.m in Sources */,
			);
			runOnlyForDeploymentPostprocessing = 0;
		};
/* End PBXSourcesBuildPhase section */

/* Begin PBXTargetDependency section */
		E51900B51F7DE25200F280A0 /* PBXTargetDependency */ = {
			isa = PBXTargetDependency;
			target = E519009A1F7DE25100F280A0 /* StarShareDevUIKit */;
			targetProxy = E51900B41F7DE25200F280A0 /* PBXContainerItemProxy */;
		};
		E51900C01F7DE25200F280A0 /* PBXTargetDependency */ = {
			isa = PBXTargetDependency;
			target = E519009A1F7DE25100F280A0 /* StarShareDevUIKit */;
			targetProxy = E51900BF1F7DE25200F280A0 /* PBXContainerItemProxy */;
		};
/* End PBXTargetDependency section */

/* Begin PBXVariantGroup section */
		E51900A41F7DE25200F280A0 /* Main.storyboard */ = {
			isa = PBXVariantGroup;
			children = (
				E51900A51F7DE25200F280A0 /* Base */,
			);
			name = Main.storyboard;
			sourceTree = "<group>";
		};
		E51900A91F7DE25200F280A0 /* LaunchScreen.storyboard */ = {
			isa = PBXVariantGroup;
			children = (
				E51900AA1F7DE25200F280A0 /* Base */,
			);
			name = LaunchScreen.storyboard;
			sourceTree = "<group>";
		};
/* End PBXVariantGroup section */

/* Begin XCBuildConfiguration section */
		E51900C51F7DE25200F280A0 /* Debug */ = {
			isa = XCBuildConfiguration;
			buildSettings = {
				ALWAYS_SEARCH_USER_PATHS = NO;
				CLANG_ANALYZER_NONNULL = YES;
				CLANG_ANALYZER_NUMBER_OBJECT_CONVERSION = YES_AGGRESSIVE;
				CLANG_CXX_LANGUAGE_STANDARD = "gnu++14";
				CLANG_CXX_LIBRARY = "libc++";
				CLANG_ENABLE_MODULES = YES;
				CLANG_ENABLE_OBJC_ARC = YES;
				CLANG_WARN_BLOCK_CAPTURE_AUTORELEASING = YES;
				CLANG_WARN_BOOL_CONVERSION = YES;
				CLANG_WARN_COMMA = YES;
				CLANG_WARN_CONSTANT_CONVERSION = YES;
				CLANG_WARN_DIRECT_OBJC_ISA_USAGE = YES_ERROR;
				CLANG_WARN_DOCUMENTATION_COMMENTS = YES;
				CLANG_WARN_EMPTY_BODY = YES;
				CLANG_WARN_ENUM_CONVERSION = YES;
				CLANG_WARN_INFINITE_RECURSION = YES;
				CLANG_WARN_INT_CONVERSION = YES;
				CLANG_WARN_NON_LITERAL_NULL_CONVERSION = YES;
				CLANG_WARN_OBJC_LITERAL_CONVERSION = YES;
				CLANG_WARN_OBJC_ROOT_CLASS = YES_ERROR;
				CLANG_WARN_RANGE_LOOP_ANALYSIS = YES;
				CLANG_WARN_STRICT_PROTOTYPES = YES;
				CLANG_WARN_SUSPICIOUS_MOVE = YES;
				CLANG_WARN_UNGUARDED_AVAILABILITY = YES_AGGRESSIVE;
				CLANG_WARN_UNREACHABLE_CODE = YES;
				CLANG_WARN__DUPLICATE_METHOD_MATCH = YES;
				CODE_SIGN_IDENTITY = "iPhone Developer";
				COPY_PHASE_STRIP = NO;
				DEBUG_INFORMATION_FORMAT = dwarf;
				ENABLE_STRICT_OBJC_MSGSEND = YES;
				ENABLE_TESTABILITY = YES;
				GCC_C_LANGUAGE_STANDARD = gnu11;
				GCC_DYNAMIC_NO_PIC = NO;
				GCC_NO_COMMON_BLOCKS = YES;
				GCC_OPTIMIZATION_LEVEL = 0;
				GCC_PREPROCESSOR_DEFINITIONS = (
					"DEBUG=1",
					"$(inherited)",
				);
				GCC_WARN_64_TO_32_BIT_CONVERSION = YES;
				GCC_WARN_ABOUT_RETURN_TYPE = YES_ERROR;
				GCC_WARN_UNDECLARED_SELECTOR = YES;
				GCC_WARN_UNINITIALIZED_AUTOS = YES_AGGRESSIVE;
				GCC_WARN_UNUSED_FUNCTION = YES;
				GCC_WARN_UNUSED_VARIABLE = YES;
				IPHONEOS_DEPLOYMENT_TARGET = 11.0;
				MTL_ENABLE_DEBUG_INFO = YES;
				ONLY_ACTIVE_ARCH = YES;
				SDKROOT = iphoneos;
			};
			name = Debug;
		};
		E51900C61F7DE25200F280A0 /* Release */ = {
			isa = XCBuildConfiguration;
			buildSettings = {
				ALWAYS_SEARCH_USER_PATHS = NO;
				CLANG_ANALYZER_NONNULL = YES;
				CLANG_ANALYZER_NUMBER_OBJECT_CONVERSION = YES_AGGRESSIVE;
				CLANG_CXX_LANGUAGE_STANDARD = "gnu++14";
				CLANG_CXX_LIBRARY = "libc++";
				CLANG_ENABLE_MODULES = YES;
				CLANG_ENABLE_OBJC_ARC = YES;
				CLANG_WARN_BLOCK_CAPTURE_AUTORELEASING = YES;
				CLANG_WARN_BOOL_CONVERSION = YES;
				CLANG_WARN_COMMA = YES;
				CLANG_WARN_CONSTANT_CONVERSION = YES;
				CLANG_WARN_DIRECT_OBJC_ISA_USAGE = YES_ERROR;
				CLANG_WARN_DOCUMENTATION_COMMENTS = YES;
				CLANG_WARN_EMPTY_BODY = YES;
				CLANG_WARN_ENUM_CONVERSION = YES;
				CLANG_WARN_INFINITE_RECURSION = YES;
				CLANG_WARN_INT_CONVERSION = YES;
				CLANG_WARN_NON_LITERAL_NULL_CONVERSION = YES;
				CLANG_WARN_OBJC_LITERAL_CONVERSION = YES;
				CLANG_WARN_OBJC_ROOT_CLASS = YES_ERROR;
				CLANG_WARN_RANGE_LOOP_ANALYSIS = YES;
				CLANG_WARN_STRICT_PROTOTYPES = YES;
				CLANG_WARN_SUSPICIOUS_MOVE = YES;
				CLANG_WARN_UNGUARDED_AVAILABILITY = YES_AGGRESSIVE;
				CLANG_WARN_UNREACHABLE_CODE = YES;
				CLANG_WARN__DUPLICATE_METHOD_MATCH = YES;
				CODE_SIGN_IDENTITY = "iPhone Developer";
				COPY_PHASE_STRIP = NO;
				DEBUG_INFORMATION_FORMAT = "dwarf-with-dsym";
				ENABLE_NS_ASSERTIONS = NO;
				ENABLE_STRICT_OBJC_MSGSEND = YES;
				GCC_C_LANGUAGE_STANDARD = gnu11;
				GCC_NO_COMMON_BLOCKS = YES;
				GCC_WARN_64_TO_32_BIT_CONVERSION = YES;
				GCC_WARN_ABOUT_RETURN_TYPE = YES_ERROR;
				GCC_WARN_UNDECLARED_SELECTOR = YES;
				GCC_WARN_UNINITIALIZED_AUTOS = YES_AGGRESSIVE;
				GCC_WARN_UNUSED_FUNCTION = YES;
				GCC_WARN_UNUSED_VARIABLE = YES;
				IPHONEOS_DEPLOYMENT_TARGET = 11.0;
				MTL_ENABLE_DEBUG_INFO = NO;
				SDKROOT = iphoneos;
				VALIDATE_PRODUCT = YES;
			};
			name = Release;
		};
		E51900C81F7DE25200F280A0 /* Debug */ = {
			isa = XCBuildConfiguration;
			buildSettings = {
				ASSETCATALOG_COMPILER_APPICON_NAME = AppIcon;
				CODE_SIGN_STYLE = Automatic;
				DEVELOPMENT_TEAM = 7524R5UJ2G;
				INFOPLIST_FILE = StarShareDevUIKit/Info.plist;
				LD_RUNPATH_SEARCH_PATHS = "$(inherited) @executable_path/Frameworks";
				PRODUCT_BUNDLE_IDENTIFIER = code.com.rui.StarShareDevUIKit;
				PRODUCT_NAME = "$(TARGET_NAME)";
				TARGETED_DEVICE_FAMILY = "1,2";
			};
			name = Debug;
		};
		E51900C91F7DE25200F280A0 /* Release */ = {
			isa = XCBuildConfiguration;
			buildSettings = {
				ASSETCATALOG_COMPILER_APPICON_NAME = AppIcon;
				CODE_SIGN_STYLE = Automatic;
				DEVELOPMENT_TEAM = 7524R5UJ2G;
				INFOPLIST_FILE = StarShareDevUIKit/Info.plist;
				LD_RUNPATH_SEARCH_PATHS = "$(inherited) @executable_path/Frameworks";
				PRODUCT_BUNDLE_IDENTIFIER = code.com.rui.StarShareDevUIKit;
				PRODUCT_NAME = "$(TARGET_NAME)";
				TARGETED_DEVICE_FAMILY = "1,2";
			};
			name = Release;
		};
		E51900CB1F7DE25200F280A0 /* Debug */ = {
			isa = XCBuildConfiguration;
			buildSettings = {
				BUNDLE_LOADER = "$(TEST_HOST)";
				CODE_SIGN_STYLE = Automatic;
				DEVELOPMENT_TEAM = 7524R5UJ2G;
				INFOPLIST_FILE = StarShareDevUIKitTests/Info.plist;
				LD_RUNPATH_SEARCH_PATHS = "$(inherited) @executable_path/Frameworks @loader_path/Frameworks";
				PRODUCT_BUNDLE_IDENTIFIER = code.com.rui.StarShareDevUIKitTests;
				PRODUCT_NAME = "$(TARGET_NAME)";
				TARGETED_DEVICE_FAMILY = "1,2";
				TEST_HOST = "$(BUILT_PRODUCTS_DIR)/StarShareDevUIKit.app/StarShareDevUIKit";
			};
			name = Debug;
		};
		E51900CC1F7DE25200F280A0 /* Release */ = {
			isa = XCBuildConfiguration;
			buildSettings = {
				BUNDLE_LOADER = "$(TEST_HOST)";
				CODE_SIGN_STYLE = Automatic;
				DEVELOPMENT_TEAM = 7524R5UJ2G;
				INFOPLIST_FILE = StarShareDevUIKitTests/Info.plist;
				LD_RUNPATH_SEARCH_PATHS = "$(inherited) @executable_path/Frameworks @loader_path/Frameworks";
				PRODUCT_BUNDLE_IDENTIFIER = code.com.rui.StarShareDevUIKitTests;
				PRODUCT_NAME = "$(TARGET_NAME)";
				TARGETED_DEVICE_FAMILY = "1,2";
				TEST_HOST = "$(BUILT_PRODUCTS_DIR)/StarShareDevUIKit.app/StarShareDevUIKit";
			};
			name = Release;
		};
		E51900CE1F7DE25200F280A0 /* Debug */ = {
			isa = XCBuildConfiguration;
			buildSettings = {
				CODE_SIGN_STYLE = Automatic;
				DEVELOPMENT_TEAM = 7524R5UJ2G;
				INFOPLIST_FILE = StarShareDevUIKitUITests/Info.plist;
				LD_RUNPATH_SEARCH_PATHS = "$(inherited) @executable_path/Frameworks @loader_path/Frameworks";
				PRODUCT_BUNDLE_IDENTIFIER = code.com.rui.StarShareDevUIKitUITests;
				PRODUCT_NAME = "$(TARGET_NAME)";
				TARGETED_DEVICE_FAMILY = "1,2";
				TEST_TARGET_NAME = StarShareDevUIKit;
			};
			name = Debug;
		};
		E51900CF1F7DE25200F280A0 /* Release */ = {
			isa = XCBuildConfiguration;
			buildSettings = {
				CODE_SIGN_STYLE = Automatic;
				DEVELOPMENT_TEAM = 7524R5UJ2G;
				INFOPLIST_FILE = StarShareDevUIKitUITests/Info.plist;
				LD_RUNPATH_SEARCH_PATHS = "$(inherited) @executable_path/Frameworks @loader_path/Frameworks";
				PRODUCT_BUNDLE_IDENTIFIER = code.com.rui.StarShareDevUIKitUITests;
				PRODUCT_NAME = "$(TARGET_NAME)";
				TARGETED_DEVICE_FAMILY = "1,2";
				TEST_TARGET_NAME = StarShareDevUIKit;
			};
			name = Release;
		};
/* End XCBuildConfiguration section */

/* Begin XCConfigurationList section */
		E51900961F7DE25100F280A0 /* Build configuration list for PBXProject "StarShareDevUIKit" */ = {
			isa = XCConfigurationList;
			buildConfigurations = (
				E51900C51F7DE25200F280A0 /* Debug */,
				E51900C61F7DE25200F280A0 /* Release */,
			);
			defaultConfigurationIsVisible = 0;
			defaultConfigurationName = Release;
		};
		E51900C71F7DE25200F280A0 /* Build configuration list for PBXNativeTarget "StarShareDevUIKit" */ = {
			isa = XCConfigurationList;
			buildConfigurations = (
				E51900C81F7DE25200F280A0 /* Debug */,
				E51900C91F7DE25200F280A0 /* Release */,
			);
			defaultConfigurationIsVisible = 0;
			defaultConfigurationName = Release;
		};
		E51900CA1F7DE25200F280A0 /* Build configuration list for PBXNativeTarget "StarShareDevUIKitTests" */ = {
			isa = XCConfigurationList;
			buildConfigurations = (
				E51900CB1F7DE25200F280A0 /* Debug */,
				E51900CC1F7DE25200F280A0 /* Release */,
			);
			defaultConfigurationIsVisible = 0;
			defaultConfigurationName = Release;
		};
		E51900CD1F7DE25200F280A0 /* Build configuration list for PBXNativeTarget "StarShareDevUIKitUITests" */ = {
			isa = XCConfigurationList;
			buildConfigurations = (
				E51900CE1F7DE25200F280A0 /* Debug */,
				E51900CF1F7DE25200F280A0 /* Release */,
			);
			defaultConfigurationIsVisible = 0;
			defaultConfigurationName = Release;
		};
/* End XCConfigurationList section */
	};
	rootObject = E51900931F7DE25100F280A0 /* Project object */;
}
