// !$*UTF8*$!
{
	archiveVersion = 1;
	classes = {
	};
	objectVersion = 48;
	objects = {

/* Begin PBXBuildFile section */
		E51900A01F7DE25200F280A0 /* AppDelegate.m in Sources */ = {isa = PBXBuildFile; fileRef = E519009F1F7DE25200F280A0 /* AppDelegate.m */; };
		E51900A31F7DE25200F280A0 /* ViewController.m in Sources */ = {isa = PBXBuildFile; fileRef = E51900A21F7DE25200F280A0 /* ViewController.m */; };
		E51900A61F7DE25200F280A0 /* Main.storyboard in Resources */ = {isa = PBXBuildFile; fileRef = E51900A41F7DE25200F280A0 /* Main.storyboard */; };
		E51900A81F7DE25200F280A0 /* Assets.xcassets in Resources */ = {isa = PBXBuildFile; fileRef = E51900A71F7DE25200F280A0 /* Assets.xcassets */; };
		E51900AB1F7DE25200F280A0 /* LaunchScreen.storyboard in Resources */ = {isa = PBXBuildFile; fileRef = E51900A91F7DE25200F280A0 /* LaunchScreen.storyboard */; };
		E51900AE1F7DE25200F280A0 /* main.m in Sources */ = {isa = PBXBuildFile; fileRef = E51900AD1F7DE25200F280A0 /* main.m */; };
		E51900B81F7DE25200F280A0 /* StarShareDevUIKitTests.m in Sources */ = {isa = PBXBuildFile; fileRef = E51900B71F7DE25200F280A0 /* StarShareDevUIKitTests.m */; };
		E51900C31F7DE25200F280A0 /* StarShareDevUIKitUITests.m in Sources */ = {isa = PBXBuildFile; fileRef = E51900C21F7DE25200F280A0 /* StarShareDevUIKitUITests.m */; };
		E597685D1F8B33C4007232E2 /* NSAttributedString+UI.m in Sources */ = {isa = PBXBuildFile; fileRef = E59767ED1F8B33C4007232E2 /* NSAttributedString+UI.m */; };
		E597685F1F8B33C4007232E2 /* NSMutableParagraphStyle+UI.m in Sources */ = {isa = PBXBuildFile; fileRef = E59767F11F8B33C4007232E2 /* NSMutableParagraphStyle+UI.m */; };
		E59768601F8B33C4007232E2 /* NSObject+UI.m in Sources */ = {isa = PBXBuildFile; fileRef = E59767F31F8B33C4007232E2 /* NSObject+UI.m */; };
		E59768611F8B33C4007232E2 /* NSString+UI.m in Sources */ = {isa = PBXBuildFile; fileRef = E59767F51F8B33C4007232E2 /* NSString+UI.m */; };
		E59768621F8B33C4007232E2 /* CALayer+UI.m in Sources */ = {isa = PBXBuildFile; fileRef = E59767F91F8B33C4007232E2 /* CALayer+UI.m */; };
		E59768631F8B33C4007232E2 /* UIBezierPath+UI.m in Sources */ = {isa = PBXBuildFile; fileRef = E59767FB1F8B33C4007232E2 /* UIBezierPath+UI.m */; };
		E59768641F8B33C5007232E2 /* UIButton+UI.m in Sources */ = {isa = PBXBuildFile; fileRef = E59767FD1F8B33C4007232E2 /* UIButton+UI.m */; };
		E59768651F8B33C5007232E2 /* UICollectionView+UI.m in Sources */ = {isa = PBXBuildFile; fileRef = E59767FF1F8B33C4007232E2 /* UICollectionView+UI.m */; };
		E59768661F8B33C5007232E2 /* UIColor+UI.m in Sources */ = {isa = PBXBuildFile; fileRef = E59768011F8B33C4007232E2 /* UIColor+UI.m */; };
		E59768671F8B33C5007232E2 /* UIControl+UI.m in Sources */ = {isa = PBXBuildFile; fileRef = E59768031F8B33C4007232E2 /* UIControl+UI.m */; };
		E59768681F8B33C5007232E2 /* UIFont+UI.m in Sources */ = {isa = PBXBuildFile; fileRef = E59768051F8B33C4007232E2 /* UIFont+UI.m */; };
		E59768691F8B33C5007232E2 /* UIGestureRecognizer+UI.m in Sources */ = {isa = PBXBuildFile; fileRef = E59768071F8B33C4007232E2 /* UIGestureRecognizer+UI.m */; };
		E597686A1F8B33C5007232E2 /* UIImage+UI.m in Sources */ = {isa = PBXBuildFile; fileRef = E59768091F8B33C4007232E2 /* UIImage+UI.m */; };
		E597686B1F8B33C5007232E2 /* UILabel+UI.m in Sources */ = {isa = PBXBuildFile; fileRef = E597680B1F8B33C4007232E2 /* UILabel+UI.m */; };
		E597686C1F8B33C5007232E2 /* UINavigationController+UI.m in Sources */ = {isa = PBXBuildFile; fileRef = E597680D1F8B33C4007232E2 /* UINavigationController+UI.m */; };
		E597686D1F8B33C5007232E2 /* UIScrollView+UI.m in Sources */ = {isa = PBXBuildFile; fileRef = E597680F1F8B33C4007232E2 /* UIScrollView+UI.m */; };
		E597686E1F8B33C5007232E2 /* UITabBar+UI.m in Sources */ = {isa = PBXBuildFile; fileRef = E59768111F8B33C4007232E2 /* UITabBar+UI.m */; };
		E597686F1F8B33C5007232E2 /* UITabBarItem+UI.m in Sources */ = {isa = PBXBuildFile; fileRef = E59768131F8B33C4007232E2 /* UITabBarItem+UI.m */; };
		E59768701F8B33C5007232E2 /* UITableView+UI.m in Sources */ = {isa = PBXBuildFile; fileRef = E59768151F8B33C4007232E2 /* UITableView+UI.m */; };
		E59768711F8B33C5007232E2 /* UITextField+UI.m in Sources */ = {isa = PBXBuildFile; fileRef = E59768171F8B33C4007232E2 /* UITextField+UI.m */; };
		E59768721F8B33C5007232E2 /* UITextView+UI.m in Sources */ = {isa = PBXBuildFile; fileRef = E59768191F8B33C4007232E2 /* UITextView+UI.m */; };
		E59768731F8B33C5007232E2 /* UIView+UI.m in Sources */ = {isa = PBXBuildFile; fileRef = E597681B1F8B33C4007232E2 /* UIView+UI.m */; };
		E59768741F8B33C5007232E2 /* UIViewController+UI.m in Sources */ = {isa = PBXBuildFile; fileRef = E597681D1F8B33C4007232E2 /* UIViewController+UI.m */; };
		E59768751F8B33C5007232E2 /* UIWindow+UI.m in Sources */ = {isa = PBXBuildFile; fileRef = E597681F1F8B33C4007232E2 /* UIWindow+UI.m */; };
		E59768761F8B33C5007232E2 /* UIBubbleView.m in Sources */ = {isa = PBXBuildFile; fileRef = E59768231F8B33C4007232E2 /* UIBubbleView.m */; };
		E59768771F8B33C5007232E2 /* UICollectionViewPagingLayout.m in Sources */ = {isa = PBXBuildFile; fileRef = E59768251F8B33C4007232E2 /* UICollectionViewPagingLayout.m */; };
		E59768781F8B33C5007232E2 /* UIEmptyView.m in Sources */ = {isa = PBXBuildFile; fileRef = E59768281F8B33C4007232E2 /* UIEmptyView.m */; };
		E59768791F8B33C5007232E2 /* UIKeyboardManager.m in Sources */ = {isa = PBXBuildFile; fileRef = E597682A1F8B33C4007232E2 /* UIKeyboardManager.m */; };
		E597687A1F8B33C5007232E2 /* UIModalPresentationViewController.m in Sources */ = {isa = PBXBuildFile; fileRef = E597682C1F8B33C4007232E2 /* UIModalPresentationViewController.m */; };
		E597687B1F8B33C5007232E2 /* UINavigationBar+Transition.m in Sources */ = {isa = PBXBuildFile; fileRef = E59768301F8B33C4007232E2 /* UINavigationBar+Transition.m */; };
		E597687C1F8B33C5007232E2 /* UINavigationController+NavigationBarTransition.m in Sources */ = {isa = PBXBuildFile; fileRef = E59768321F8B33C4007232E2 /* UINavigationController+NavigationBarTransition.m */; };
		E597687D1F8B33C5007232E2 /* UINavigationButton.m in Sources */ = {isa = PBXBuildFile; fileRef = E59768341F8B33C4007232E2 /* UINavigationButton.m */; };
		E597687E1F8B33C5007232E2 /* UINavigationTitleView.m in Sources */ = {isa = PBXBuildFile; fileRef = E59768361F8B33C4007232E2 /* UINavigationTitleView.m */; };
		E597687F1F8B33C5007232E2 /* UIThemeManager.m in Sources */ = {isa = PBXBuildFile; fileRef = E59768381F8B33C4007232E2 /* UIThemeManager.m */; };
		E59768801F8B33C5007232E2 /* UIConfiguration.m in Sources */ = {isa = PBXBuildFile; fileRef = E597683C1F8B33C4007232E2 /* UIConfiguration.m */; };
		E59768811F8B33C5007232E2 /* UIHelper.m in Sources */ = {isa = PBXBuildFile; fileRef = E59768401F8B33C4007232E2 /* UIHelper.m */; };
		E59768821F8B33C5007232E2 /* SSUICollectionViewController.m in Sources */ = {isa = PBXBuildFile; fileRef = E59768441F8B33C4007232E2 /* SSUICollectionViewController.m */; };
		E59768831F8B33C5007232E2 /* SSUIListViewController.m in Sources */ = {isa = PBXBuildFile; fileRef = E59768461F8B33C4007232E2 /* SSUIListViewController.m */; };
		E59768841F8B33C5007232E2 /* SSUINavigationController.m in Sources */ = {isa = PBXBuildFile; fileRef = E59768481F8B33C4007232E2 /* SSUINavigationController.m */; };
		E59768851F8B33C5007232E2 /* SSUITabBarController.m in Sources */ = {isa = PBXBuildFile; fileRef = E597684A1F8B33C4007232E2 /* SSUITabBarController.m */; };
		E59768861F8B33C5007232E2 /* SSUIViewController.m in Sources */ = {isa = PBXBuildFile; fileRef = E597684C1F8B33C4007232E2 /* SSUIViewController.m */; };
		E59768871F8B33C5007232E2 /* SSUIButton.m in Sources */ = {isa = PBXBuildFile; fileRef = E59768501F8B33C4007232E2 /* SSUIButton.m */; };
		E59768881F8B33C5007232E2 /* SSUICollectionView.m in Sources */ = {isa = PBXBuildFile; fileRef = E59768521F8B33C4007232E2 /* SSUICollectionView.m */; };
		E59768891F8B33C5007232E2 /* SSUILable.m in Sources */ = {isa = PBXBuildFile; fileRef = E59768541F8B33C4007232E2 /* SSUILable.m */; };
		E597688A1F8B33C5007232E2 /* SSUITableCell.m in Sources */ = {isa = PBXBuildFile; fileRef = E59768561F8B33C4007232E2 /* SSUITableCell.m */; };
		E597688B1F8B33C5007232E2 /* SSUITableView.m in Sources */ = {isa = PBXBuildFile; fileRef = E59768581F8B33C4007232E2 /* SSUITableView.m */; };
		E597688C1F8B33C5007232E2 /* SSUITextField.m in Sources */ = {isa = PBXBuildFile; fileRef = E597685A1F8B33C4007232E2 /* SSUITextField.m */; };
		E597688D1F8B33C5007232E2 /* SSUITextView.m in Sources */ = {isa = PBXBuildFile; fileRef = E597685C1F8B33C4007232E2 /* SSUITextView.m */; };
/* End PBXBuildFile section */

/* Begin PBXContainerItemProxy section */
		E51900B41F7DE25200F280A0 /* PBXContainerItemProxy */ = {
			isa = PBXContainerItemProxy;
			containerPortal = E51900931F7DE25100F280A0 /* Project object */;
			proxyType = 1;
			remoteGlobalIDString = E519009A1F7DE25100F280A0;
			remoteInfo = StarShareDevUIKit;
		};
		E51900BF1F7DE25200F280A0 /* PBXContainerItemProxy */ = {
			isa = PBXContainerItemProxy;
			containerPortal = E51900931F7DE25100F280A0 /* Project object */;
			proxyType = 1;
			remoteGlobalIDString = E519009A1F7DE25100F280A0;
			remoteInfo = StarShareDevUIKit;
		};
/* End PBXContainerItemProxy section */

/* Begin PBXFileReference section */
		E519009B1F7DE25100F280A0 /* StarShareDevUIKit.app */ = {isa = PBXFileReference; explicitFileType = wrapper.application; includeInIndex = 0; path = StarShareDevUIKit.app; sourceTree = BUILT_PRODUCTS_DIR; };
		E519009E1F7DE25200F280A0 /* AppDelegate.h */ = {isa = PBXFileReference; lastKnownFileType = sourcecode.c.h; path = AppDelegate.h; sourceTree = "<group>"; };
		E519009F1F7DE25200F280A0 /* AppDelegate.m */ = {isa = PBXFileReference; lastKnownFileType = sourcecode.c.objc; path = AppDelegate.m; sourceTree = "<group>"; };
		E51900A11F7DE25200F280A0 /* ViewController.h */ = {isa = PBXFileReference; lastKnownFileType = sourcecode.c.h; path = ViewController.h; sourceTree = "<group>"; };
		E51900A21F7DE25200F280A0 /* ViewController.m */ = {isa = PBXFileReference; lastKnownFileType = sourcecode.c.objc; path = ViewController.m; sourceTree = "<group>"; };
		E51900A51F7DE25200F280A0 /* Base */ = {isa = PBXFileReference; lastKnownFileType = file.storyboard; name = Base; path = Base.lproj/Main.storyboard; sourceTree = "<group>"; };
		E51900A71F7DE25200F280A0 /* Assets.xcassets */ = {isa = PBXFileReference; lastKnownFileType = folder.assetcatalog; path = Assets.xcassets; sourceTree = "<group>"; };
		E51900AA1F7DE25200F280A0 /* Base */ = {isa = PBXFileReference; lastKnownFileType = file.storyboard; name = Base; path = Base.lproj/LaunchScreen.storyboard; sourceTree = "<group>"; };
		E51900AC1F7DE25200F280A0 /* Info.plist */ = {isa = PBXFileReference; lastKnownFileType = text.plist.xml; path = Info.plist; sourceTree = "<group>"; };
		E51900AD1F7DE25200F280A0 /* main.m */ = {isa = PBXFileReference; lastKnownFileType = sourcecode.c.objc; path = main.m; sourceTree = "<group>"; };
		E51900B31F7DE25200F280A0 /* StarShareDevUIKitTests.xctest */ = {isa = PBXFileReference; explicitFileType = wrapper.cfbundle; includeInIndex = 0; path = StarShareDevUIKitTests.xctest; sourceTree = BUILT_PRODUCTS_DIR; };
		E51900B71F7DE25200F280A0 /* StarShareDevUIKitTests.m */ = {isa = PBXFileReference; lastKnownFileType = sourcecode.c.objc; path = StarShareDevUIKitTests.m; sourceTree = "<group>"; };
		E51900B91F7DE25200F280A0 /* Info.plist */ = {isa = PBXFileReference; lastKnownFileType = text.plist.xml; path = Info.plist; sourceTree = "<group>"; };
		E51900BE1F7DE25200F280A0 /* StarShareDevUIKitUITests.xctest */ = {isa = PBXFileReference; explicitFileType = wrapper.cfbundle; includeInIndex = 0; path = StarShareDevUIKitUITests.xctest; sourceTree = BUILT_PRODUCTS_DIR; };
		E51900C21F7DE25200F280A0 /* StarShareDevUIKitUITests.m */ = {isa = PBXFileReference; lastKnownFileType = sourcecode.c.objc; path = StarShareDevUIKitUITests.m; sourceTree = "<group>"; };
		E51900C41F7DE25200F280A0 /* Info.plist */ = {isa = PBXFileReference; lastKnownFileType = text.plist.xml; path = Info.plist; sourceTree = "<group>"; };
		E59767EC1F8B33C4007232E2 /* NSAttributedString+UI.h */ = {isa = PBXFileReference; fileEncoding = 4; lastKnownFileType = sourcecode.c.h; path = "NSAttributedString+UI.h"; sourceTree = "<group>"; };
		E59767ED1F8B33C4007232E2 /* NSAttributedString+UI.m */ = {isa = PBXFileReference; fileEncoding = 4; lastKnownFileType = sourcecode.c.objc; path = "NSAttributedString+UI.m"; sourceTree = "<group>"; };
		E59767F01F8B33C4007232E2 /* NSMutableParagraphStyle+UI.h */ = {isa = PBXFileReference; fileEncoding = 4; lastKnownFileType = sourcecode.c.h; path = "NSMutableParagraphStyle+UI.h"; sourceTree = "<group>"; };
		E59767F11F8B33C4007232E2 /* NSMutableParagraphStyle+UI.m */ = {isa = PBXFileReference; fileEncoding = 4; lastKnownFileType = sourcecode.c.objc; path = "NSMutableParagraphStyle+UI.m"; sourceTree = "<group>"; };
		E59767F21F8B33C4007232E2 /* NSObject+UI.h */ = {isa = PBXFileReference; fileEncoding = 4; lastKnownFileType = sourcecode.c.h; path = "NSObject+UI.h"; sourceTree = "<group>"; };
		E59767F31F8B33C4007232E2 /* NSObject+UI.m */ = {isa = PBXFileReference; fileEncoding = 4; lastKnownFileType = sourcecode.c.objc; path = "NSObject+UI.m"; sourceTree = "<group>"; };
		E59767F41F8B33C4007232E2 /* NSString+UI.h */ = {isa = PBXFileReference; fileEncoding = 4; lastKnownFileType = sourcecode.c.h; path = "NSString+UI.h"; sourceTree = "<group>"; };
		E59767F51F8B33C4007232E2 /* NSString+UI.m */ = {isa = PBXFileReference; fileEncoding = 4; lastKnownFileType = sourcecode.c.objc; path = "NSString+UI.m"; sourceTree = "<group>"; };
		E59767F61F8B33C4007232E2 /* UIExtensions.h */ = {isa = PBXFileReference; fileEncoding = 4; lastKnownFileType = sourcecode.c.h; path = UIExtensions.h; sourceTree = "<group>"; };
		E59767F81F8B33C4007232E2 /* CALayer+UI.h */ = {isa = PBXFileReference; fileEncoding = 4; lastKnownFileType = sourcecode.c.h; path = "CALayer+UI.h"; sourceTree = "<group>"; };
		E59767F91F8B33C4007232E2 /* CALayer+UI.m */ = {isa = PBXFileReference; fileEncoding = 4; lastKnownFileType = sourcecode.c.objc; path = "CALayer+UI.m"; sourceTree = "<group>"; };
		E59767FA1F8B33C4007232E2 /* UIBezierPath+UI.h */ = {isa = PBXFileReference; fileEncoding = 4; lastKnownFileType = sourcecode.c.h; path = "UIBezierPath+UI.h"; sourceTree = "<group>"; };
		E59767FB1F8B33C4007232E2 /* UIBezierPath+UI.m */ = {isa = PBXFileReference; fileEncoding = 4; lastKnownFileType = sourcecode.c.objc; path = "UIBezierPath+UI.m"; sourceTree = "<group>"; };
		E59767FC1F8B33C4007232E2 /* UIButton+UI.h */ = {isa = PBXFileReference; fileEncoding = 4; lastKnownFileType = sourcecode.c.h; path = "UIButton+UI.h"; sourceTree = "<group>"; };
		E59767FD1F8B33C4007232E2 /* UIButton+UI.m */ = {isa = PBXFileReference; fileEncoding = 4; lastKnownFileType = sourcecode.c.objc; path = "UIButton+UI.m"; sourceTree = "<group>"; };
		E59767FE1F8B33C4007232E2 /* UICollectionView+UI.h */ = {isa = PBXFileReference; fileEncoding = 4; lastKnownFileType = sourcecode.c.h; path = "UICollectionView+UI.h"; sourceTree = "<group>"; };
		E59767FF1F8B33C4007232E2 /* UICollectionView+UI.m */ = {isa = PBXFileReference; fileEncoding = 4; lastKnownFileType = sourcecode.c.objc; path = "UICollectionView+UI.m"; sourceTree = "<group>"; };
		E59768001F8B33C4007232E2 /* UIColor+UI.h */ = {isa = PBXFileReference; fileEncoding = 4; lastKnownFileType = sourcecode.c.h; path = "UIColor+UI.h"; sourceTree = "<group>"; };
		E59768011F8B33C4007232E2 /* UIColor+UI.m */ = {isa = PBXFileReference; fileEncoding = 4; lastKnownFileType = sourcecode.c.objc; path = "UIColor+UI.m"; sourceTree = "<group>"; };
		E59768021F8B33C4007232E2 /* UIControl+UI.h */ = {isa = PBXFileReference; fileEncoding = 4; lastKnownFileType = sourcecode.c.h; path = "UIControl+UI.h"; sourceTree = "<group>"; };
		E59768031F8B33C4007232E2 /* UIControl+UI.m */ = {isa = PBXFileReference; fileEncoding = 4; lastKnownFileType = sourcecode.c.objc; path = "UIControl+UI.m"; sourceTree = "<group>"; };
		E59768041F8B33C4007232E2 /* UIFont+UI.h */ = {isa = PBXFileReference; fileEncoding = 4; lastKnownFileType = sourcecode.c.h; path = "UIFont+UI.h"; sourceTree = "<group>"; };
		E59768051F8B33C4007232E2 /* UIFont+UI.m */ = {isa = PBXFileReference; fileEncoding = 4; lastKnownFileType = sourcecode.c.objc; path = "UIFont+UI.m"; sourceTree = "<group>"; };
		E59768061F8B33C4007232E2 /* UIGestureRecognizer+UI.h */ = {isa = PBXFileReference; fileEncoding = 4; lastKnownFileType = sourcecode.c.h; path = "UIGestureRecognizer+UI.h"; sourceTree = "<group>"; };
		E59768071F8B33C4007232E2 /* UIGestureRecognizer+UI.m */ = {isa = PBXFileReference; fileEncoding = 4; lastKnownFileType = sourcecode.c.objc; path = "UIGestureRecognizer+UI.m"; sourceTree = "<group>"; };
		E59768081F8B33C4007232E2 /* UIImage+UI.h */ = {isa = PBXFileReference; fileEncoding = 4; lastKnownFileType = sourcecode.c.h; path = "UIImage+UI.h"; sourceTree = "<group>"; };
		E59768091F8B33C4007232E2 /* UIImage+UI.m */ = {isa = PBXFileReference; fileEncoding = 4; lastKnownFileType = sourcecode.c.objc; path = "UIImage+UI.m"; sourceTree = "<group>"; };
		E597680A1F8B33C4007232E2 /* UILabel+UI.h */ = {isa = PBXFileReference; fileEncoding = 4; lastKnownFileType = sourcecode.c.h; path = "UILabel+UI.h"; sourceTree = "<group>"; };
		E597680B1F8B33C4007232E2 /* UILabel+UI.m */ = {isa = PBXFileReference; fileEncoding = 4; lastKnownFileType = sourcecode.c.objc; path = "UILabel+UI.m"; sourceTree = "<group>"; };
		E597680C1F8B33C4007232E2 /* UINavigationController+UI.h */ = {isa = PBXFileReference; fileEncoding = 4; lastKnownFileType = sourcecode.c.h; path = "UINavigationController+UI.h"; sourceTree = "<group>"; };
		E597680D1F8B33C4007232E2 /* UINavigationController+UI.m */ = {isa = PBXFileReference; fileEncoding = 4; lastKnownFileType = sourcecode.c.objc; path = "UINavigationController+UI.m"; sourceTree = "<group>"; };
		E597680E1F8B33C4007232E2 /* UIScrollView+UI.h */ = {isa = PBXFileReference; fileEncoding = 4; lastKnownFileType = sourcecode.c.h; path = "UIScrollView+UI.h"; sourceTree = "<group>"; };
		E597680F1F8B33C4007232E2 /* UIScrollView+UI.m */ = {isa = PBXFileReference; fileEncoding = 4; lastKnownFileType = sourcecode.c.objc; path = "UIScrollView+UI.m"; sourceTree = "<group>"; };
		E59768101F8B33C4007232E2 /* UITabBar+UI.h */ = {isa = PBXFileReference; fileEncoding = 4; lastKnownFileType = sourcecode.c.h; path = "UITabBar+UI.h"; sourceTree = "<group>"; };
		E59768111F8B33C4007232E2 /* UITabBar+UI.m */ = {isa = PBXFileReference; fileEncoding = 4; lastKnownFileType = sourcecode.c.objc; path = "UITabBar+UI.m"; sourceTree = "<group>"; };
		E59768121F8B33C4007232E2 /* UITabBarItem+UI.h */ = {isa = PBXFileReference; fileEncoding = 4; lastKnownFileType = sourcecode.c.h; path = "UITabBarItem+UI.h"; sourceTree = "<group>"; };
		E59768131F8B33C4007232E2 /* UITabBarItem+UI.m */ = {isa = PBXFileReference; fileEncoding = 4; lastKnownFileType = sourcecode.c.objc; path = "UITabBarItem+UI.m"; sourceTree = "<group>"; };
		E59768141F8B33C4007232E2 /* UITableView+UI.h */ = {isa = PBXFileReference; fileEncoding = 4; lastKnownFileType = sourcecode.c.h; path = "UITableView+UI.h"; sourceTree = "<group>"; };
		E59768151F8B33C4007232E2 /* UITableView+UI.m */ = {isa = PBXFileReference; fileEncoding = 4; lastKnownFileType = sourcecode.c.objc; path = "UITableView+UI.m"; sourceTree = "<group>"; };
		E59768161F8B33C4007232E2 /* UITextField+UI.h */ = {isa = PBXFileReference; fileEncoding = 4; lastKnownFileType = sourcecode.c.h; path = "UITextField+UI.h"; sourceTree = "<group>"; };
		E59768171F8B33C4007232E2 /* UITextField+UI.m */ = {isa = PBXFileReference; fileEncoding = 4; lastKnownFileType = sourcecode.c.objc; path = "UITextField+UI.m"; sourceTree = "<group>"; };
		E59768181F8B33C4007232E2 /* UITextView+UI.h */ = {isa = PBXFileReference; fileEncoding = 4; lastKnownFileType = sourcecode.c.h; path = "UITextView+UI.h"; sourceTree = "<group>"; };
		E59768191F8B33C4007232E2 /* UITextView+UI.m */ = {isa = PBXFileReference; fileEncoding = 4; lastKnownFileType = sourcecode.c.objc; path = "UITextView+UI.m"; sourceTree = "<group>"; };
		E597681A1F8B33C4007232E2 /* UIView+UI.h */ = {isa = PBXFileReference; fileEncoding = 4; lastKnownFileType = sourcecode.c.h; path = "UIView+UI.h"; sourceTree = "<group>"; };
		E597681B1F8B33C4007232E2 /* UIView+UI.m */ = {isa = PBXFileReference; fileEncoding = 4; lastKnownFileType = sourcecode.c.objc; path = "UIView+UI.m"; sourceTree = "<group>"; };
		E597681C1F8B33C4007232E2 /* UIViewController+UI.h */ = {isa = PBXFileReference; fileEncoding = 4; lastKnownFileType = sourcecode.c.h; path = "UIViewController+UI.h"; sourceTree = "<group>"; };
		E597681D1F8B33C4007232E2 /* UIViewController+UI.m */ = {isa = PBXFileReference; fileEncoding = 4; lastKnownFileType = sourcecode.c.objc; path = "UIViewController+UI.m"; sourceTree = "<group>"; };
		E597681E1F8B33C4007232E2 /* UIWindow+UI.h */ = {isa = PBXFileReference; fileEncoding = 4; lastKnownFileType = sourcecode.c.h; path = "UIWindow+UI.h"; sourceTree = "<group>"; };
		E597681F1F8B33C4007232E2 /* UIWindow+UI.m */ = {isa = PBXFileReference; fileEncoding = 4; lastKnownFileType = sourcecode.c.objc; path = "UIWindow+UI.m"; sourceTree = "<group>"; };
		E59768201F8B33C4007232E2 /* StarShareDevUIKit.h */ = {isa = PBXFileReference; fileEncoding = 4; lastKnownFileType = sourcecode.c.h; path = StarShareDevUIKit.h; sourceTree = "<group>"; };
		E59768221F8B33C4007232E2 /* UIBubbleView.h */ = {isa = PBXFileReference; fileEncoding = 4; lastKnownFileType = sourcecode.c.h; path = UIBubbleView.h; sourceTree = "<group>"; };
		E59768231F8B33C4007232E2 /* UIBubbleView.m */ = {isa = PBXFileReference; fileEncoding = 4; lastKnownFileType = sourcecode.c.objc; path = UIBubbleView.m; sourceTree = "<group>"; };
		E59768241F8B33C4007232E2 /* UICollectionViewPagingLayout.h */ = {isa = PBXFileReference; fileEncoding = 4; lastKnownFileType = sourcecode.c.h; path = UICollectionViewPagingLayout.h; sourceTree = "<group>"; };
		E59768251F8B33C4007232E2 /* UICollectionViewPagingLayout.m */ = {isa = PBXFileReference; fileEncoding = 4; lastKnownFileType = sourcecode.c.objc; path = UICollectionViewPagingLayout.m; sourceTree = "<group>"; };
		E59768261F8B33C4007232E2 /* UIComponents.h */ = {isa = PBXFileReference; fileEncoding = 4; lastKnownFileType = sourcecode.c.h; path = UIComponents.h; sourceTree = "<group>"; };
		E59768271F8B33C4007232E2 /* UIEmptyView.h */ = {isa = PBXFileReference; fileEncoding = 4; lastKnownFileType = sourcecode.c.h; path = UIEmptyView.h; sourceTree = "<group>"; };
		E59768281F8B33C4007232E2 /* UIEmptyView.m */ = {isa = PBXFileReference; fileEncoding = 4; lastKnownFileType = sourcecode.c.objc; path = UIEmptyView.m; sourceTree = "<group>"; };
		E59768291F8B33C4007232E2 /* UIKeyboardManager.h */ = {isa = PBXFileReference; fileEncoding = 4; lastKnownFileType = sourcecode.c.h; path = UIKeyboardManager.h; sourceTree = "<group>"; };
		E597682A1F8B33C4007232E2 /* UIKeyboardManager.m */ = {isa = PBXFileReference; fileEncoding = 4; lastKnownFileType = sourcecode.c.objc; path = UIKeyboardManager.m; sourceTree = "<group>"; };
		E597682B1F8B33C4007232E2 /* UIModalPresentationViewController.h */ = {isa = PBXFileReference; fileEncoding = 4; lastKnownFileType = sourcecode.c.h; path = UIModalPresentationViewController.h; sourceTree = "<group>"; };
		E597682C1F8B33C4007232E2 /* UIModalPresentationViewController.m */ = {isa = PBXFileReference; fileEncoding = 4; lastKnownFileType = sourcecode.c.objc; path = UIModalPresentationViewController.m; sourceTree = "<group>"; };
		E597682E1F8B33C4007232E2 /* NavigationBarTransition.h */ = {isa = PBXFileReference; fileEncoding = 4; lastKnownFileType = sourcecode.c.h; path = NavigationBarTransition.h; sourceTree = "<group>"; };
		E597682F1F8B33C4007232E2 /* UINavigationBar+Transition.h */ = {isa = PBXFileReference; fileEncoding = 4; lastKnownFileType = sourcecode.c.h; path = "UINavigationBar+Transition.h"; sourceTree = "<group>"; };
		E59768301F8B33C4007232E2 /* UINavigationBar+Transition.m */ = {isa = PBXFileReference; fileEncoding = 4; lastKnownFileType = sourcecode.c.objc; path = "UINavigationBar+Transition.m"; sourceTree = "<group>"; };
		E59768311F8B33C4007232E2 /* UINavigationController+NavigationBarTransition.h */ = {isa = PBXFileReference; fileEncoding = 4; lastKnownFileType = sourcecode.c.h; path = "UINavigationController+NavigationBarTransition.h"; sourceTree = "<group>"; };
		E59768321F8B33C4007232E2 /* UINavigationController+NavigationBarTransition.m */ = {isa = PBXFileReference; fileEncoding = 4; lastKnownFileType = sourcecode.c.objc; path = "UINavigationController+NavigationBarTransition.m"; sourceTree = "<group>"; };
		E59768331F8B33C4007232E2 /* UINavigationButton.h */ = {isa = PBXFileReference; fileEncoding = 4; lastKnownFileType = sourcecode.c.h; path = UINavigationButton.h; sourceTree = "<group>"; };
		E59768341F8B33C4007232E2 /* UINavigationButton.m */ = {isa = PBXFileReference; fileEncoding = 4; lastKnownFileType = sourcecode.c.objc; path = UINavigationButton.m; sourceTree = "<group>"; };
		E59768351F8B33C4007232E2 /* UINavigationTitleView.h */ = {isa = PBXFileReference; fileEncoding = 4; lastKnownFileType = sourcecode.c.h; path = UINavigationTitleView.h; sourceTree = "<group>"; };
		E59768361F8B33C4007232E2 /* UINavigationTitleView.m */ = {isa = PBXFileReference; fileEncoding = 4; lastKnownFileType = sourcecode.c.objc; path = UINavigationTitleView.m; sourceTree = "<group>"; };
		E59768371F8B33C4007232E2 /* UIThemeManager.h */ = {isa = PBXFileReference; fileEncoding = 4; lastKnownFileType = sourcecode.c.h; path = UIThemeManager.h; sourceTree = "<group>"; };
		E59768381F8B33C4007232E2 /* UIThemeManager.m */ = {isa = PBXFileReference; fileEncoding = 4; lastKnownFileType = sourcecode.c.objc; path = UIThemeManager.m; sourceTree = "<group>"; };
		E597683A1F8B33C4007232E2 /* UICommonDefines.h */ = {isa = PBXFileReference; fileEncoding = 4; lastKnownFileType = sourcecode.c.h; path = UICommonDefines.h; sourceTree = "<group>"; };
		E597683B1F8B33C4007232E2 /* UIConfiguration.h */ = {isa = PBXFileReference; fileEncoding = 4; lastKnownFileType = sourcecode.c.h; path = UIConfiguration.h; sourceTree = "<group>"; };
		E597683C1F8B33C4007232E2 /* UIConfiguration.m */ = {isa = PBXFileReference; fileEncoding = 4; lastKnownFileType = sourcecode.c.objc; path = UIConfiguration.m; sourceTree = "<group>"; };
		E597683D1F8B33C4007232E2 /* UIConfigurationMacros.h */ = {isa = PBXFileReference; fileEncoding = 4; lastKnownFileType = sourcecode.c.h; path = UIConfigurationMacros.h; sourceTree = "<group>"; };
		E597683E1F8B33C4007232E2 /* UICore.h */ = {isa = PBXFileReference; fileEncoding = 4; lastKnownFileType = sourcecode.c.h; path = UICore.h; sourceTree = "<group>"; };
		E597683F1F8B33C4007232E2 /* UIHelper.h */ = {isa = PBXFileReference; fileEncoding = 4; lastKnownFileType = sourcecode.c.h; path = UIHelper.h; sourceTree = "<group>"; };
		E59768401F8B33C4007232E2 /* UIHelper.m */ = {isa = PBXFileReference; fileEncoding = 4; lastKnownFileType = sourcecode.c.objc; path = UIHelper.m; sourceTree = "<group>"; };
		E59768431F8B33C4007232E2 /* SSUICollectionViewController.h */ = {isa = PBXFileReference; fileEncoding = 4; lastKnownFileType = sourcecode.c.h; path = SSUICollectionViewController.h; sourceTree = "<group>"; };
		E59768441F8B33C4007232E2 /* SSUICollectionViewController.m */ = {isa = PBXFileReference; fileEncoding = 4; lastKnownFileType = sourcecode.c.objc; path = SSUICollectionViewController.m; sourceTree = "<group>"; };
		E59768451F8B33C4007232E2 /* SSUIListViewController.h */ = {isa = PBXFileReference; fileEncoding = 4; lastKnownFileType = sourcecode.c.h; path = SSUIListViewController.h; sourceTree = "<group>"; };
		E59768461F8B33C4007232E2 /* SSUIListViewController.m */ = {isa = PBXFileReference; fileEncoding = 4; lastKnownFileType = sourcecode.c.objc; path = SSUIListViewController.m; sourceTree = "<group>"; };
		E59768471F8B33C4007232E2 /* SSUINavigationController.h */ = {isa = PBXFileReference; fileEncoding = 4; lastKnownFileType = sourcecode.c.h; path = SSUINavigationController.h; sourceTree = "<group>"; };
		E59768481F8B33C4007232E2 /* SSUINavigationController.m */ = {isa = PBXFileReference; fileEncoding = 4; lastKnownFileType = sourcecode.c.objc; path = SSUINavigationController.m; sourceTree = "<group>"; };
		E59768491F8B33C4007232E2 /* SSUITabBarController.h */ = {isa = PBXFileReference; fileEncoding = 4; lastKnownFileType = sourcecode.c.h; path = SSUITabBarController.h; sourceTree = "<group>"; };
		E597684A1F8B33C4007232E2 /* SSUITabBarController.m */ = {isa = PBXFileReference; fileEncoding = 4; lastKnownFileType = sourcecode.c.objc; path = SSUITabBarController.m; sourceTree = "<group>"; };
		E597684B1F8B33C4007232E2 /* SSUIViewController.h */ = {isa = PBXFileReference; fileEncoding = 4; lastKnownFileType = sourcecode.c.h; path = SSUIViewController.h; sourceTree = "<group>"; };
		E597684C1F8B33C4007232E2 /* SSUIViewController.m */ = {isa = PBXFileReference; fileEncoding = 4; lastKnownFileType = sourcecode.c.objc; path = SSUIViewController.m; sourceTree = "<group>"; };
		E597684D1F8B33C4007232E2 /* UIMainFrame.h */ = {isa = PBXFileReference; fileEncoding = 4; lastKnownFileType = sourcecode.c.h; path = UIMainFrame.h; sourceTree = "<group>"; };
		E597684F1F8B33C4007232E2 /* SSUIButton.h */ = {isa = PBXFileReference; fileEncoding = 4; lastKnownFileType = sourcecode.c.h; path = SSUIButton.h; sourceTree = "<group>"; };
		E59768501F8B33C4007232E2 /* SSUIButton.m */ = {isa = PBXFileReference; fileEncoding = 4; lastKnownFileType = sourcecode.c.objc; path = SSUIButton.m; sourceTree = "<group>"; };
		E59768511F8B33C4007232E2 /* SSUICollectionView.h */ = {isa = PBXFileReference; fileEncoding = 4; lastKnownFileType = sourcecode.c.h; path = SSUICollectionView.h; sourceTree = "<group>"; };
		E59768521F8B33C4007232E2 /* SSUICollectionView.m */ = {isa = PBXFileReference; fileEncoding = 4; lastKnownFileType = sourcecode.c.objc; path = SSUICollectionView.m; sourceTree = "<group>"; };
		E59768531F8B33C4007232E2 /* SSUILable.h */ = {isa = PBXFileReference; fileEncoding = 4; lastKnownFileType = sourcecode.c.h; path = SSUILable.h; sourceTree = "<group>"; };
		E59768541F8B33C4007232E2 /* SSUILable.m */ = {isa = PBXFileReference; fileEncoding = 4; lastKnownFileType = sourcecode.c.objc; path = SSUILable.m; sourceTree = "<group>"; };
		E59768551F8B33C4007232E2 /* SSUITableCell.h */ = {isa = PBXFileReference; fileEncoding = 4; lastKnownFileType = sourcecode.c.h; path = SSUITableCell.h; sourceTree = "<group>"; };
		E59768561F8B33C4007232E2 /* SSUITableCell.m */ = {isa = PBXFileReference; fileEncoding = 4; lastKnownFileType = sourcecode.c.objc; path = SSUITableCell.m; sourceTree = "<group>"; };
		E59768571F8B33C4007232E2 /* SSUITableView.h */ = {isa = PBXFileReference; fileEncoding = 4; lastKnownFileType = sourcecode.c.h; path = SSUITableView.h; sourceTree = "<group>"; };
		E59768581F8B33C4007232E2 /* SSUITableView.m */ = {isa = PBXFileReference; fileEncoding = 4; lastKnownFileType = sourcecode.c.objc; path = SSUITableView.m; sourceTree = "<group>"; };
		E59768591F8B33C4007232E2 /* SSUITextField.h */ = {isa = PBXFileReference; fileEncoding = 4; lastKnownFileType = sourcecode.c.h; path = SSUITextField.h; sourceTree = "<group>"; };
		E597685A1F8B33C4007232E2 /* SSUITextField.m */ = {isa = PBXFileReference; fileEncoding = 4; lastKnownFileType = sourcecode.c.objc; path = SSUITextField.m; sourceTree = "<group>"; };
		E597685B1F8B33C4007232E2 /* SSUITextView.h */ = {isa = PBXFileReference; fileEncoding = 4; lastKnownFileType = sourcecode.c.h; path = SSUITextView.h; sourceTree = "<group>"; };
		E597685C1F8B33C4007232E2 /* SSUITextView.m */ = {isa = PBXFileReference; fileEncoding = 4; lastKnownFileType = sourcecode.c.objc; path = SSUITextView.m; sourceTree = "<group>"; };
/* End PBXFileReference section */

/* Begin PBXFrameworksBuildPhase section */
		E51900981F7DE25100F280A0 /* Frameworks */ = {
			isa = PBXFrameworksBuildPhase;
			buildActionMask = 2147483647;
			files = (
			);
			runOnlyForDeploymentPostprocessing = 0;
		};
		E51900B01F7DE25200F280A0 /* Frameworks */ = {
			isa = PBXFrameworksBuildPhase;
			buildActionMask = 2147483647;
			files = (
			);
			runOnlyForDeploymentPostprocessing = 0;
		};
		E51900BB1F7DE25200F280A0 /* Frameworks */ = {
			isa = PBXFrameworksBuildPhase;
			buildActionMask = 2147483647;
			files = (
			);
			runOnlyForDeploymentPostprocessing = 0;
		};
/* End PBXFrameworksBuildPhase section */

/* Begin PBXGroup section */
		E51900921F7DE25100F280A0 = {
			isa = PBXGroup;
			children = (
				E519009D1F7DE25200F280A0 /* StarShareDevUIKit */,
				E51900B61F7DE25200F280A0 /* StarShareDevUIKitTests */,
				E51900C11F7DE25200F280A0 /* StarShareDevUIKitUITests */,
				E519009C1F7DE25100F280A0 /* Products */,
			);
			sourceTree = "<group>";
		};
		E519009C1F7DE25100F280A0 /* Products */ = {
			isa = PBXGroup;
			children = (
				E519009B1F7DE25100F280A0 /* StarShareDevUIKit.app */,
				E51900B31F7DE25200F280A0 /* StarShareDevUIKitTests.xctest */,
				E51900BE1F7DE25200F280A0 /* StarShareDevUIKitUITests.xctest */,
			);
			name = Products;
			sourceTree = "<group>";
		};
		E519009D1F7DE25200F280A0 /* StarShareDevUIKit */ = {
			isa = PBXGroup;
			children = (
				E59767E91F8B33C4007232E2 /* StarShareDevUIKit */,
				E519009E1F7DE25200F280A0 /* AppDelegate.h */,
				E519009F1F7DE25200F280A0 /* AppDelegate.m */,
				E51900A11F7DE25200F280A0 /* ViewController.h */,
				E51900A21F7DE25200F280A0 /* ViewController.m */,
				E51900A41F7DE25200F280A0 /* Main.storyboard */,
				E51900A71F7DE25200F280A0 /* Assets.xcassets */,
				E51900A91F7DE25200F280A0 /* LaunchScreen.storyboard */,
				E51900AC1F7DE25200F280A0 /* Info.plist */,
				E51900AD1F7DE25200F280A0 /* main.m */,
			);
			path = StarShareDevUIKit;
			sourceTree = "<group>";
		};
		E51900B61F7DE25200F280A0 /* StarShareDevUIKitTests */ = {
			isa = PBXGroup;
			children = (
				E51900B71F7DE25200F280A0 /* StarShareDevUIKitTests.m */,
				E51900B91F7DE25200F280A0 /* Info.plist */,
			);
			path = StarShareDevUIKitTests;
			sourceTree = "<group>";
		};
		E51900C11F7DE25200F280A0 /* StarShareDevUIKitUITests */ = {
			isa = PBXGroup;
			children = (
				E51900C21F7DE25200F280A0 /* StarShareDevUIKitUITests.m */,
				E51900C41F7DE25200F280A0 /* Info.plist */,
			);
			path = StarShareDevUIKitUITests;
			sourceTree = "<group>";
		};
		E59767E91F8B33C4007232E2 /* StarShareDevUIKit */ = {
			isa = PBXGroup;
			children = (
				E59767EA1F8B33C4007232E2 /* Extensions */,
				E59768211F8B33C4007232E2 /* UIComponents */,
				E59768391F8B33C4007232E2 /* UICore */,
				E59768411F8B33C4007232E2 /* UIMainFrame */,
				E59768201F8B33C4007232E2 /* StarShareDevUIKit.h */,
			);
			path = StarShareDevUIKit;
			sourceTree = "<group>";
		};
		E59767EA1F8B33C4007232E2 /* Extensions */ = {
			isa = PBXGroup;
			children = (
				E59767EB1F8B33C4007232E2 /* Foundation */,
				E59767F71F8B33C4007232E2 /* UIKit */,
				E59767F61F8B33C4007232E2 /* UIExtensions.h */,
			);
			path = Extensions;
			sourceTree = "<group>";
		};
		E59767EB1F8B33C4007232E2 /* Foundation */ = {
			isa = PBXGroup;
			children = (
				E59767EC1F8B33C4007232E2 /* NSAttributedString+UI.h */,
				E59767ED1F8B33C4007232E2 /* NSAttributedString+UI.m */,
				E59767F01F8B33C4007232E2 /* NSMutableParagraphStyle+UI.h */,
				E59767F11F8B33C4007232E2 /* NSMutableParagraphStyle+UI.m */,
				E59767F21F8B33C4007232E2 /* NSObject+UI.h */,
				E59767F31F8B33C4007232E2 /* NSObject+UI.m */,
				E59767F41F8B33C4007232E2 /* NSString+UI.h */,
				E59767F51F8B33C4007232E2 /* NSString+UI.m */,
			);
			path = Foundation;
			sourceTree = "<group>";
		};
		E59767F71F8B33C4007232E2 /* UIKit */ = {
			isa = PBXGroup;
			children = (
				E59767F81F8B33C4007232E2 /* CALayer+UI.h */,
				E59767F91F8B33C4007232E2 /* CALayer+UI.m */,
				E59767FA1F8B33C4007232E2 /* UIBezierPath+UI.h */,
				E59767FB1F8B33C4007232E2 /* UIBezierPath+UI.m */,
				E59767FC1F8B33C4007232E2 /* UIButton+UI.h */,
				E59767FD1F8B33C4007232E2 /* UIButton+UI.m */,
				E59767FE1F8B33C4007232E2 /* UICollectionView+UI.h */,
				E59767FF1F8B33C4007232E2 /* UICollectionView+UI.m */,
				E59768001F8B33C4007232E2 /* UIColor+UI.h */,
				E59768011F8B33C4007232E2 /* UIColor+UI.m */,
				E59768021F8B33C4007232E2 /* UIControl+UI.h */,
				E59768031F8B33C4007232E2 /* UIControl+UI.m */,
				E59768041F8B33C4007232E2 /* UIFont+UI.h */,
				E59768051F8B33C4007232E2 /* UIFont+UI.m */,
				E59768061F8B33C4007232E2 /* UIGestureRecognizer+UI.h */,
				E59768071F8B33C4007232E2 /* UIGestureRecognizer+UI.m */,
				E59768081F8B33C4007232E2 /* UIImage+UI.h */,
				E59768091F8B33C4007232E2 /* UIImage+UI.m */,
				E597680A1F8B33C4007232E2 /* UILabel+UI.h */,
				E597680B1F8B33C4007232E2 /* UILabel+UI.m */,
				E597680C1F8B33C4007232E2 /* UINavigationController+UI.h */,
				E597680D1F8B33C4007232E2 /* UINavigationController+UI.m */,
				E597680E1F8B33C4007232E2 /* UIScrollView+UI.h */,
				E597680F1F8B33C4007232E2 /* UIScrollView+UI.m */,
				E59768101F8B33C4007232E2 /* UITabBar+UI.h */,
				E59768111F8B33C4007232E2 /* UITabBar+UI.m */,
				E59768121F8B33C4007232E2 /* UITabBarItem+UI.h */,
				E59768131F8B33C4007232E2 /* UITabBarItem+UI.m */,
				E59768141F8B33C4007232E2 /* UITableView+UI.h */,
				E59768151F8B33C4007232E2 /* UITableView+UI.m */,
				E59768161F8B33C4007232E2 /* UITextField+UI.h */,
				E59768171F8B33C4007232E2 /* UITextField+UI.m */,
				E59768181F8B33C4007232E2 /* UITextView+UI.h */,
				E59768191F8B33C4007232E2 /* UITextView+UI.m */,
				E597681A1F8B33C4007232E2 /* UIView+UI.h */,
				E597681B1F8B33C4007232E2 /* UIView+UI.m */,
				E597681C1F8B33C4007232E2 /* UIViewController+UI.h */,
				E597681D1F8B33C4007232E2 /* UIViewController+UI.m */,
				E597681E1F8B33C4007232E2 /* UIWindow+UI.h */,
				E597681F1F8B33C4007232E2 /* UIWindow+UI.m */,
			);
			path = UIKit;
			sourceTree = "<group>";
		};
		E59768211F8B33C4007232E2 /* UIComponents */ = {
			isa = PBXGroup;
			children = (
				E59768221F8B33C4007232E2 /* UIBubbleView.h */,
				E59768231F8B33C4007232E2 /* UIBubbleView.m */,
				E59768241F8B33C4007232E2 /* UICollectionViewPagingLayout.h */,
				E59768251F8B33C4007232E2 /* UICollectionViewPagingLayout.m */,
				E59768261F8B33C4007232E2 /* UIComponents.h */,
				E59768271F8B33C4007232E2 /* UIEmptyView.h */,
				E59768281F8B33C4007232E2 /* UIEmptyView.m */,
				E59768291F8B33C4007232E2 /* UIKeyboardManager.h */,
				E597682A1F8B33C4007232E2 /* UIKeyboardManager.m */,
				E597682B1F8B33C4007232E2 /* UIModalPresentationViewController.h */,
				E597682C1F8B33C4007232E2 /* UIModalPresentationViewController.m */,
				E597682D1F8B33C4007232E2 /* UINavigationBarTransition */,
				E59768331F8B33C4007232E2 /* UINavigationButton.h */,
				E59768341F8B33C4007232E2 /* UINavigationButton.m */,
				E59768351F8B33C4007232E2 /* UINavigationTitleView.h */,
				E59768361F8B33C4007232E2 /* UINavigationTitleView.m */,
				E59768371F8B33C4007232E2 /* UIThemeManager.h */,
				E59768381F8B33C4007232E2 /* UIThemeManager.m */,
			);
			path = UIComponents;
			sourceTree = "<group>";
		};
		E597682D1F8B33C4007232E2 /* UINavigationBarTransition */ = {
			isa = PBXGroup;
			children = (
				E597682E1F8B33C4007232E2 /* NavigationBarTransition.h */,
				E597682F1F8B33C4007232E2 /* UINavigationBar+Transition.h */,
				E59768301F8B33C4007232E2 /* UINavigationBar+Transition.m */,
				E59768311F8B33C4007232E2 /* UINavigationController+NavigationBarTransition.h */,
				E59768321F8B33C4007232E2 /* UINavigationController+NavigationBarTransition.m */,
			);
			path = UINavigationBarTransition;
			sourceTree = "<group>";
		};
		E59768391F8B33C4007232E2 /* UICore */ = {
			isa = PBXGroup;
			children = (
				E597683A1F8B33C4007232E2 /* UICommonDefines.h */,
				E597683B1F8B33C4007232E2 /* UIConfiguration.h */,
				E597683C1F8B33C4007232E2 /* UIConfiguration.m */,
				E597683D1F8B33C4007232E2 /* UIConfigurationMacros.h */,
				E597683E1F8B33C4007232E2 /* UICore.h */,
				E597683F1F8B33C4007232E2 /* UIHelper.h */,
				E59768401F8B33C4007232E2 /* UIHelper.m */,
			);
			path = UICore;
			sourceTree = "<group>";
		};
		E59768411F8B33C4007232E2 /* UIMainFrame */ = {
			isa = PBXGroup;
			children = (
				E59768421F8B33C4007232E2 /* Controller */,
				E597684D1F8B33C4007232E2 /* UIMainFrame.h */,
				E597684E1F8B33C4007232E2 /* View */,
			);
			path = UIMainFrame;
			sourceTree = "<group>";
		};
		E59768421F8B33C4007232E2 /* Controller */ = {
			isa = PBXGroup;
			children = (
				E59768431F8B33C4007232E2 /* SSUICollectionViewController.h */,
				E59768441F8B33C4007232E2 /* SSUICollectionViewController.m */,
				E59768451F8B33C4007232E2 /* SSUIListViewController.h */,
				E59768461F8B33C4007232E2 /* SSUIListViewController.m */,
				E59768471F8B33C4007232E2 /* SSUINavigationController.h */,
				E59768481F8B33C4007232E2 /* SSUINavigationController.m */,
				E59768491F8B33C4007232E2 /* SSUITabBarController.h */,
				E597684A1F8B33C4007232E2 /* SSUITabBarController.m */,
				E597684B1F8B33C4007232E2 /* SSUIViewController.h */,
				E597684C1F8B33C4007232E2 /* SSUIViewController.m */,
			);
			path = Controller;
			sourceTree = "<group>";
		};
		E597684E1F8B33C4007232E2 /* View */ = {
			isa = PBXGroup;
			children = (
				E597684F1F8B33C4007232E2 /* SSUIButton.h */,
				E59768501F8B33C4007232E2 /* SSUIButton.m */,
				E59768511F8B33C4007232E2 /* SSUICollectionView.h */,
				E59768521F8B33C4007232E2 /* SSUICollectionView.m */,
				E59768531F8B33C4007232E2 /* SSUILable.h */,
				E59768541F8B33C4007232E2 /* SSUILable.m */,
				E59768551F8B33C4007232E2 /* SSUITableCell.h */,
				E59768561F8B33C4007232E2 /* SSUITableCell.m */,
				E59768571F8B33C4007232E2 /* SSUITableView.h */,
				E59768581F8B33C4007232E2 /* SSUITableView.m */,
				E59768591F8B33C4007232E2 /* SSUITextField.h */,
				E597685A1F8B33C4007232E2 /* SSUITextField.m */,
				E597685B1F8B33C4007232E2 /* SSUITextView.h */,
				E597685C1F8B33C4007232E2 /* SSUITextView.m */,
			);
			path = View;
			sourceTree = "<group>";
		};
/* End PBXGroup section */

/* Begin PBXNativeTarget section */
		E519009A1F7DE25100F280A0 /* StarShareDevUIKit */ = {
			isa = PBXNativeTarget;
			buildConfigurationList = E51900C71F7DE25200F280A0 /* Build configuration list for PBXNativeTarget "StarShareDevUIKit" */;
			buildPhases = (
				E51900971F7DE25100F280A0 /* Sources */,
				E51900981F7DE25100F280A0 /* Frameworks */,
				E51900991F7DE25100F280A0 /* Resources */,
			);
			buildRules = (
			);
			dependencies = (
			);
			name = StarShareDevUIKit;
			productName = StarShareDevUIKit;
			productReference = E519009B1F7DE25100F280A0 /* StarShareDevUIKit.app */;
			productType = "com.apple.product-type.application";
		};
		E51900B21F7DE25200F280A0 /* StarShareDevUIKitTests */ = {
			isa = PBXNativeTarget;
			buildConfigurationList = E51900CA1F7DE25200F280A0 /* Build configuration list for PBXNativeTarget "StarShareDevUIKitTests" */;
			buildPhases = (
				E51900AF1F7DE25200F280A0 /* Sources */,
				E51900B01F7DE25200F280A0 /* Frameworks */,
				E51900B11F7DE25200F280A0 /* Resources */,
			);
			buildRules = (
			);
			dependencies = (
				E51900B51F7DE25200F280A0 /* PBXTargetDependency */,
			);
			name = StarShareDevUIKitTests;
			productName = StarShareDevUIKitTests;
			productReference = E51900B31F7DE25200F280A0 /* StarShareDevUIKitTests.xctest */;
			productType = "com.apple.product-type.bundle.unit-test";
		};
		E51900BD1F7DE25200F280A0 /* StarShareDevUIKitUITests */ = {
			isa = PBXNativeTarget;
			buildConfigurationList = E51900CD1F7DE25200F280A0 /* Build configuration list for PBXNativeTarget "StarShareDevUIKitUITests" */;
			buildPhases = (
				E51900BA1F7DE25200F280A0 /* Sources */,
				E51900BB1F7DE25200F280A0 /* Frameworks */,
				E51900BC1F7DE25200F280A0 /* Resources */,
			);
			buildRules = (
			);
			dependencies = (
				E51900C01F7DE25200F280A0 /* PBXTargetDependency */,
			);
			name = StarShareDevUIKitUITests;
			productName = StarShareDevUIKitUITests;
			productReference = E51900BE1F7DE25200F280A0 /* StarShareDevUIKitUITests.xctest */;
			productType = "com.apple.product-type.bundle.ui-testing";
		};
/* End PBXNativeTarget section */

/* Begin PBXProject section */
		E51900931F7DE25100F280A0 /* Project object */ = {
			isa = PBXProject;
			attributes = {
				LastUpgradeCheck = 0900;
				ORGANIZATIONNAME = jearoc;
				TargetAttributes = {
					E519009A1F7DE25100F280A0 = {
						CreatedOnToolsVersion = 9.0;
						ProvisioningStyle = Automatic;
					};
					E51900B21F7DE25200F280A0 = {
						CreatedOnToolsVersion = 9.0;
						ProvisioningStyle = Automatic;
						TestTargetID = E519009A1F7DE25100F280A0;
					};
					E51900BD1F7DE25200F280A0 = {
						CreatedOnToolsVersion = 9.0;
						ProvisioningStyle = Automatic;
						TestTargetID = E519009A1F7DE25100F280A0;
					};
				};
			};
			buildConfigurationList = E51900961F7DE25100F280A0 /* Build configuration list for PBXProject "StarShareDevUIKit" */;
			compatibilityVersion = "Xcode 8.0";
			developmentRegion = en;
			hasScannedForEncodings = 0;
			knownRegions = (
				en,
				Base,
			);
			mainGroup = E51900921F7DE25100F280A0;
			productRefGroup = E519009C1F7DE25100F280A0 /* Products */;
			projectDirPath = "";
			projectRoot = "";
			targets = (
				E519009A1F7DE25100F280A0 /* StarShareDevUIKit */,
				E51900B21F7DE25200F280A0 /* StarShareDevUIKitTests */,
				E51900BD1F7DE25200F280A0 /* StarShareDevUIKitUITests */,
			);
		};
/* End PBXProject section */

/* Begin PBXResourcesBuildPhase section */
		E51900991F7DE25100F280A0 /* Resources */ = {
			isa = PBXResourcesBuildPhase;
			buildActionMask = 2147483647;
			files = (
				E51900AB1F7DE25200F280A0 /* LaunchScreen.storyboard in Resources */,
				E51900A81F7DE25200F280A0 /* Assets.xcassets in Resources */,
				E51900A61F7DE25200F280A0 /* Main.storyboard in Resources */,
			);
			runOnlyForDeploymentPostprocessing = 0;
		};
		E51900B11F7DE25200F280A0 /* Resources */ = {
			isa = PBXResourcesBuildPhase;
			buildActionMask = 2147483647;
			files = (
			);
			runOnlyForDeploymentPostprocessing = 0;
		};
		E51900BC1F7DE25200F280A0 /* Resources */ = {
			isa = PBXResourcesBuildPhase;
			buildActionMask = 2147483647;
			files = (
			);
			runOnlyForDeploymentPostprocessing = 0;
		};
/* End PBXResourcesBuildPhase section */

/* Begin PBXSourcesBuildPhase section */
		E51900971F7DE25100F280A0 /* Sources */ = {
			isa = PBXSourcesBuildPhase;
			buildActionMask = 2147483647;
			files = (
				E59768771F8B33C5007232E2 /* UICollectionViewPagingLayout.m in Sources */,
				E51900A31F7DE25200F280A0 /* ViewController.m in Sources */,
				E59768801F8B33C5007232E2 /* UIConfiguration.m in Sources */,
				E59768721F8B33C5007232E2 /* UITextView+UI.m in Sources */,
				E597686D1F8B33C5007232E2 /* UIScrollView+UI.m in Sources */,
				E59768691F8B33C5007232E2 /* UIGestureRecognizer+UI.m in Sources */,
				E59768841F8B33C5007232E2 /* SSUINavigationController.m in Sources */,
				E59768611F8B33C4007232E2 /* NSString+UI.m in Sources */,
				E59768741F8B33C5007232E2 /* UIViewController+UI.m in Sources */,
				E597688B1F8B33C5007232E2 /* SSUITableView.m in Sources */,
				E59768861F8B33C5007232E2 /* SSUIViewController.m in Sources */,
				E59768891F8B33C5007232E2 /* SSUILable.m in Sources */,
				E59768701F8B33C5007232E2 /* UITableView+UI.m in Sources */,
				E59768821F8B33C5007232E2 /* SSUICollectionViewController.m in Sources */,
				E59768751F8B33C5007232E2 /* UIWindow+UI.m in Sources */,
				E51900AE1F7DE25200F280A0 /* main.m in Sources */,
				E59768671F8B33C5007232E2 /* UIControl+UI.m in Sources */,
				E597688D1F8B33C5007232E2 /* SSUITextView.m in Sources */,
				E597685F1F8B33C4007232E2 /* NSMutableParagraphStyle+UI.m in Sources */,
				E597688C1F8B33C5007232E2 /* SSUITextField.m in Sources */,
				E597687C1F8B33C5007232E2 /* UINavigationController+NavigationBarTransition.m in Sources */,
				E59768621F8B33C4007232E2 /* CALayer+UI.m in Sources */,
				E59768881F8B33C5007232E2 /* SSUICollectionView.m in Sources */,
				E597686E1F8B33C5007232E2 /* UITabBar+UI.m in Sources */,
				E59768781F8B33C5007232E2 /* UIEmptyView.m in Sources */,
				E59768831F8B33C5007232E2 /* SSUIListViewController.m in Sources */,
				E59768871F8B33C5007232E2 /* SSUIButton.m in Sources */,
				E597686C1F8B33C5007232E2 /* UINavigationController+UI.m in Sources */,
				E597687F1F8B33C5007232E2 /* UIThemeManager.m in Sources */,
				E597687E1F8B33C5007232E2 /* UINavigationTitleView.m in Sources */,
				E597687A1F8B33C5007232E2 /* UIModalPresentationViewController.m in Sources */,
				E59768711F8B33C5007232E2 /* UITextField+UI.m in Sources */,
				E59768851F8B33C5007232E2 /* SSUITabBarController.m in Sources */,
				E597687B1F8B33C5007232E2 /* UINavigationBar+Transition.m in Sources */,
				E59768631F8B33C4007232E2 /* UIBezierPath+UI.m in Sources */,
				E59768731F8B33C5007232E2 /* UIView+UI.m in Sources */,
				E597686A1F8B33C5007232E2 /* UIImage+UI.m in Sources */,
				E59768651F8B33C5007232E2 /* UICollectionView+UI.m in Sources */,
				E59768811F8B33C5007232E2 /* UIHelper.m in Sources */,
				E59768681F8B33C5007232E2 /* UIFont+UI.m in Sources */,
				E59768601F8B33C4007232E2 /* NSObject+UI.m in Sources */,
				E597688A1F8B33C5007232E2 /* SSUITableCell.m in Sources */,
				E59768641F8B33C5007232E2 /* UIButton+UI.m in Sources */,
				E59768791F8B33C5007232E2 /* UIKeyboardManager.m in Sources */,
				E51900A01F7DE25200F280A0 /* AppDelegate.m in Sources */,
				E597687D1F8B33C5007232E2 /* UINavigationButton.m in Sources */,
				E597685D1F8B33C4007232E2 /* NSAttributedString+UI.m in Sources */,
				E59768761F8B33C5007232E2 /* UIBubbleView.m in Sources */,
				E597686F1F8B33C5007232E2 /* UITabBarItem+UI.m in Sources */,
				E597686B1F8B33C5007232E2 /* UILabel+UI.m in Sources */,
				E59768661F8B33C5007232E2 /* UIColor+UI.m in Sources */,
			);
			runOnlyForDeploymentPostprocessing = 0;
		};
		E51900AF1F7DE25200F280A0 /* Sources */ = {
			isa = PBXSourcesBuildPhase;
			buildActionMask = 2147483647;
			files = (
				E51900B81F7DE25200F280A0 /* StarShareDevUIKitTests.m in Sources */,
			);
			runOnlyForDeploymentPostprocessing = 0;
		};
		E51900BA1F7DE25200F280A0 /* Sources */ = {
			isa = PBXSourcesBuildPhase;
			buildActionMask = 2147483647;
			files = (
				E51900C31F7DE25200F280A0 /* StarShareDevUIKitUITests.m in Sources */,
			);
			runOnlyForDeploymentPostprocessing = 0;
		};
/* End PBXSourcesBuildPhase section */

/* Begin PBXTargetDependency section */
		E51900B51F7DE25200F280A0 /* PBXTargetDependency */ = {
			isa = PBXTargetDependency;
			target = E519009A1F7DE25100F280A0 /* StarShareDevUIKit */;
			targetProxy = E51900B41F7DE25200F280A0 /* PBXContainerItemProxy */;
		};
		E51900C01F7DE25200F280A0 /* PBXTargetDependency */ = {
			isa = PBXTargetDependency;
			target = E519009A1F7DE25100F280A0 /* StarShareDevUIKit */;
			targetProxy = E51900BF1F7DE25200F280A0 /* PBXContainerItemProxy */;
		};
/* End PBXTargetDependency section */

/* Begin PBXVariantGroup section */
		E51900A41F7DE25200F280A0 /* Main.storyboard */ = {
			isa = PBXVariantGroup;
			children = (
				E51900A51F7DE25200F280A0 /* Base */,
			);
			name = Main.storyboard;
			sourceTree = "<group>";
		};
		E51900A91F7DE25200F280A0 /* LaunchScreen.storyboard */ = {
			isa = PBXVariantGroup;
			children = (
				E51900AA1F7DE25200F280A0 /* Base */,
			);
			name = LaunchScreen.storyboard;
			sourceTree = "<group>";
		};
/* End PBXVariantGroup section */

/* Begin XCBuildConfiguration section */
		E51900C51F7DE25200F280A0 /* Debug */ = {
			isa = XCBuildConfiguration;
			buildSettings = {
				ALWAYS_SEARCH_USER_PATHS = NO;
				CLANG_ANALYZER_NONNULL = YES;
				CLANG_ANALYZER_NUMBER_OBJECT_CONVERSION = YES_AGGRESSIVE;
				CLANG_CXX_LANGUAGE_STANDARD = "gnu++14";
				CLANG_CXX_LIBRARY = "libc++";
				CLANG_ENABLE_MODULES = YES;
				CLANG_ENABLE_OBJC_ARC = YES;
				CLANG_WARN_BLOCK_CAPTURE_AUTORELEASING = YES;
				CLANG_WARN_BOOL_CONVERSION = YES;
				CLANG_WARN_COMMA = YES;
				CLANG_WARN_CONSTANT_CONVERSION = YES;
				CLANG_WARN_DIRECT_OBJC_ISA_USAGE = YES_ERROR;
				CLANG_WARN_DOCUMENTATION_COMMENTS = YES;
				CLANG_WARN_EMPTY_BODY = YES;
				CLANG_WARN_ENUM_CONVERSION = YES;
				CLANG_WARN_INFINITE_RECURSION = YES;
				CLANG_WARN_INT_CONVERSION = YES;
				CLANG_WARN_NON_LITERAL_NULL_CONVERSION = YES;
				CLANG_WARN_OBJC_LITERAL_CONVERSION = YES;
				CLANG_WARN_OBJC_ROOT_CLASS = YES_ERROR;
				CLANG_WARN_RANGE_LOOP_ANALYSIS = YES;
				CLANG_WARN_STRICT_PROTOTYPES = YES;
				CLANG_WARN_SUSPICIOUS_MOVE = YES;
				CLANG_WARN_UNGUARDED_AVAILABILITY = YES_AGGRESSIVE;
				CLANG_WARN_UNREACHABLE_CODE = YES;
				CLANG_WARN__DUPLICATE_METHOD_MATCH = YES;
				CODE_SIGN_IDENTITY = "iPhone Developer";
				COPY_PHASE_STRIP = NO;
				DEBUG_INFORMATION_FORMAT = dwarf;
				ENABLE_STRICT_OBJC_MSGSEND = YES;
				ENABLE_TESTABILITY = YES;
				GCC_C_LANGUAGE_STANDARD = gnu11;
				GCC_DYNAMIC_NO_PIC = NO;
				GCC_NO_COMMON_BLOCKS = YES;
				GCC_OPTIMIZATION_LEVEL = 0;
				GCC_PREPROCESSOR_DEFINITIONS = (
					"DEBUG=1",
					"$(inherited)",
				);
				GCC_WARN_64_TO_32_BIT_CONVERSION = YES;
				GCC_WARN_ABOUT_RETURN_TYPE = YES_ERROR;
				GCC_WARN_UNDECLARED_SELECTOR = YES;
				GCC_WARN_UNINITIALIZED_AUTOS = YES_AGGRESSIVE;
				GCC_WARN_UNUSED_FUNCTION = YES;
				GCC_WARN_UNUSED_VARIABLE = YES;
				IPHONEOS_DEPLOYMENT_TARGET = 11.0;
				MTL_ENABLE_DEBUG_INFO = YES;
				ONLY_ACTIVE_ARCH = YES;
				SDKROOT = iphoneos;
			};
			name = Debug;
		};
		E51900C61F7DE25200F280A0 /* Release */ = {
			isa = XCBuildConfiguration;
			buildSettings = {
				ALWAYS_SEARCH_USER_PATHS = NO;
				CLANG_ANALYZER_NONNULL = YES;
				CLANG_ANALYZER_NUMBER_OBJECT_CONVERSION = YES_AGGRESSIVE;
				CLANG_CXX_LANGUAGE_STANDARD = "gnu++14";
				CLANG_CXX_LIBRARY = "libc++";
				CLANG_ENABLE_MODULES = YES;
				CLANG_ENABLE_OBJC_ARC = YES;
				CLANG_WARN_BLOCK_CAPTURE_AUTORELEASING = YES;
				CLANG_WARN_BOOL_CONVERSION = YES;
				CLANG_WARN_COMMA = YES;
				CLANG_WARN_CONSTANT_CONVERSION = YES;
				CLANG_WARN_DIRECT_OBJC_ISA_USAGE = YES_ERROR;
				CLANG_WARN_DOCUMENTATION_COMMENTS = YES;
				CLANG_WARN_EMPTY_BODY = YES;
				CLANG_WARN_ENUM_CONVERSION = YES;
				CLANG_WARN_INFINITE_RECURSION = YES;
				CLANG_WARN_INT_CONVERSION = YES;
				CLANG_WARN_NON_LITERAL_NULL_CONVERSION = YES;
				CLANG_WARN_OBJC_LITERAL_CONVERSION = YES;
				CLANG_WARN_OBJC_ROOT_CLASS = YES_ERROR;
				CLANG_WARN_RANGE_LOOP_ANALYSIS = YES;
				CLANG_WARN_STRICT_PROTOTYPES = YES;
				CLANG_WARN_SUSPICIOUS_MOVE = YES;
				CLANG_WARN_UNGUARDED_AVAILABILITY = YES_AGGRESSIVE;
				CLANG_WARN_UNREACHABLE_CODE = YES;
				CLANG_WARN__DUPLICATE_METHOD_MATCH = YES;
				CODE_SIGN_IDENTITY = "iPhone Developer";
				COPY_PHASE_STRIP = NO;
				DEBUG_INFORMATION_FORMAT = "dwarf-with-dsym";
				ENABLE_NS_ASSERTIONS = NO;
				ENABLE_STRICT_OBJC_MSGSEND = YES;
				GCC_C_LANGUAGE_STANDARD = gnu11;
				GCC_NO_COMMON_BLOCKS = YES;
				GCC_WARN_64_TO_32_BIT_CONVERSION = YES;
				GCC_WARN_ABOUT_RETURN_TYPE = YES_ERROR;
				GCC_WARN_UNDECLARED_SELECTOR = YES;
				GCC_WARN_UNINITIALIZED_AUTOS = YES_AGGRESSIVE;
				GCC_WARN_UNUSED_FUNCTION = YES;
				GCC_WARN_UNUSED_VARIABLE = YES;
				IPHONEOS_DEPLOYMENT_TARGET = 11.0;
				MTL_ENABLE_DEBUG_INFO = NO;
				SDKROOT = iphoneos;
				VALIDATE_PRODUCT = YES;
			};
			name = Release;
		};
		E51900C81F7DE25200F280A0 /* Debug */ = {
			isa = XCBuildConfiguration;
			buildSettings = {
				ASSETCATALOG_COMPILER_APPICON_NAME = AppIcon;
				CODE_SIGN_STYLE = Automatic;
				DEVELOPMENT_TEAM = 5D844S57RU;
				INFOPLIST_FILE = StarShareDevUIKit/Info.plist;
				IPHONEOS_DEPLOYMENT_TARGET = 9.0;
				LD_RUNPATH_SEARCH_PATHS = "$(inherited) @executable_path/Frameworks";
				PRODUCT_BUNDLE_IDENTIFIER = code.com.rui.StarShareDevUIKit;
				PRODUCT_NAME = "$(TARGET_NAME)";
				TARGETED_DEVICE_FAMILY = "1,2";
			};
			name = Debug;
		};
		E51900C91F7DE25200F280A0 /* Release */ = {
			isa = XCBuildConfiguration;
			buildSettings = {
				ASSETCATALOG_COMPILER_APPICON_NAME = AppIcon;
				CODE_SIGN_STYLE = Automatic;
				DEVELOPMENT_TEAM = 5D844S57RU;
				INFOPLIST_FILE = StarShareDevUIKit/Info.plist;
				IPHONEOS_DEPLOYMENT_TARGET = 9.0;
				LD_RUNPATH_SEARCH_PATHS = "$(inherited) @executable_path/Frameworks";
				PRODUCT_BUNDLE_IDENTIFIER = code.com.rui.StarShareDevUIKit;
				PRODUCT_NAME = "$(TARGET_NAME)";
				TARGETED_DEVICE_FAMILY = "1,2";
			};
			name = Release;
		};
		E51900CB1F7DE25200F280A0 /* Debug */ = {
			isa = XCBuildConfiguration;
			buildSettings = {
				BUNDLE_LOADER = "$(TEST_HOST)";
				CODE_SIGN_STYLE = Automatic;
				DEVELOPMENT_TEAM = 7524R5UJ2G;
				INFOPLIST_FILE = StarShareDevUIKitTests/Info.plist;
				LD_RUNPATH_SEARCH_PATHS = "$(inherited) @executable_path/Frameworks @loader_path/Frameworks";
				PRODUCT_BUNDLE_IDENTIFIER = code.com.rui.StarShareDevUIKitTests;
				PRODUCT_NAME = "$(TARGET_NAME)";
				TARGETED_DEVICE_FAMILY = "1,2";
				TEST_HOST = "$(BUILT_PRODUCTS_DIR)/StarShareDevUIKit.app/StarShareDevUIKit";
			};
			name = Debug;
		};
		E51900CC1F7DE25200F280A0 /* Release */ = {
			isa = XCBuildConfiguration;
			buildSettings = {
				BUNDLE_LOADER = "$(TEST_HOST)";
				CODE_SIGN_STYLE = Automatic;
				DEVELOPMENT_TEAM = 7524R5UJ2G;
				INFOPLIST_FILE = StarShareDevUIKitTests/Info.plist;
				LD_RUNPATH_SEARCH_PATHS = "$(inherited) @executable_path/Frameworks @loader_path/Frameworks";
				PRODUCT_BUNDLE_IDENTIFIER = code.com.rui.StarShareDevUIKitTests;
				PRODUCT_NAME = "$(TARGET_NAME)";
				TARGETED_DEVICE_FAMILY = "1,2";
				TEST_HOST = "$(BUILT_PRODUCTS_DIR)/StarShareDevUIKit.app/StarShareDevUIKit";
			};
			name = Release;
		};
		E51900CE1F7DE25200F280A0 /* Debug */ = {
			isa = XCBuildConfiguration;
			buildSettings = {
				CODE_SIGN_STYLE = Automatic;
				DEVELOPMENT_TEAM = 7524R5UJ2G;
				INFOPLIST_FILE = StarShareDevUIKitUITests/Info.plist;
				LD_RUNPATH_SEARCH_PATHS = "$(inherited) @executable_path/Frameworks @loader_path/Frameworks";
				PRODUCT_BUNDLE_IDENTIFIER = code.com.rui.StarShareDevUIKitUITests;
				PRODUCT_NAME = "$(TARGET_NAME)";
				TARGETED_DEVICE_FAMILY = "1,2";
				TEST_TARGET_NAME = StarShareDevUIKit;
			};
			name = Debug;
		};
		E51900CF1F7DE25200F280A0 /* Release */ = {
			isa = XCBuildConfiguration;
			buildSettings = {
				CODE_SIGN_STYLE = Automatic;
				DEVELOPMENT_TEAM = 7524R5UJ2G;
				INFOPLIST_FILE = StarShareDevUIKitUITests/Info.plist;
				LD_RUNPATH_SEARCH_PATHS = "$(inherited) @executable_path/Frameworks @loader_path/Frameworks";
				PRODUCT_BUNDLE_IDENTIFIER = code.com.rui.StarShareDevUIKitUITests;
				PRODUCT_NAME = "$(TARGET_NAME)";
				TARGETED_DEVICE_FAMILY = "1,2";
				TEST_TARGET_NAME = StarShareDevUIKit;
			};
			name = Release;
		};
/* End XCBuildConfiguration section */

/* Begin XCConfigurationList section */
		E51900961F7DE25100F280A0 /* Build configuration list for PBXProject "StarShareDevUIKit" */ = {
			isa = XCConfigurationList;
			buildConfigurations = (
				E51900C51F7DE25200F280A0 /* Debug */,
				E51900C61F7DE25200F280A0 /* Release */,
			);
			defaultConfigurationIsVisible = 0;
			defaultConfigurationName = Release;
		};
		E51900C71F7DE25200F280A0 /* Build configuration list for PBXNativeTarget "StarShareDevUIKit" */ = {
			isa = XCConfigurationList;
			buildConfigurations = (
				E51900C81F7DE25200F280A0 /* Debug */,
				E51900C91F7DE25200F280A0 /* Release */,
			);
			defaultConfigurationIsVisible = 0;
			defaultConfigurationName = Release;
		};
		E51900CA1F7DE25200F280A0 /* Build configuration list for PBXNativeTarget "StarShareDevUIKitTests" */ = {
			isa = XCConfigurationList;
			buildConfigurations = (
				E51900CB1F7DE25200F280A0 /* Debug */,
				E51900CC1F7DE25200F280A0 /* Release */,
			);
			defaultConfigurationIsVisible = 0;
			defaultConfigurationName = Release;
		};
		E51900CD1F7DE25200F280A0 /* Build configuration list for PBXNativeTarget "StarShareDevUIKitUITests" */ = {
			isa = XCConfigurationList;
			buildConfigurations = (
				E51900CE1F7DE25200F280A0 /* Debug */,
				E51900CF1F7DE25200F280A0 /* Release */,
			);
			defaultConfigurationIsVisible = 0;
			defaultConfigurationName = Release;
		};
/* End XCConfigurationList section */
	};
	rootObject = E51900931F7DE25100F280A0 /* Project object */;
}
