// !$*UTF8*$!
{
	archiveVersion = 1;
	classes = {
	};
	objectVersion = 48;
	objects = {

/* Begin PBXBuildFile section */
		310259301FBD8F0D0023BCDB /* SSUIWebViewController.m in Sources */ = {isa = PBXBuildFile; fileRef = 3102592F1FBD8F0D0023BCDB /* SSUIWebViewController.m */; };
		310259331FBD919E0023BCDB /* SSWebSecurityPolicy.m in Sources */ = {isa = PBXBuildFile; fileRef = 310259321FBD919E0023BCDB /* SSWebSecurityPolicy.m */; };
		31165F0C1FDE31CB001B326A /* SSUIMenuNode.m in Sources */ = {isa = PBXBuildFile; fileRef = 31165F041FDE31CB001B326A /* SSUIMenuNode.m */; };
		31165F0D1FDE31CB001B326A /* SSUIMenuView.m in Sources */ = {isa = PBXBuildFile; fileRef = 31165F051FDE31CB001B326A /* SSUIMenuView.m */; };
		31165F0E1FDE31CB001B326A /* SSUIMenuPointer.m in Sources */ = {isa = PBXBuildFile; fileRef = 31165F071FDE31CB001B326A /* SSUIMenuPointer.m */; };
		31165F0F1FDE31CB001B326A /* SSUIMenuScrollView.m in Sources */ = {isa = PBXBuildFile; fileRef = 31165F0A1FDE31CB001B326A /* SSUIMenuScrollView.m */; };
		3126F4931FB546A4003FFB58 /* SSUIAlertController.m in Sources */ = {isa = PBXBuildFile; fileRef = 3126F4921FB546A4003FFB58 /* SSUIAlertController.m */; };
		3126F49C1FB59975003FFB58 /* SSUIAsset.m in Sources */ = {isa = PBXBuildFile; fileRef = 3126F49B1FB59975003FFB58 /* SSUIAsset.m */; };
		3126F49F1FB59FD0003FFB58 /* SSUIAssetsManager.m in Sources */ = {isa = PBXBuildFile; fileRef = 3126F49E1FB59FD0003FFB58 /* SSUIAssetsManager.m */; };
		3126F4A21FB5A5F7003FFB58 /* SSUIAssetsGroup.m in Sources */ = {isa = PBXBuildFile; fileRef = 3126F4A11FB5A5F7003FFB58 /* SSUIAssetsGroup.m */; };
		3126F4A61FB5AE0C003FFB58 /* SSUIAlbumViewController.m in Sources */ = {isa = PBXBuildFile; fileRef = 3126F4A51FB5AE0C003FFB58 /* SSUIAlbumViewController.m */; };
		3126F4A91FB5AE60003FFB58 /* SSUIImagePickerViewController.m in Sources */ = {isa = PBXBuildFile; fileRef = 3126F4A81FB5AE60003FFB58 /* SSUIImagePickerViewController.m */; };
		3126F4AC1FB5BE96003FFB58 /* SSUIImagePickerCollectionViewCell.m in Sources */ = {isa = PBXBuildFile; fileRef = 3126F4AB1FB5BE96003FFB58 /* SSUIImagePickerCollectionViewCell.m */; };
		3126F4AF1FB5C8EE003FFB58 /* SSUIZoomImageView.m in Sources */ = {isa = PBXBuildFile; fileRef = 3126F4AE1FB5C8EE003FFB58 /* SSUIZoomImageView.m */; };
		3126F4B21FB5CB6C003FFB58 /* SSUIImagePreviewView.m in Sources */ = {isa = PBXBuildFile; fileRef = 3126F4B11FB5CB6C003FFB58 /* SSUIImagePreviewView.m */; };
		3126F4B51FB5CD6C003FFB58 /* SSUIImagePreviewViewController.m in Sources */ = {isa = PBXBuildFile; fileRef = 3126F4B41FB5CD6C003FFB58 /* SSUIImagePreviewViewController.m */; };
		3126F4B81FB5CE97003FFB58 /* SSUIImagePickerPreviewViewController.m in Sources */ = {isa = PBXBuildFile; fileRef = 3126F4B71FB5CE97003FFB58 /* SSUIImagePickerPreviewViewController.m */; };
		3126F4BB1FB5CFE4003FFB58 /* SSUIImagePickerHelper.m in Sources */ = {isa = PBXBuildFile; fileRef = 3126F4BA1FB5CFE4003FFB58 /* SSUIImagePickerHelper.m */; };
		31311E671FA0D04800E54DD0 /* SSUISwitch.m in Sources */ = {isa = PBXBuildFile; fileRef = 31311E661FA0D04800E54DD0 /* SSUISwitch.m */; };
		318EC2451FB736FD00387E1C /* SSUIPieProgressView.m in Sources */ = {isa = PBXBuildFile; fileRef = 318EC2441FB736FD00387E1C /* SSUIPieProgressView.m */; };
		31B5ADE01FBC45350087B163 /* NSDate+UI.m in Sources */ = {isa = PBXBuildFile; fileRef = 31B5ADDF1FBC45350087B163 /* NSDate+UI.m */; };
		E51900A01F7DE25200F280A0 /* AppDelegate.m in Sources */ = {isa = PBXBuildFile; fileRef = E519009F1F7DE25200F280A0 /* AppDelegate.m */; };
		E51900A31F7DE25200F280A0 /* ViewController.m in Sources */ = {isa = PBXBuildFile; fileRef = E51900A21F7DE25200F280A0 /* ViewController.m */; };
		E51900A61F7DE25200F280A0 /* Main.storyboard in Resources */ = {isa = PBXBuildFile; fileRef = E51900A41F7DE25200F280A0 /* Main.storyboard */; };
		E51900A81F7DE25200F280A0 /* Assets.xcassets in Resources */ = {isa = PBXBuildFile; fileRef = E51900A71F7DE25200F280A0 /* Assets.xcassets */; };
		E51900AB1F7DE25200F280A0 /* LaunchScreen.storyboard in Resources */ = {isa = PBXBuildFile; fileRef = E51900A91F7DE25200F280A0 /* LaunchScreen.storyboard */; };
		E51900AE1F7DE25200F280A0 /* main.m in Sources */ = {isa = PBXBuildFile; fileRef = E51900AD1F7DE25200F280A0 /* main.m */; };
		E51900B81F7DE25200F280A0 /* StarShareDevUIKitTests.m in Sources */ = {isa = PBXBuildFile; fileRef = E51900B71F7DE25200F280A0 /* StarShareDevUIKitTests.m */; };
		E51900C31F7DE25200F280A0 /* StarShareDevUIKitUITests.m in Sources */ = {isa = PBXBuildFile; fileRef = E51900C21F7DE25200F280A0 /* StarShareDevUIKitUITests.m */; };
		E54CE2131F8DEDA800430EC9 /* NSAttributedString+UI.m in Sources */ = {isa = PBXBuildFile; fileRef = E54CE1901F8DEDA700430EC9 /* NSAttributedString+UI.m */; };
		E54CE2141F8DEDA800430EC9 /* NSMutableParagraphStyle+UI.m in Sources */ = {isa = PBXBuildFile; fileRef = E54CE1921F8DEDA700430EC9 /* NSMutableParagraphStyle+UI.m */; };
		E54CE2151F8DEDA800430EC9 /* NSObject+UI.m in Sources */ = {isa = PBXBuildFile; fileRef = E54CE1941F8DEDA700430EC9 /* NSObject+UI.m */; };
		E54CE2161F8DEDA800430EC9 /* NSString+UI.m in Sources */ = {isa = PBXBuildFile; fileRef = E54CE1961F8DEDA700430EC9 /* NSString+UI.m */; };
		E54CE2171F8DEDA800430EC9 /* CALayer+UI.m in Sources */ = {isa = PBXBuildFile; fileRef = E54CE19A1F8DEDA700430EC9 /* CALayer+UI.m */; };
		E54CE2181F8DEDA800430EC9 /* UIBezierPath+UI.m in Sources */ = {isa = PBXBuildFile; fileRef = E54CE19C1F8DEDA700430EC9 /* UIBezierPath+UI.m */; };
		E54CE2191F8DEDA800430EC9 /* UIButton+UI.m in Sources */ = {isa = PBXBuildFile; fileRef = E54CE19E1F8DEDA700430EC9 /* UIButton+UI.m */; };
		E54CE21A1F8DEDA800430EC9 /* UICollectionView+UI.m in Sources */ = {isa = PBXBuildFile; fileRef = E54CE1A01F8DEDA700430EC9 /* UICollectionView+UI.m */; };
		E54CE21B1F8DEDA800430EC9 /* UIColor+UI.m in Sources */ = {isa = PBXBuildFile; fileRef = E54CE1A21F8DEDA700430EC9 /* UIColor+UI.m */; };
		E54CE21C1F8DEDA800430EC9 /* UIControl+UI.m in Sources */ = {isa = PBXBuildFile; fileRef = E54CE1A41F8DEDA700430EC9 /* UIControl+UI.m */; };
		E54CE21D1F8DEDA800430EC9 /* UIFont+UI.m in Sources */ = {isa = PBXBuildFile; fileRef = E54CE1A61F8DEDA700430EC9 /* UIFont+UI.m */; };
		E54CE21E1F8DEDA800430EC9 /* UIGestureRecognizer+UI.m in Sources */ = {isa = PBXBuildFile; fileRef = E54CE1A81F8DEDA700430EC9 /* UIGestureRecognizer+UI.m */; };
		E54CE21F1F8DEDA800430EC9 /* UIImage+UI.m in Sources */ = {isa = PBXBuildFile; fileRef = E54CE1AA1F8DEDA700430EC9 /* UIImage+UI.m */; };
		E54CE2201F8DEDA800430EC9 /* UILabel+UI.m in Sources */ = {isa = PBXBuildFile; fileRef = E54CE1AC1F8DEDA700430EC9 /* UILabel+UI.m */; };
		E54CE2211F8DEDA800430EC9 /* UINavigationController+UI.m in Sources */ = {isa = PBXBuildFile; fileRef = E54CE1AE1F8DEDA700430EC9 /* UINavigationController+UI.m */; };
		E54CE2221F8DEDA800430EC9 /* UIScrollView+UI.m in Sources */ = {isa = PBXBuildFile; fileRef = E54CE1B01F8DEDA700430EC9 /* UIScrollView+UI.m */; };
		E54CE2231F8DEDA800430EC9 /* UITabBar+UI.m in Sources */ = {isa = PBXBuildFile; fileRef = E54CE1B21F8DEDA700430EC9 /* UITabBar+UI.m */; };
		E54CE2241F8DEDA800430EC9 /* UITabBarItem+UI.m in Sources */ = {isa = PBXBuildFile; fileRef = E54CE1B41F8DEDA700430EC9 /* UITabBarItem+UI.m */; };
		E54CE2251F8DEDA800430EC9 /* UITableView+UI.m in Sources */ = {isa = PBXBuildFile; fileRef = E54CE1B61F8DEDA700430EC9 /* UITableView+UI.m */; };
		E54CE2261F8DEDA800430EC9 /* UITextField+UI.m in Sources */ = {isa = PBXBuildFile; fileRef = E54CE1B81F8DEDA700430EC9 /* UITextField+UI.m */; };
		E54CE2271F8DEDA800430EC9 /* UITextView+UI.m in Sources */ = {isa = PBXBuildFile; fileRef = E54CE1BA1F8DEDA700430EC9 /* UITextView+UI.m */; };
		E54CE2281F8DEDA800430EC9 /* UIView+UI.m in Sources */ = {isa = PBXBuildFile; fileRef = E54CE1BC1F8DEDA700430EC9 /* UIView+UI.m */; };
		E54CE2291F8DEDA800430EC9 /* UIViewController+UI.m in Sources */ = {isa = PBXBuildFile; fileRef = E54CE1BE1F8DEDA700430EC9 /* UIViewController+UI.m */; };
		E54CE22A1F8DEDA800430EC9 /* UIWindow+UI.m in Sources */ = {isa = PBXBuildFile; fileRef = E54CE1C01F8DEDA700430EC9 /* UIWindow+UI.m */; };
		E54CE22B1F8DEDA800430EC9 /* StarShareUIResources.bundle in Resources */ = {isa = PBXBuildFile; fileRef = E54CE1C31F8DEDA700430EC9 /* StarShareUIResources.bundle */; };
		E54CE22C1F8DEDA800430EC9 /* UIBubbleView.m in Sources */ = {isa = PBXBuildFile; fileRef = E54CE1C61F8DEDA700430EC9 /* UIBubbleView.m */; };
		E54CE22D1F8DEDA800430EC9 /* UICollectionViewPagingLayout.m in Sources */ = {isa = PBXBuildFile; fileRef = E54CE1C81F8DEDA700430EC9 /* UICollectionViewPagingLayout.m */; };
		E54CE22E1F8DEDA800430EC9 /* UIEmptyView.m in Sources */ = {isa = PBXBuildFile; fileRef = E54CE1CB1F8DEDA700430EC9 /* UIEmptyView.m */; };
		E54CE22F1F8DEDA800430EC9 /* UIKeyboardManager.m in Sources */ = {isa = PBXBuildFile; fileRef = E54CE1CD1F8DEDA700430EC9 /* UIKeyboardManager.m */; };
		E54CE2301F8DEDA800430EC9 /* UIModalPresentationViewController.m in Sources */ = {isa = PBXBuildFile; fileRef = E54CE1CF1F8DEDA700430EC9 /* UIModalPresentationViewController.m */; };
		E54CE2311F8DEDA800430EC9 /* UINavigationBar+Transition.m in Sources */ = {isa = PBXBuildFile; fileRef = E54CE1D31F8DEDA700430EC9 /* UINavigationBar+Transition.m */; };
		E54CE2321F8DEDA800430EC9 /* UINavigationController+NavigationBarTransition.m in Sources */ = {isa = PBXBuildFile; fileRef = E54CE1D51F8DEDA700430EC9 /* UINavigationController+NavigationBarTransition.m */; };
		E54CE2331F8DEDA800430EC9 /* UINavigationButton.m in Sources */ = {isa = PBXBuildFile; fileRef = E54CE1D71F8DEDA700430EC9 /* UINavigationButton.m */; };
		E54CE2341F8DEDA800430EC9 /* UINavigationTitleView.m in Sources */ = {isa = PBXBuildFile; fileRef = E54CE1D91F8DEDA700430EC9 /* UINavigationTitleView.m */; };
		E54CE2351F8DEDA800430EC9 /* UIStaticTableViewCellData.m in Sources */ = {isa = PBXBuildFile; fileRef = E54CE1DD1F8DEDA700430EC9 /* UIStaticTableViewCellData.m */; };
		E54CE2361F8DEDA800430EC9 /* UIStaticTableViewCellDataSource.m in Sources */ = {isa = PBXBuildFile; fileRef = E54CE1DF1F8DEDA700430EC9 /* UIStaticTableViewCellDataSource.m */; };
		E54CE2371F8DEDA800430EC9 /* UITableView+UIStaticCell.m in Sources */ = {isa = PBXBuildFile; fileRef = E54CE1E11F8DEDA700430EC9 /* UITableView+UIStaticCell.m */; };
		E54CE2381F8DEDA800430EC9 /* UIThemeManager.m in Sources */ = {isa = PBXBuildFile; fileRef = E54CE1E31F8DEDA700430EC9 /* UIThemeManager.m */; };
		E54CE2391F8DEDA800430EC9 /* UITips.m in Sources */ = {isa = PBXBuildFile; fileRef = E54CE1E51F8DEDA700430EC9 /* UITips.m */; };
		E54CE23A1F8DEDA800430EC9 /* UIToastAnimator.m in Sources */ = {isa = PBXBuildFile; fileRef = E54CE1E81F8DEDA700430EC9 /* UIToastAnimator.m */; };
		E54CE23B1F8DEDA800430EC9 /* UIToastBackgroundView.m in Sources */ = {isa = PBXBuildFile; fileRef = E54CE1EA1F8DEDA700430EC9 /* UIToastBackgroundView.m */; };
		E54CE23C1F8DEDA800430EC9 /* UIToastContentView.m in Sources */ = {isa = PBXBuildFile; fileRef = E54CE1EC1F8DEDA700430EC9 /* UIToastContentView.m */; };
		E54CE23D1F8DEDA800430EC9 /* UIToastView.m in Sources */ = {isa = PBXBuildFile; fileRef = E54CE1EE1F8DEDA700430EC9 /* UIToastView.m */; };
		E54CE23E1F8DEDA800430EC9 /* UIConfiguration.m in Sources */ = {isa = PBXBuildFile; fileRef = E54CE1F21F8DEDA700430EC9 /* UIConfiguration.m */; };
		E54CE23F1F8DEDA800430EC9 /* UIHelper.m in Sources */ = {isa = PBXBuildFile; fileRef = E54CE1F61F8DEDA700430EC9 /* UIHelper.m */; };
		E54CE2401F8DEDA800430EC9 /* SSUICollectionViewController.m in Sources */ = {isa = PBXBuildFile; fileRef = E54CE1FA1F8DEDA700430EC9 /* SSUICollectionViewController.m */; };
		E54CE2411F8DEDA800430EC9 /* SSUIListViewController.m in Sources */ = {isa = PBXBuildFile; fileRef = E54CE1FC1F8DEDA700430EC9 /* SSUIListViewController.m */; };
		E54CE2421F8DEDA800430EC9 /* SSUINavigationController.m in Sources */ = {isa = PBXBuildFile; fileRef = E54CE1FE1F8DEDA700430EC9 /* SSUINavigationController.m */; };
		E54CE2431F8DEDA800430EC9 /* SSUITabBarController.m in Sources */ = {isa = PBXBuildFile; fileRef = E54CE2001F8DEDA700430EC9 /* SSUITabBarController.m */; };
		E54CE2441F8DEDA800430EC9 /* SSUIViewController.m in Sources */ = {isa = PBXBuildFile; fileRef = E54CE2021F8DEDA700430EC9 /* SSUIViewController.m */; };
		E54CE2451F8DEDA800430EC9 /* SSUIButton.m in Sources */ = {isa = PBXBuildFile; fileRef = E54CE2061F8DEDA700430EC9 /* SSUIButton.m */; };
		E54CE2461F8DEDA800430EC9 /* SSUICollectionView.m in Sources */ = {isa = PBXBuildFile; fileRef = E54CE2081F8DEDA700430EC9 /* SSUICollectionView.m */; };
		E54CE2471F8DEDA800430EC9 /* SSUILable.m in Sources */ = {isa = PBXBuildFile; fileRef = E54CE20A1F8DEDA700430EC9 /* SSUILable.m */; };
		E54CE2481F8DEDA800430EC9 /* SSUITableCell.m in Sources */ = {isa = PBXBuildFile; fileRef = E54CE20C1F8DEDA700430EC9 /* SSUITableCell.m */; };
		E54CE2491F8DEDA800430EC9 /* SSUITableView.m in Sources */ = {isa = PBXBuildFile; fileRef = E54CE20E1F8DEDA700430EC9 /* SSUITableView.m */; };
		E54CE24A1F8DEDA800430EC9 /* SSUITextField.m in Sources */ = {isa = PBXBuildFile; fileRef = E54CE2101F8DEDA700430EC9 /* SSUITextField.m */; };
		E54CE24B1F8DEDA800430EC9 /* SSUITextView.m in Sources */ = {isa = PBXBuildFile; fileRef = E54CE2121F8DEDA700430EC9 /* SSUITextView.m */; };
		E54CE24E1F8DEE4000430EC9 /* UIGridView.m in Sources */ = {isa = PBXBuildFile; fileRef = E54CE24D1F8DEE4000430EC9 /* UIGridView.m */; };
		E54CE2511F8DF09B00430EC9 /* SSUISlider.m in Sources */ = {isa = PBXBuildFile; fileRef = E54CE2501F8DF09B00430EC9 /* SSUISlider.m */; };
		E54CE2571F8DF62C00430EC9 /* UIMarqueeLabel.m in Sources */ = {isa = PBXBuildFile; fileRef = E54CE2561F8DF62C00430EC9 /* UIMarqueeLabel.m */; };
		E54F76D41F972984008136B3 /* UIImageView+UI.m in Sources */ = {isa = PBXBuildFile; fileRef = E54F76D31F972984008136B3 /* UIImageView+UI.m */; };
		E568163E1F94990E00D01212 /* SSUIVisualEffectView.m in Sources */ = {isa = PBXBuildFile; fileRef = E568163D1F94990E00D01212 /* SSUIVisualEffectView.m */; };
/* End PBXBuildFile section */

/* Begin PBXContainerItemProxy section */
		E51900B41F7DE25200F280A0 /* PBXContainerItemProxy */ = {
			isa = PBXContainerItemProxy;
			containerPortal = E51900931F7DE25100F280A0 /* Project object */;
			proxyType = 1;
			remoteGlobalIDString = E519009A1F7DE25100F280A0;
			remoteInfo = StarShareDevUIKit;
		};
		E51900BF1F7DE25200F280A0 /* PBXContainerItemProxy */ = {
			isa = PBXContainerItemProxy;
			containerPortal = E51900931F7DE25100F280A0 /* Project object */;
			proxyType = 1;
			remoteGlobalIDString = E519009A1F7DE25100F280A0;
			remoteInfo = StarShareDevUIKit;
		};
/* End PBXContainerItemProxy section */

/* Begin PBXFileReference section */
		3102592E1FBD8F0D0023BCDB /* SSUIWebViewController.h */ = {isa = PBXFileReference; lastKnownFileType = sourcecode.c.h; path = SSUIWebViewController.h; sourceTree = "<group>"; };
		3102592F1FBD8F0D0023BCDB /* SSUIWebViewController.m */ = {isa = PBXFileReference; lastKnownFileType = sourcecode.c.objc; path = SSUIWebViewController.m; sourceTree = "<group>"; };
		310259311FBD919E0023BCDB /* SSWebSecurityPolicy.h */ = {isa = PBXFileReference; lastKnownFileType = sourcecode.c.h; path = SSWebSecurityPolicy.h; sourceTree = "<group>"; };
		310259321FBD919E0023BCDB /* SSWebSecurityPolicy.m */ = {isa = PBXFileReference; lastKnownFileType = sourcecode.c.objc; path = SSWebSecurityPolicy.m; sourceTree = "<group>"; };
		31165F041FDE31CB001B326A /* SSUIMenuNode.m */ = {isa = PBXFileReference; fileEncoding = 4; lastKnownFileType = sourcecode.c.objc; path = SSUIMenuNode.m; sourceTree = "<group>"; };
		31165F051FDE31CB001B326A /* SSUIMenuView.m */ = {isa = PBXFileReference; fileEncoding = 4; lastKnownFileType = sourcecode.c.objc; path = SSUIMenuView.m; sourceTree = "<group>"; };
		31165F061FDE31CB001B326A /* SSUIMenuScrollView.h */ = {isa = PBXFileReference; fileEncoding = 4; lastKnownFileType = sourcecode.c.h; path = SSUIMenuScrollView.h; sourceTree = "<group>"; };
		31165F071FDE31CB001B326A /* SSUIMenuPointer.m */ = {isa = PBXFileReference; fileEncoding = 4; lastKnownFileType = sourcecode.c.objc; path = SSUIMenuPointer.m; sourceTree = "<group>"; };
		31165F081FDE31CB001B326A /* SSUIMenuView.h */ = {isa = PBXFileReference; fileEncoding = 4; lastKnownFileType = sourcecode.c.h; path = SSUIMenuView.h; sourceTree = "<group>"; };
		31165F091FDE31CB001B326A /* SSUIMenuNode.h */ = {isa = PBXFileReference; fileEncoding = 4; lastKnownFileType = sourcecode.c.h; path = SSUIMenuNode.h; sourceTree = "<group>"; };
		31165F0A1FDE31CB001B326A /* SSUIMenuScrollView.m */ = {isa = PBXFileReference; fileEncoding = 4; lastKnownFileType = sourcecode.c.objc; path = SSUIMenuScrollView.m; sourceTree = "<group>"; };
		31165F0B1FDE31CB001B326A /* SSUIMenuPointer.h */ = {isa = PBXFileReference; fileEncoding = 4; lastKnownFileType = sourcecode.c.h; path = SSUIMenuPointer.h; sourceTree = "<group>"; };
		3126F4911FB546A4003FFB58 /* SSUIAlertController.h */ = {isa = PBXFileReference; lastKnownFileType = sourcecode.c.h; path = SSUIAlertController.h; sourceTree = "<group>"; };
		3126F4921FB546A4003FFB58 /* SSUIAlertController.m */ = {isa = PBXFileReference; lastKnownFileType = sourcecode.c.objc; path = SSUIAlertController.m; sourceTree = "<group>"; };
		3126F49A1FB59975003FFB58 /* SSUIAsset.h */ = {isa = PBXFileReference; lastKnownFileType = sourcecode.c.h; path = SSUIAsset.h; sourceTree = "<group>"; };
		3126F49B1FB59975003FFB58 /* SSUIAsset.m */ = {isa = PBXFileReference; lastKnownFileType = sourcecode.c.objc; path = SSUIAsset.m; sourceTree = "<group>"; };
		3126F49D1FB59FD0003FFB58 /* SSUIAssetsManager.h */ = {isa = PBXFileReference; lastKnownFileType = sourcecode.c.h; path = SSUIAssetsManager.h; sourceTree = "<group>"; };
		3126F49E1FB59FD0003FFB58 /* SSUIAssetsManager.m */ = {isa = PBXFileReference; lastKnownFileType = sourcecode.c.objc; path = SSUIAssetsManager.m; sourceTree = "<group>"; };
		3126F4A01FB5A5F7003FFB58 /* SSUIAssetsGroup.h */ = {isa = PBXFileReference; lastKnownFileType = sourcecode.c.h; path = SSUIAssetsGroup.h; sourceTree = "<group>"; };
		3126F4A11FB5A5F7003FFB58 /* SSUIAssetsGroup.m */ = {isa = PBXFileReference; lastKnownFileType = sourcecode.c.objc; path = SSUIAssetsGroup.m; sourceTree = "<group>"; };
		3126F4A41FB5AE0C003FFB58 /* SSUIAlbumViewController.h */ = {isa = PBXFileReference; lastKnownFileType = sourcecode.c.h; path = SSUIAlbumViewController.h; sourceTree = "<group>"; };
		3126F4A51FB5AE0C003FFB58 /* SSUIAlbumViewController.m */ = {isa = PBXFileReference; lastKnownFileType = sourcecode.c.objc; path = SSUIAlbumViewController.m; sourceTree = "<group>"; };
		3126F4A71FB5AE60003FFB58 /* SSUIImagePickerViewController.h */ = {isa = PBXFileReference; lastKnownFileType = sourcecode.c.h; path = SSUIImagePickerViewController.h; sourceTree = "<group>"; };
		3126F4A81FB5AE60003FFB58 /* SSUIImagePickerViewController.m */ = {isa = PBXFileReference; lastKnownFileType = sourcecode.c.objc; path = SSUIImagePickerViewController.m; sourceTree = "<group>"; };
		3126F4AA1FB5BE96003FFB58 /* SSUIImagePickerCollectionViewCell.h */ = {isa = PBXFileReference; lastKnownFileType = sourcecode.c.h; path = SSUIImagePickerCollectionViewCell.h; sourceTree = "<group>"; };
		3126F4AB1FB5BE96003FFB58 /* SSUIImagePickerCollectionViewCell.m */ = {isa = PBXFileReference; lastKnownFileType = sourcecode.c.objc; path = SSUIImagePickerCollectionViewCell.m; sourceTree = "<group>"; };
		3126F4AD1FB5C8EE003FFB58 /* SSUIZoomImageView.h */ = {isa = PBXFileReference; lastKnownFileType = sourcecode.c.h; path = SSUIZoomImageView.h; sourceTree = "<group>"; };
		3126F4AE1FB5C8EE003FFB58 /* SSUIZoomImageView.m */ = {isa = PBXFileReference; lastKnownFileType = sourcecode.c.objc; path = SSUIZoomImageView.m; sourceTree = "<group>"; };
		3126F4B01FB5CB6C003FFB58 /* SSUIImagePreviewView.h */ = {isa = PBXFileReference; lastKnownFileType = sourcecode.c.h; path = SSUIImagePreviewView.h; sourceTree = "<group>"; };
		3126F4B11FB5CB6C003FFB58 /* SSUIImagePreviewView.m */ = {isa = PBXFileReference; lastKnownFileType = sourcecode.c.objc; path = SSUIImagePreviewView.m; sourceTree = "<group>"; };
		3126F4B31FB5CD6C003FFB58 /* SSUIImagePreviewViewController.h */ = {isa = PBXFileReference; lastKnownFileType = sourcecode.c.h; path = SSUIImagePreviewViewController.h; sourceTree = "<group>"; };
		3126F4B41FB5CD6C003FFB58 /* SSUIImagePreviewViewController.m */ = {isa = PBXFileReference; lastKnownFileType = sourcecode.c.objc; path = SSUIImagePreviewViewController.m; sourceTree = "<group>"; };
		3126F4B61FB5CE97003FFB58 /* SSUIImagePickerPreviewViewController.h */ = {isa = PBXFileReference; lastKnownFileType = sourcecode.c.h; path = SSUIImagePickerPreviewViewController.h; sourceTree = "<group>"; };
		3126F4B71FB5CE97003FFB58 /* SSUIImagePickerPreviewViewController.m */ = {isa = PBXFileReference; lastKnownFileType = sourcecode.c.objc; path = SSUIImagePickerPreviewViewController.m; sourceTree = "<group>"; };
		3126F4B91FB5CFE4003FFB58 /* SSUIImagePickerHelper.h */ = {isa = PBXFileReference; lastKnownFileType = sourcecode.c.h; path = SSUIImagePickerHelper.h; sourceTree = "<group>"; };
		3126F4BA1FB5CFE4003FFB58 /* SSUIImagePickerHelper.m */ = {isa = PBXFileReference; lastKnownFileType = sourcecode.c.objc; path = SSUIImagePickerHelper.m; sourceTree = "<group>"; };
		31311E651FA0D04800E54DD0 /* SSUISwitch.h */ = {isa = PBXFileReference; lastKnownFileType = sourcecode.c.h; path = SSUISwitch.h; sourceTree = "<group>"; };
		31311E661FA0D04800E54DD0 /* SSUISwitch.m */ = {isa = PBXFileReference; lastKnownFileType = sourcecode.c.objc; path = SSUISwitch.m; sourceTree = "<group>"; };
		318EC2431FB736FD00387E1C /* SSUIPieProgressView.h */ = {isa = PBXFileReference; lastKnownFileType = sourcecode.c.h; path = SSUIPieProgressView.h; sourceTree = "<group>"; };
		318EC2441FB736FD00387E1C /* SSUIPieProgressView.m */ = {isa = PBXFileReference; lastKnownFileType = sourcecode.c.objc; path = SSUIPieProgressView.m; sourceTree = "<group>"; };
		31B5ADDE1FBC45350087B163 /* NSDate+UI.h */ = {isa = PBXFileReference; lastKnownFileType = sourcecode.c.h; path = "NSDate+UI.h"; sourceTree = "<group>"; };
		31B5ADDF1FBC45350087B163 /* NSDate+UI.m */ = {isa = PBXFileReference; lastKnownFileType = sourcecode.c.objc; path = "NSDate+UI.m"; sourceTree = "<group>"; };
		E519009B1F7DE25100F280A0 /* StarShareDevUIKit.app */ = {isa = PBXFileReference; explicitFileType = wrapper.application; includeInIndex = 0; path = StarShareDevUIKit.app; sourceTree = BUILT_PRODUCTS_DIR; };
		E519009E1F7DE25200F280A0 /* AppDelegate.h */ = {isa = PBXFileReference; lastKnownFileType = sourcecode.c.h; path = AppDelegate.h; sourceTree = "<group>"; };
		E519009F1F7DE25200F280A0 /* AppDelegate.m */ = {isa = PBXFileReference; lastKnownFileType = sourcecode.c.objc; path = AppDelegate.m; sourceTree = "<group>"; };
		E51900A11F7DE25200F280A0 /* ViewController.h */ = {isa = PBXFileReference; lastKnownFileType = sourcecode.c.h; path = ViewController.h; sourceTree = "<group>"; };
		E51900A21F7DE25200F280A0 /* ViewController.m */ = {isa = PBXFileReference; lastKnownFileType = sourcecode.c.objc; path = ViewController.m; sourceTree = "<group>"; };
		E51900A51F7DE25200F280A0 /* Base */ = {isa = PBXFileReference; lastKnownFileType = file.storyboard; name = Base; path = Base.lproj/Main.storyboard; sourceTree = "<group>"; };
		E51900A71F7DE25200F280A0 /* Assets.xcassets */ = {isa = PBXFileReference; lastKnownFileType = folder.assetcatalog; path = Assets.xcassets; sourceTree = "<group>"; };
		E51900AA1F7DE25200F280A0 /* Base */ = {isa = PBXFileReference; lastKnownFileType = file.storyboard; name = Base; path = Base.lproj/LaunchScreen.storyboard; sourceTree = "<group>"; };
		E51900AC1F7DE25200F280A0 /* Info.plist */ = {isa = PBXFileReference; lastKnownFileType = text.plist.xml; path = Info.plist; sourceTree = "<group>"; };
		E51900AD1F7DE25200F280A0 /* main.m */ = {isa = PBXFileReference; lastKnownFileType = sourcecode.c.objc; path = main.m; sourceTree = "<group>"; };
		E51900B31F7DE25200F280A0 /* StarShareDevUIKitTests.xctest */ = {isa = PBXFileReference; explicitFileType = wrapper.cfbundle; includeInIndex = 0; path = StarShareDevUIKitTests.xctest; sourceTree = BUILT_PRODUCTS_DIR; };
		E51900B71F7DE25200F280A0 /* StarShareDevUIKitTests.m */ = {isa = PBXFileReference; lastKnownFileType = sourcecode.c.objc; path = StarShareDevUIKitTests.m; sourceTree = "<group>"; };
		E51900B91F7DE25200F280A0 /* Info.plist */ = {isa = PBXFileReference; lastKnownFileType = text.plist.xml; path = Info.plist; sourceTree = "<group>"; };
		E51900BE1F7DE25200F280A0 /* StarShareDevUIKitUITests.xctest */ = {isa = PBXFileReference; explicitFileType = wrapper.cfbundle; includeInIndex = 0; path = StarShareDevUIKitUITests.xctest; sourceTree = BUILT_PRODUCTS_DIR; };
		E51900C21F7DE25200F280A0 /* StarShareDevUIKitUITests.m */ = {isa = PBXFileReference; lastKnownFileType = sourcecode.c.objc; path = StarShareDevUIKitUITests.m; sourceTree = "<group>"; };
		E51900C41F7DE25200F280A0 /* Info.plist */ = {isa = PBXFileReference; lastKnownFileType = text.plist.xml; path = Info.plist; sourceTree = "<group>"; };
		E54CE18F1F8DEDA700430EC9 /* NSAttributedString+UI.h */ = {isa = PBXFileReference; fileEncoding = 4; lastKnownFileType = sourcecode.c.h; path = "NSAttributedString+UI.h"; sourceTree = "<group>"; };
		E54CE1901F8DEDA700430EC9 /* NSAttributedString+UI.m */ = {isa = PBXFileReference; fileEncoding = 4; lastKnownFileType = sourcecode.c.objc; path = "NSAttributedString+UI.m"; sourceTree = "<group>"; };
		E54CE1911F8DEDA700430EC9 /* NSMutableParagraphStyle+UI.h */ = {isa = PBXFileReference; fileEncoding = 4; lastKnownFileType = sourcecode.c.h; path = "NSMutableParagraphStyle+UI.h"; sourceTree = "<group>"; };
		E54CE1921F8DEDA700430EC9 /* NSMutableParagraphStyle+UI.m */ = {isa = PBXFileReference; fileEncoding = 4; lastKnownFileType = sourcecode.c.objc; path = "NSMutableParagraphStyle+UI.m"; sourceTree = "<group>"; };
		E54CE1931F8DEDA700430EC9 /* NSObject+UI.h */ = {isa = PBXFileReference; fileEncoding = 4; lastKnownFileType = sourcecode.c.h; path = "NSObject+UI.h"; sourceTree = "<group>"; };
		E54CE1941F8DEDA700430EC9 /* NSObject+UI.m */ = {isa = PBXFileReference; fileEncoding = 4; lastKnownFileType = sourcecode.c.objc; path = "NSObject+UI.m"; sourceTree = "<group>"; };
		E54CE1951F8DEDA700430EC9 /* NSString+UI.h */ = {isa = PBXFileReference; fileEncoding = 4; lastKnownFileType = sourcecode.c.h; path = "NSString+UI.h"; sourceTree = "<group>"; };
		E54CE1961F8DEDA700430EC9 /* NSString+UI.m */ = {isa = PBXFileReference; fileEncoding = 4; lastKnownFileType = sourcecode.c.objc; path = "NSString+UI.m"; sourceTree = "<group>"; };
		E54CE1971F8DEDA700430EC9 /* UIExtensions.h */ = {isa = PBXFileReference; fileEncoding = 4; lastKnownFileType = sourcecode.c.h; path = UIExtensions.h; sourceTree = "<group>"; };
		E54CE1991F8DEDA700430EC9 /* CALayer+UI.h */ = {isa = PBXFileReference; fileEncoding = 4; lastKnownFileType = sourcecode.c.h; path = "CALayer+UI.h"; sourceTree = "<group>"; };
		E54CE19A1F8DEDA700430EC9 /* CALayer+UI.m */ = {isa = PBXFileReference; fileEncoding = 4; lastKnownFileType = sourcecode.c.objc; path = "CALayer+UI.m"; sourceTree = "<group>"; };
		E54CE19B1F8DEDA700430EC9 /* UIBezierPath+UI.h */ = {isa = PBXFileReference; fileEncoding = 4; lastKnownFileType = sourcecode.c.h; path = "UIBezierPath+UI.h"; sourceTree = "<group>"; };
		E54CE19C1F8DEDA700430EC9 /* UIBezierPath+UI.m */ = {isa = PBXFileReference; fileEncoding = 4; lastKnownFileType = sourcecode.c.objc; path = "UIBezierPath+UI.m"; sourceTree = "<group>"; };
		E54CE19D1F8DEDA700430EC9 /* UIButton+UI.h */ = {isa = PBXFileReference; fileEncoding = 4; lastKnownFileType = sourcecode.c.h; path = "UIButton+UI.h"; sourceTree = "<group>"; };
		E54CE19E1F8DEDA700430EC9 /* UIButton+UI.m */ = {isa = PBXFileReference; fileEncoding = 4; lastKnownFileType = sourcecode.c.objc; path = "UIButton+UI.m"; sourceTree = "<group>"; };
		E54CE19F1F8DEDA700430EC9 /* UICollectionView+UI.h */ = {isa = PBXFileReference; fileEncoding = 4; lastKnownFileType = sourcecode.c.h; path = "UICollectionView+UI.h"; sourceTree = "<group>"; };
		E54CE1A01F8DEDA700430EC9 /* UICollectionView+UI.m */ = {isa = PBXFileReference; fileEncoding = 4; lastKnownFileType = sourcecode.c.objc; path = "UICollectionView+UI.m"; sourceTree = "<group>"; };
		E54CE1A11F8DEDA700430EC9 /* UIColor+UI.h */ = {isa = PBXFileReference; fileEncoding = 4; lastKnownFileType = sourcecode.c.h; path = "UIColor+UI.h"; sourceTree = "<group>"; };
		E54CE1A21F8DEDA700430EC9 /* UIColor+UI.m */ = {isa = PBXFileReference; fileEncoding = 4; lastKnownFileType = sourcecode.c.objc; path = "UIColor+UI.m"; sourceTree = "<group>"; };
		E54CE1A31F8DEDA700430EC9 /* UIControl+UI.h */ = {isa = PBXFileReference; fileEncoding = 4; lastKnownFileType = sourcecode.c.h; path = "UIControl+UI.h"; sourceTree = "<group>"; };
		E54CE1A41F8DEDA700430EC9 /* UIControl+UI.m */ = {isa = PBXFileReference; fileEncoding = 4; lastKnownFileType = sourcecode.c.objc; path = "UIControl+UI.m"; sourceTree = "<group>"; };
		E54CE1A51F8DEDA700430EC9 /* UIFont+UI.h */ = {isa = PBXFileReference; fileEncoding = 4; lastKnownFileType = sourcecode.c.h; path = "UIFont+UI.h"; sourceTree = "<group>"; };
		E54CE1A61F8DEDA700430EC9 /* UIFont+UI.m */ = {isa = PBXFileReference; fileEncoding = 4; lastKnownFileType = sourcecode.c.objc; path = "UIFont+UI.m"; sourceTree = "<group>"; };
		E54CE1A71F8DEDA700430EC9 /* UIGestureRecognizer+UI.h */ = {isa = PBXFileReference; fileEncoding = 4; lastKnownFileType = sourcecode.c.h; path = "UIGestureRecognizer+UI.h"; sourceTree = "<group>"; };
		E54CE1A81F8DEDA700430EC9 /* UIGestureRecognizer+UI.m */ = {isa = PBXFileReference; fileEncoding = 4; lastKnownFileType = sourcecode.c.objc; path = "UIGestureRecognizer+UI.m"; sourceTree = "<group>"; };
		E54CE1A91F8DEDA700430EC9 /* UIImage+UI.h */ = {isa = PBXFileReference; fileEncoding = 4; lastKnownFileType = sourcecode.c.h; path = "UIImage+UI.h"; sourceTree = "<group>"; };
		E54CE1AA1F8DEDA700430EC9 /* UIImage+UI.m */ = {isa = PBXFileReference; fileEncoding = 4; lastKnownFileType = sourcecode.c.objc; path = "UIImage+UI.m"; sourceTree = "<group>"; };
		E54CE1AB1F8DEDA700430EC9 /* UILabel+UI.h */ = {isa = PBXFileReference; fileEncoding = 4; lastKnownFileType = sourcecode.c.h; path = "UILabel+UI.h"; sourceTree = "<group>"; };
		E54CE1AC1F8DEDA700430EC9 /* UILabel+UI.m */ = {isa = PBXFileReference; fileEncoding = 4; lastKnownFileType = sourcecode.c.objc; path = "UILabel+UI.m"; sourceTree = "<group>"; };
		E54CE1AD1F8DEDA700430EC9 /* UINavigationController+UI.h */ = {isa = PBXFileReference; fileEncoding = 4; lastKnownFileType = sourcecode.c.h; path = "UINavigationController+UI.h"; sourceTree = "<group>"; };
		E54CE1AE1F8DEDA700430EC9 /* UINavigationController+UI.m */ = {isa = PBXFileReference; fileEncoding = 4; lastKnownFileType = sourcecode.c.objc; path = "UINavigationController+UI.m"; sourceTree = "<group>"; };
		E54CE1AF1F8DEDA700430EC9 /* UIScrollView+UI.h */ = {isa = PBXFileReference; fileEncoding = 4; lastKnownFileType = sourcecode.c.h; path = "UIScrollView+UI.h"; sourceTree = "<group>"; };
		E54CE1B01F8DEDA700430EC9 /* UIScrollView+UI.m */ = {isa = PBXFileReference; fileEncoding = 4; lastKnownFileType = sourcecode.c.objc; path = "UIScrollView+UI.m"; sourceTree = "<group>"; };
		E54CE1B11F8DEDA700430EC9 /* UITabBar+UI.h */ = {isa = PBXFileReference; fileEncoding = 4; lastKnownFileType = sourcecode.c.h; path = "UITabBar+UI.h"; sourceTree = "<group>"; };
		E54CE1B21F8DEDA700430EC9 /* UITabBar+UI.m */ = {isa = PBXFileReference; fileEncoding = 4; lastKnownFileType = sourcecode.c.objc; path = "UITabBar+UI.m"; sourceTree = "<group>"; };
		E54CE1B31F8DEDA700430EC9 /* UITabBarItem+UI.h */ = {isa = PBXFileReference; fileEncoding = 4; lastKnownFileType = sourcecode.c.h; path = "UITabBarItem+UI.h"; sourceTree = "<group>"; };
		E54CE1B41F8DEDA700430EC9 /* UITabBarItem+UI.m */ = {isa = PBXFileReference; fileEncoding = 4; lastKnownFileType = sourcecode.c.objc; path = "UITabBarItem+UI.m"; sourceTree = "<group>"; };
		E54CE1B51F8DEDA700430EC9 /* UITableView+UI.h */ = {isa = PBXFileReference; fileEncoding = 4; lastKnownFileType = sourcecode.c.h; path = "UITableView+UI.h"; sourceTree = "<group>"; };
		E54CE1B61F8DEDA700430EC9 /* UITableView+UI.m */ = {isa = PBXFileReference; fileEncoding = 4; lastKnownFileType = sourcecode.c.objc; path = "UITableView+UI.m"; sourceTree = "<group>"; };
		E54CE1B71F8DEDA700430EC9 /* UITextField+UI.h */ = {isa = PBXFileReference; fileEncoding = 4; lastKnownFileType = sourcecode.c.h; path = "UITextField+UI.h"; sourceTree = "<group>"; };
		E54CE1B81F8DEDA700430EC9 /* UITextField+UI.m */ = {isa = PBXFileReference; fileEncoding = 4; lastKnownFileType = sourcecode.c.objc; path = "UITextField+UI.m"; sourceTree = "<group>"; };
		E54CE1B91F8DEDA700430EC9 /* UITextView+UI.h */ = {isa = PBXFileReference; fileEncoding = 4; lastKnownFileType = sourcecode.c.h; path = "UITextView+UI.h"; sourceTree = "<group>"; };
		E54CE1BA1F8DEDA700430EC9 /* UITextView+UI.m */ = {isa = PBXFileReference; fileEncoding = 4; lastKnownFileType = sourcecode.c.objc; path = "UITextView+UI.m"; sourceTree = "<group>"; };
		E54CE1BB1F8DEDA700430EC9 /* UIView+UI.h */ = {isa = PBXFileReference; fileEncoding = 4; lastKnownFileType = sourcecode.c.h; path = "UIView+UI.h"; sourceTree = "<group>"; };
		E54CE1BC1F8DEDA700430EC9 /* UIView+UI.m */ = {isa = PBXFileReference; fileEncoding = 4; lastKnownFileType = sourcecode.c.objc; path = "UIView+UI.m"; sourceTree = "<group>"; };
		E54CE1BD1F8DEDA700430EC9 /* UIViewController+UI.h */ = {isa = PBXFileReference; fileEncoding = 4; lastKnownFileType = sourcecode.c.h; path = "UIViewController+UI.h"; sourceTree = "<group>"; };
		E54CE1BE1F8DEDA700430EC9 /* UIViewController+UI.m */ = {isa = PBXFileReference; fileEncoding = 4; lastKnownFileType = sourcecode.c.objc; path = "UIViewController+UI.m"; sourceTree = "<group>"; };
		E54CE1BF1F8DEDA700430EC9 /* UIWindow+UI.h */ = {isa = PBXFileReference; fileEncoding = 4; lastKnownFileType = sourcecode.c.h; path = "UIWindow+UI.h"; sourceTree = "<group>"; };
		E54CE1C01F8DEDA700430EC9 /* UIWindow+UI.m */ = {isa = PBXFileReference; fileEncoding = 4; lastKnownFileType = sourcecode.c.objc; path = "UIWindow+UI.m"; sourceTree = "<group>"; };
		E54CE1C11F8DEDA700430EC9 /* StarShareDevUIKit.h */ = {isa = PBXFileReference; fileEncoding = 4; lastKnownFileType = sourcecode.c.h; path = StarShareDevUIKit.h; sourceTree = "<group>"; };
		E54CE1C31F8DEDA700430EC9 /* StarShareUIResources.bundle */ = {isa = PBXFileReference; lastKnownFileType = "wrapper.plug-in"; path = StarShareUIResources.bundle; sourceTree = "<group>"; };
		E54CE1C51F8DEDA700430EC9 /* UIBubbleView.h */ = {isa = PBXFileReference; fileEncoding = 4; lastKnownFileType = sourcecode.c.h; path = UIBubbleView.h; sourceTree = "<group>"; };
		E54CE1C61F8DEDA700430EC9 /* UIBubbleView.m */ = {isa = PBXFileReference; fileEncoding = 4; lastKnownFileType = sourcecode.c.objc; path = UIBubbleView.m; sourceTree = "<group>"; };
		E54CE1C71F8DEDA700430EC9 /* UICollectionViewPagingLayout.h */ = {isa = PBXFileReference; fileEncoding = 4; lastKnownFileType = sourcecode.c.h; path = UICollectionViewPagingLayout.h; sourceTree = "<group>"; };
		E54CE1C81F8DEDA700430EC9 /* UICollectionViewPagingLayout.m */ = {isa = PBXFileReference; fileEncoding = 4; lastKnownFileType = sourcecode.c.objc; path = UICollectionViewPagingLayout.m; sourceTree = "<group>"; };
		E54CE1C91F8DEDA700430EC9 /* UIComponents.h */ = {isa = PBXFileReference; fileEncoding = 4; lastKnownFileType = sourcecode.c.h; path = UIComponents.h; sourceTree = "<group>"; };
		E54CE1CA1F8DEDA700430EC9 /* UIEmptyView.h */ = {isa = PBXFileReference; fileEncoding = 4; lastKnownFileType = sourcecode.c.h; path = UIEmptyView.h; sourceTree = "<group>"; };
		E54CE1CB1F8DEDA700430EC9 /* UIEmptyView.m */ = {isa = PBXFileReference; fileEncoding = 4; lastKnownFileType = sourcecode.c.objc; path = UIEmptyView.m; sourceTree = "<group>"; };
		E54CE1CC1F8DEDA700430EC9 /* UIKeyboardManager.h */ = {isa = PBXFileReference; fileEncoding = 4; lastKnownFileType = sourcecode.c.h; path = UIKeyboardManager.h; sourceTree = "<group>"; };
		E54CE1CD1F8DEDA700430EC9 /* UIKeyboardManager.m */ = {isa = PBXFileReference; fileEncoding = 4; lastKnownFileType = sourcecode.c.objc; path = UIKeyboardManager.m; sourceTree = "<group>"; };
		E54CE1CE1F8DEDA700430EC9 /* UIModalPresentationViewController.h */ = {isa = PBXFileReference; fileEncoding = 4; lastKnownFileType = sourcecode.c.h; path = UIModalPresentationViewController.h; sourceTree = "<group>"; };
		E54CE1CF1F8DEDA700430EC9 /* UIModalPresentationViewController.m */ = {isa = PBXFileReference; fileEncoding = 4; lastKnownFileType = sourcecode.c.objc; path = UIModalPresentationViewController.m; sourceTree = "<group>"; };
		E54CE1D11F8DEDA700430EC9 /* NavigationBarTransition.h */ = {isa = PBXFileReference; fileEncoding = 4; lastKnownFileType = sourcecode.c.h; path = NavigationBarTransition.h; sourceTree = "<group>"; };
		E54CE1D21F8DEDA700430EC9 /* UINavigationBar+Transition.h */ = {isa = PBXFileReference; fileEncoding = 4; lastKnownFileType = sourcecode.c.h; path = "UINavigationBar+Transition.h"; sourceTree = "<group>"; };
		E54CE1D31F8DEDA700430EC9 /* UINavigationBar+Transition.m */ = {isa = PBXFileReference; fileEncoding = 4; lastKnownFileType = sourcecode.c.objc; path = "UINavigationBar+Transition.m"; sourceTree = "<group>"; };
		E54CE1D41F8DEDA700430EC9 /* UINavigationController+NavigationBarTransition.h */ = {isa = PBXFileReference; fileEncoding = 4; lastKnownFileType = sourcecode.c.h; path = "UINavigationController+NavigationBarTransition.h"; sourceTree = "<group>"; };
		E54CE1D51F8DEDA700430EC9 /* UINavigationController+NavigationBarTransition.m */ = {isa = PBXFileReference; fileEncoding = 4; lastKnownFileType = sourcecode.c.objc; path = "UINavigationController+NavigationBarTransition.m"; sourceTree = "<group>"; };
		E54CE1D61F8DEDA700430EC9 /* UINavigationButton.h */ = {isa = PBXFileReference; fileEncoding = 4; lastKnownFileType = sourcecode.c.h; path = UINavigationButton.h; sourceTree = "<group>"; };
		E54CE1D71F8DEDA700430EC9 /* UINavigationButton.m */ = {isa = PBXFileReference; fileEncoding = 4; lastKnownFileType = sourcecode.c.objc; path = UINavigationButton.m; sourceTree = "<group>"; };
		E54CE1D81F8DEDA700430EC9 /* UINavigationTitleView.h */ = {isa = PBXFileReference; fileEncoding = 4; lastKnownFileType = sourcecode.c.h; path = UINavigationTitleView.h; sourceTree = "<group>"; };
		E54CE1D91F8DEDA700430EC9 /* UINavigationTitleView.m */ = {isa = PBXFileReference; fileEncoding = 4; lastKnownFileType = sourcecode.c.objc; path = UINavigationTitleView.m; sourceTree = "<group>"; };
		E54CE1DB1F8DEDA700430EC9 /* UIStaticTableView.h */ = {isa = PBXFileReference; fileEncoding = 4; lastKnownFileType = sourcecode.c.h; path = UIStaticTableView.h; sourceTree = "<group>"; };
		E54CE1DC1F8DEDA700430EC9 /* UIStaticTableViewCellData.h */ = {isa = PBXFileReference; fileEncoding = 4; lastKnownFileType = sourcecode.c.h; path = UIStaticTableViewCellData.h; sourceTree = "<group>"; };
		E54CE1DD1F8DEDA700430EC9 /* UIStaticTableViewCellData.m */ = {isa = PBXFileReference; fileEncoding = 4; lastKnownFileType = sourcecode.c.objc; path = UIStaticTableViewCellData.m; sourceTree = "<group>"; };
		E54CE1DE1F8DEDA700430EC9 /* UIStaticTableViewCellDataSource.h */ = {isa = PBXFileReference; fileEncoding = 4; lastKnownFileType = sourcecode.c.h; path = UIStaticTableViewCellDataSource.h; sourceTree = "<group>"; };
		E54CE1DF1F8DEDA700430EC9 /* UIStaticTableViewCellDataSource.m */ = {isa = PBXFileReference; fileEncoding = 4; lastKnownFileType = sourcecode.c.objc; path = UIStaticTableViewCellDataSource.m; sourceTree = "<group>"; };
		E54CE1E01F8DEDA700430EC9 /* UITableView+UIStaticCell.h */ = {isa = PBXFileReference; fileEncoding = 4; lastKnownFileType = sourcecode.c.h; path = "UITableView+UIStaticCell.h"; sourceTree = "<group>"; };
		E54CE1E11F8DEDA700430EC9 /* UITableView+UIStaticCell.m */ = {isa = PBXFileReference; fileEncoding = 4; lastKnownFileType = sourcecode.c.objc; path = "UITableView+UIStaticCell.m"; sourceTree = "<group>"; };
		E54CE1E21F8DEDA700430EC9 /* UIThemeManager.h */ = {isa = PBXFileReference; fileEncoding = 4; lastKnownFileType = sourcecode.c.h; path = UIThemeManager.h; sourceTree = "<group>"; };
		E54CE1E31F8DEDA700430EC9 /* UIThemeManager.m */ = {isa = PBXFileReference; fileEncoding = 4; lastKnownFileType = sourcecode.c.objc; path = UIThemeManager.m; sourceTree = "<group>"; };
		E54CE1E41F8DEDA700430EC9 /* UITips.h */ = {isa = PBXFileReference; fileEncoding = 4; lastKnownFileType = sourcecode.c.h; path = UITips.h; sourceTree = "<group>"; };
		E54CE1E51F8DEDA700430EC9 /* UITips.m */ = {isa = PBXFileReference; fileEncoding = 4; lastKnownFileType = sourcecode.c.objc; path = UITips.m; sourceTree = "<group>"; };
		E54CE1E71F8DEDA700430EC9 /* UIToastAnimator.h */ = {isa = PBXFileReference; fileEncoding = 4; lastKnownFileType = sourcecode.c.h; path = UIToastAnimator.h; sourceTree = "<group>"; };
		E54CE1E81F8DEDA700430EC9 /* UIToastAnimator.m */ = {isa = PBXFileReference; fileEncoding = 4; lastKnownFileType = sourcecode.c.objc; path = UIToastAnimator.m; sourceTree = "<group>"; };
		E54CE1E91F8DEDA700430EC9 /* UIToastBackgroundView.h */ = {isa = PBXFileReference; fileEncoding = 4; lastKnownFileType = sourcecode.c.h; path = UIToastBackgroundView.h; sourceTree = "<group>"; };
		E54CE1EA1F8DEDA700430EC9 /* UIToastBackgroundView.m */ = {isa = PBXFileReference; fileEncoding = 4; lastKnownFileType = sourcecode.c.objc; path = UIToastBackgroundView.m; sourceTree = "<group>"; };
		E54CE1EB1F8DEDA700430EC9 /* UIToastContentView.h */ = {isa = PBXFileReference; fileEncoding = 4; lastKnownFileType = sourcecode.c.h; path = UIToastContentView.h; sourceTree = "<group>"; };
		E54CE1EC1F8DEDA700430EC9 /* UIToastContentView.m */ = {isa = PBXFileReference; fileEncoding = 4; lastKnownFileType = sourcecode.c.objc; path = UIToastContentView.m; sourceTree = "<group>"; };
		E54CE1ED1F8DEDA700430EC9 /* UIToastView.h */ = {isa = PBXFileReference; fileEncoding = 4; lastKnownFileType = sourcecode.c.h; path = UIToastView.h; sourceTree = "<group>"; };
		E54CE1EE1F8DEDA700430EC9 /* UIToastView.m */ = {isa = PBXFileReference; fileEncoding = 4; lastKnownFileType = sourcecode.c.objc; path = UIToastView.m; sourceTree = "<group>"; };
		E54CE1F01F8DEDA700430EC9 /* UICommonDefines.h */ = {isa = PBXFileReference; fileEncoding = 4; lastKnownFileType = sourcecode.c.h; path = UICommonDefines.h; sourceTree = "<group>"; };
		E54CE1F11F8DEDA700430EC9 /* UIConfiguration.h */ = {isa = PBXFileReference; fileEncoding = 4; lastKnownFileType = sourcecode.c.h; path = UIConfiguration.h; sourceTree = "<group>"; };
		E54CE1F21F8DEDA700430EC9 /* UIConfiguration.m */ = {isa = PBXFileReference; fileEncoding = 4; lastKnownFileType = sourcecode.c.objc; path = UIConfiguration.m; sourceTree = "<group>"; };
		E54CE1F31F8DEDA700430EC9 /* UIConfigurationMacros.h */ = {isa = PBXFileReference; fileEncoding = 4; lastKnownFileType = sourcecode.c.h; path = UIConfigurationMacros.h; sourceTree = "<group>"; };
		E54CE1F41F8DEDA700430EC9 /* UICore.h */ = {isa = PBXFileReference; fileEncoding = 4; lastKnownFileType = sourcecode.c.h; path = UICore.h; sourceTree = "<group>"; };
		E54CE1F51F8DEDA700430EC9 /* UIHelper.h */ = {isa = PBXFileReference; fileEncoding = 4; lastKnownFileType = sourcecode.c.h; path = UIHelper.h; sourceTree = "<group>"; };
		E54CE1F61F8DEDA700430EC9 /* UIHelper.m */ = {isa = PBXFileReference; fileEncoding = 4; lastKnownFileType = sourcecode.c.objc; path = UIHelper.m; sourceTree = "<group>"; };
		E54CE1F91F8DEDA700430EC9 /* SSUICollectionViewController.h */ = {isa = PBXFileReference; fileEncoding = 4; lastKnownFileType = sourcecode.c.h; path = SSUICollectionViewController.h; sourceTree = "<group>"; };
		E54CE1FA1F8DEDA700430EC9 /* SSUICollectionViewController.m */ = {isa = PBXFileReference; fileEncoding = 4; lastKnownFileType = sourcecode.c.objc; path = SSUICollectionViewController.m; sourceTree = "<group>"; };
		E54CE1FB1F8DEDA700430EC9 /* SSUIListViewController.h */ = {isa = PBXFileReference; fileEncoding = 4; lastKnownFileType = sourcecode.c.h; path = SSUIListViewController.h; sourceTree = "<group>"; };
		E54CE1FC1F8DEDA700430EC9 /* SSUIListViewController.m */ = {isa = PBXFileReference; fileEncoding = 4; lastKnownFileType = sourcecode.c.objc; path = SSUIListViewController.m; sourceTree = "<group>"; };
		E54CE1FD1F8DEDA700430EC9 /* SSUINavigationController.h */ = {isa = PBXFileReference; fileEncoding = 4; lastKnownFileType = sourcecode.c.h; path = SSUINavigationController.h; sourceTree = "<group>"; };
		E54CE1FE1F8DEDA700430EC9 /* SSUINavigationController.m */ = {isa = PBXFileReference; fileEncoding = 4; lastKnownFileType = sourcecode.c.objc; path = SSUINavigationController.m; sourceTree = "<group>"; };
		E54CE1FF1F8DEDA700430EC9 /* SSUITabBarController.h */ = {isa = PBXFileReference; fileEncoding = 4; lastKnownFileType = sourcecode.c.h; path = SSUITabBarController.h; sourceTree = "<group>"; };
		E54CE2001F8DEDA700430EC9 /* SSUITabBarController.m */ = {isa = PBXFileReference; fileEncoding = 4; lastKnownFileType = sourcecode.c.objc; path = SSUITabBarController.m; sourceTree = "<group>"; };
		E54CE2011F8DEDA700430EC9 /* SSUIViewController.h */ = {isa = PBXFileReference; fileEncoding = 4; lastKnownFileType = sourcecode.c.h; path = SSUIViewController.h; sourceTree = "<group>"; };
		E54CE2021F8DEDA700430EC9 /* SSUIViewController.m */ = {isa = PBXFileReference; fileEncoding = 4; lastKnownFileType = sourcecode.c.objc; path = SSUIViewController.m; sourceTree = "<group>"; };
		E54CE2031F8DEDA700430EC9 /* UIMainFrame.h */ = {isa = PBXFileReference; fileEncoding = 4; lastKnownFileType = sourcecode.c.h; path = UIMainFrame.h; sourceTree = "<group>"; };
		E54CE2051F8DEDA700430EC9 /* SSUIButton.h */ = {isa = PBXFileReference; fileEncoding = 4; lastKnownFileType = sourcecode.c.h; path = SSUIButton.h; sourceTree = "<group>"; };
		E54CE2061F8DEDA700430EC9 /* SSUIButton.m */ = {isa = PBXFileReference; fileEncoding = 4; lastKnownFileType = sourcecode.c.objc; path = SSUIButton.m; sourceTree = "<group>"; };
		E54CE2071F8DEDA700430EC9 /* SSUICollectionView.h */ = {isa = PBXFileReference; fileEncoding = 4; lastKnownFileType = sourcecode.c.h; path = SSUICollectionView.h; sourceTree = "<group>"; };
		E54CE2081F8DEDA700430EC9 /* SSUICollectionView.m */ = {isa = PBXFileReference; fileEncoding = 4; lastKnownFileType = sourcecode.c.objc; path = SSUICollectionView.m; sourceTree = "<group>"; };
		E54CE2091F8DEDA700430EC9 /* SSUILable.h */ = {isa = PBXFileReference; fileEncoding = 4; lastKnownFileType = sourcecode.c.h; path = SSUILable.h; sourceTree = "<group>"; };
		E54CE20A1F8DEDA700430EC9 /* SSUILable.m */ = {isa = PBXFileReference; fileEncoding = 4; lastKnownFileType = sourcecode.c.objc; path = SSUILable.m; sourceTree = "<group>"; };
		E54CE20B1F8DEDA700430EC9 /* SSUITableCell.h */ = {isa = PBXFileReference; fileEncoding = 4; lastKnownFileType = sourcecode.c.h; path = SSUITableCell.h; sourceTree = "<group>"; };
		E54CE20C1F8DEDA700430EC9 /* SSUITableCell.m */ = {isa = PBXFileReference; fileEncoding = 4; lastKnownFileType = sourcecode.c.objc; path = SSUITableCell.m; sourceTree = "<group>"; };
		E54CE20D1F8DEDA700430EC9 /* SSUITableView.h */ = {isa = PBXFileReference; fileEncoding = 4; lastKnownFileType = sourcecode.c.h; path = SSUITableView.h; sourceTree = "<group>"; };
		E54CE20E1F8DEDA700430EC9 /* SSUITableView.m */ = {isa = PBXFileReference; fileEncoding = 4; lastKnownFileType = sourcecode.c.objc; path = SSUITableView.m; sourceTree = "<group>"; };
		E54CE20F1F8DEDA700430EC9 /* SSUITextField.h */ = {isa = PBXFileReference; fileEncoding = 4; lastKnownFileType = sourcecode.c.h; path = SSUITextField.h; sourceTree = "<group>"; };
		E54CE2101F8DEDA700430EC9 /* SSUITextField.m */ = {isa = PBXFileReference; fileEncoding = 4; lastKnownFileType = sourcecode.c.objc; path = SSUITextField.m; sourceTree = "<group>"; };
		E54CE2111F8DEDA700430EC9 /* SSUITextView.h */ = {isa = PBXFileReference; fileEncoding = 4; lastKnownFileType = sourcecode.c.h; path = SSUITextView.h; sourceTree = "<group>"; };
		E54CE2121F8DEDA700430EC9 /* SSUITextView.m */ = {isa = PBXFileReference; fileEncoding = 4; lastKnownFileType = sourcecode.c.objc; path = SSUITextView.m; sourceTree = "<group>"; };
		E54CE24C1F8DEE4000430EC9 /* UIGridView.h */ = {isa = PBXFileReference; lastKnownFileType = sourcecode.c.h; path = UIGridView.h; sourceTree = "<group>"; };
		E54CE24D1F8DEE4000430EC9 /* UIGridView.m */ = {isa = PBXFileReference; lastKnownFileType = sourcecode.c.objc; path = UIGridView.m; sourceTree = "<group>"; };
		E54CE24F1F8DF09B00430EC9 /* SSUISlider.h */ = {isa = PBXFileReference; lastKnownFileType = sourcecode.c.h; path = SSUISlider.h; sourceTree = "<group>"; };
		E54CE2501F8DF09B00430EC9 /* SSUISlider.m */ = {isa = PBXFileReference; lastKnownFileType = sourcecode.c.objc; path = SSUISlider.m; sourceTree = "<group>"; };
		E54CE2551F8DF62C00430EC9 /* UIMarqueeLabel.h */ = {isa = PBXFileReference; lastKnownFileType = sourcecode.c.h; path = UIMarqueeLabel.h; sourceTree = "<group>"; };
		E54CE2561F8DF62C00430EC9 /* UIMarqueeLabel.m */ = {isa = PBXFileReference; lastKnownFileType = sourcecode.c.objc; path = UIMarqueeLabel.m; sourceTree = "<group>"; };
		E54F76D21F972984008136B3 /* UIImageView+UI.h */ = {isa = PBXFileReference; lastKnownFileType = sourcecode.c.h; path = "UIImageView+UI.h"; sourceTree = "<group>"; };
		E54F76D31F972984008136B3 /* UIImageView+UI.m */ = {isa = PBXFileReference; lastKnownFileType = sourcecode.c.objc; path = "UIImageView+UI.m"; sourceTree = "<group>"; };
		E568163C1F94990E00D01212 /* SSUIVisualEffectView.h */ = {isa = PBXFileReference; lastKnownFileType = sourcecode.c.h; path = SSUIVisualEffectView.h; sourceTree = "<group>"; };
		E568163D1F94990E00D01212 /* SSUIVisualEffectView.m */ = {isa = PBXFileReference; lastKnownFileType = sourcecode.c.objc; path = SSUIVisualEffectView.m; sourceTree = "<group>"; };
/* End PBXFileReference section */

/* Begin PBXFrameworksBuildPhase section */
		E51900981F7DE25100F280A0 /* Frameworks */ = {
			isa = PBXFrameworksBuildPhase;
			buildActionMask = 2147483647;
			files = (
			);
			runOnlyForDeploymentPostprocessing = 0;
		};
		E51900B01F7DE25200F280A0 /* Frameworks */ = {
			isa = PBXFrameworksBuildPhase;
			buildActionMask = 2147483647;
			files = (
			);
			runOnlyForDeploymentPostprocessing = 0;
		};
		E51900BB1F7DE25200F280A0 /* Frameworks */ = {
			isa = PBXFrameworksBuildPhase;
			buildActionMask = 2147483647;
			files = (
			);
			runOnlyForDeploymentPostprocessing = 0;
		};
/* End PBXFrameworksBuildPhase section */

/* Begin PBXGroup section */
		3102592D1FBD8EEA0023BCDB /* SSUIWebViewController */ = {
			isa = PBXGroup;
			children = (
				3102592E1FBD8F0D0023BCDB /* SSUIWebViewController.h */,
				3102592F1FBD8F0D0023BCDB /* SSUIWebViewController.m */,
				310259311FBD919E0023BCDB /* SSWebSecurityPolicy.h */,
				310259321FBD919E0023BCDB /* SSWebSecurityPolicy.m */,
			);
			path = SSUIWebViewController;
			sourceTree = "<group>";
		};
		31165F031FDE31CB001B326A /* SSUIMenuView */ = {
			isa = PBXGroup;
			children = (
				31165F041FDE31CB001B326A /* SSUIMenuNode.m */,
				31165F051FDE31CB001B326A /* SSUIMenuView.m */,
				31165F061FDE31CB001B326A /* SSUIMenuScrollView.h */,
				31165F071FDE31CB001B326A /* SSUIMenuPointer.m */,
				31165F081FDE31CB001B326A /* SSUIMenuView.h */,
				31165F091FDE31CB001B326A /* SSUIMenuNode.h */,
				31165F0A1FDE31CB001B326A /* SSUIMenuScrollView.m */,
				31165F0B1FDE31CB001B326A /* SSUIMenuPointer.h */,
			);
			path = SSUIMenuView;
			sourceTree = "<group>";
		};
		3126F48E1FB54678003FFB58 /* SSUIAlertController */ = {
			isa = PBXGroup;
			children = (
				3126F4911FB546A4003FFB58 /* SSUIAlertController.h */,
				3126F4921FB546A4003FFB58 /* SSUIAlertController.m */,
			);
			path = SSUIAlertController;
			sourceTree = "<group>";
		};
		3126F4991FB59953003FFB58 /* AssetLibrary */ = {
			isa = PBXGroup;
			children = (
				3126F49A1FB59975003FFB58 /* SSUIAsset.h */,
				3126F49B1FB59975003FFB58 /* SSUIAsset.m */,
				3126F4A01FB5A5F7003FFB58 /* SSUIAssetsGroup.h */,
				3126F4A11FB5A5F7003FFB58 /* SSUIAssetsGroup.m */,
				3126F49D1FB59FD0003FFB58 /* SSUIAssetsManager.h */,
				3126F49E1FB59FD0003FFB58 /* SSUIAssetsManager.m */,
			);
			path = AssetLibrary;
			sourceTree = "<group>";
		};
		3126F4A31FB5ADED003FFB58 /* ImagePickerLibrary */ = {
			isa = PBXGroup;
			children = (
				3126F4A41FB5AE0C003FFB58 /* SSUIAlbumViewController.h */,
				3126F4A51FB5AE0C003FFB58 /* SSUIAlbumViewController.m */,
				3126F4A71FB5AE60003FFB58 /* SSUIImagePickerViewController.h */,
				3126F4A81FB5AE60003FFB58 /* SSUIImagePickerViewController.m */,
				3126F4AA1FB5BE96003FFB58 /* SSUIImagePickerCollectionViewCell.h */,
				3126F4AB1FB5BE96003FFB58 /* SSUIImagePickerCollectionViewCell.m */,
				3126F4B61FB5CE97003FFB58 /* SSUIImagePickerPreviewViewController.h */,
				3126F4B71FB5CE97003FFB58 /* SSUIImagePickerPreviewViewController.m */,
				3126F4B91FB5CFE4003FFB58 /* SSUIImagePickerHelper.h */,
				3126F4BA1FB5CFE4003FFB58 /* SSUIImagePickerHelper.m */,
			);
			path = ImagePickerLibrary;
			sourceTree = "<group>";
		};
		E51900921F7DE25100F280A0 = {
			isa = PBXGroup;
			children = (
				E519009D1F7DE25200F280A0 /* StarShareDevUIKit */,
				E51900B61F7DE25200F280A0 /* StarShareDevUIKitTests */,
				E51900C11F7DE25200F280A0 /* StarShareDevUIKitUITests */,
				E519009C1F7DE25100F280A0 /* Products */,
			);
			sourceTree = "<group>";
		};
		E519009C1F7DE25100F280A0 /* Products */ = {
			isa = PBXGroup;
			children = (
				E519009B1F7DE25100F280A0 /* StarShareDevUIKit.app */,
				E51900B31F7DE25200F280A0 /* StarShareDevUIKitTests.xctest */,
				E51900BE1F7DE25200F280A0 /* StarShareDevUIKitUITests.xctest */,
			);
			name = Products;
			sourceTree = "<group>";
		};
		E519009D1F7DE25200F280A0 /* StarShareDevUIKit */ = {
			isa = PBXGroup;
			children = (
				E54CE18C1F8DEDA700430EC9 /* StarShareDevUIKit */,
				E519009E1F7DE25200F280A0 /* AppDelegate.h */,
				E519009F1F7DE25200F280A0 /* AppDelegate.m */,
				E51900A11F7DE25200F280A0 /* ViewController.h */,
				E51900A21F7DE25200F280A0 /* ViewController.m */,
				E51900A41F7DE25200F280A0 /* Main.storyboard */,
				E51900A71F7DE25200F280A0 /* Assets.xcassets */,
				E51900A91F7DE25200F280A0 /* LaunchScreen.storyboard */,
				E51900AC1F7DE25200F280A0 /* Info.plist */,
				E51900AD1F7DE25200F280A0 /* main.m */,
			);
			path = StarShareDevUIKit;
			sourceTree = "<group>";
		};
		E51900B61F7DE25200F280A0 /* StarShareDevUIKitTests */ = {
			isa = PBXGroup;
			children = (
				E51900B71F7DE25200F280A0 /* StarShareDevUIKitTests.m */,
				E51900B91F7DE25200F280A0 /* Info.plist */,
			);
			path = StarShareDevUIKitTests;
			sourceTree = "<group>";
		};
		E51900C11F7DE25200F280A0 /* StarShareDevUIKitUITests */ = {
			isa = PBXGroup;
			children = (
				E51900C21F7DE25200F280A0 /* StarShareDevUIKitUITests.m */,
				E51900C41F7DE25200F280A0 /* Info.plist */,
			);
			path = StarShareDevUIKitUITests;
			sourceTree = "<group>";
		};
		E54CE18C1F8DEDA700430EC9 /* StarShareDevUIKit */ = {
			isa = PBXGroup;
			children = (
				E54CE18D1F8DEDA700430EC9 /* Extensions */,
				E54CE1C11F8DEDA700430EC9 /* StarShareDevUIKit.h */,
				E54CE1C21F8DEDA700430EC9 /* StarShareUIResources */,
				E54CE1C41F8DEDA700430EC9 /* UIComponents */,
				E54CE1EF1F8DEDA700430EC9 /* UICore */,
				E54CE1F71F8DEDA700430EC9 /* UIMainFrame */,
			);
			path = StarShareDevUIKit;
			sourceTree = "<group>";
		};
		E54CE18D1F8DEDA700430EC9 /* Extensions */ = {
			isa = PBXGroup;
			children = (
				E54CE18E1F8DEDA700430EC9 /* Foundation */,
				E54CE1971F8DEDA700430EC9 /* UIExtensions.h */,
				E54CE1981F8DEDA700430EC9 /* UIKit */,
			);
			path = Extensions;
			sourceTree = "<group>";
		};
		E54CE18E1F8DEDA700430EC9 /* Foundation */ = {
			isa = PBXGroup;
			children = (
				E54CE18F1F8DEDA700430EC9 /* NSAttributedString+UI.h */,
				E54CE1901F8DEDA700430EC9 /* NSAttributedString+UI.m */,
				E54CE1911F8DEDA700430EC9 /* NSMutableParagraphStyle+UI.h */,
				E54CE1921F8DEDA700430EC9 /* NSMutableParagraphStyle+UI.m */,
				E54CE1931F8DEDA700430EC9 /* NSObject+UI.h */,
				E54CE1941F8DEDA700430EC9 /* NSObject+UI.m */,
				E54CE1951F8DEDA700430EC9 /* NSString+UI.h */,
				E54CE1961F8DEDA700430EC9 /* NSString+UI.m */,
				31B5ADDE1FBC45350087B163 /* NSDate+UI.h */,
				31B5ADDF1FBC45350087B163 /* NSDate+UI.m */,
			);
			path = Foundation;
			sourceTree = "<group>";
		};
		E54CE1981F8DEDA700430EC9 /* UIKit */ = {
			isa = PBXGroup;
			children = (
				E54CE1991F8DEDA700430EC9 /* CALayer+UI.h */,
				E54CE19A1F8DEDA700430EC9 /* CALayer+UI.m */,
				E54CE19B1F8DEDA700430EC9 /* UIBezierPath+UI.h */,
				E54CE19C1F8DEDA700430EC9 /* UIBezierPath+UI.m */,
				E54CE19D1F8DEDA700430EC9 /* UIButton+UI.h */,
				E54CE19E1F8DEDA700430EC9 /* UIButton+UI.m */,
				E54CE19F1F8DEDA700430EC9 /* UICollectionView+UI.h */,
				E54CE1A01F8DEDA700430EC9 /* UICollectionView+UI.m */,
				E54CE1A11F8DEDA700430EC9 /* UIColor+UI.h */,
				E54CE1A21F8DEDA700430EC9 /* UIColor+UI.m */,
				E54CE1A31F8DEDA700430EC9 /* UIControl+UI.h */,
				E54CE1A41F8DEDA700430EC9 /* UIControl+UI.m */,
				E54CE1A51F8DEDA700430EC9 /* UIFont+UI.h */,
				E54CE1A61F8DEDA700430EC9 /* UIFont+UI.m */,
				E54CE1A71F8DEDA700430EC9 /* UIGestureRecognizer+UI.h */,
				E54CE1A81F8DEDA700430EC9 /* UIGestureRecognizer+UI.m */,
				E54CE1A91F8DEDA700430EC9 /* UIImage+UI.h */,
				E54CE1AA1F8DEDA700430EC9 /* UIImage+UI.m */,
				E54CE1AB1F8DEDA700430EC9 /* UILabel+UI.h */,
				E54CE1AC1F8DEDA700430EC9 /* UILabel+UI.m */,
				E54CE1AD1F8DEDA700430EC9 /* UINavigationController+UI.h */,
				E54CE1AE1F8DEDA700430EC9 /* UINavigationController+UI.m */,
				E54CE1AF1F8DEDA700430EC9 /* UIScrollView+UI.h */,
				E54CE1B01F8DEDA700430EC9 /* UIScrollView+UI.m */,
				E54CE1B11F8DEDA700430EC9 /* UITabBar+UI.h */,
				E54CE1B21F8DEDA700430EC9 /* UITabBar+UI.m */,
				E54CE1B31F8DEDA700430EC9 /* UITabBarItem+UI.h */,
				E54CE1B41F8DEDA700430EC9 /* UITabBarItem+UI.m */,
				E54CE1B51F8DEDA700430EC9 /* UITableView+UI.h */,
				E54CE1B61F8DEDA700430EC9 /* UITableView+UI.m */,
				E54CE1B71F8DEDA700430EC9 /* UITextField+UI.h */,
				E54CE1B81F8DEDA700430EC9 /* UITextField+UI.m */,
				E54CE1B91F8DEDA700430EC9 /* UITextView+UI.h */,
				E54CE1BA1F8DEDA700430EC9 /* UITextView+UI.m */,
				E54CE1BB1F8DEDA700430EC9 /* UIView+UI.h */,
				E54CE1BC1F8DEDA700430EC9 /* UIView+UI.m */,
				E54CE1BD1F8DEDA700430EC9 /* UIViewController+UI.h */,
				E54CE1BE1F8DEDA700430EC9 /* UIViewController+UI.m */,
				E54CE1BF1F8DEDA700430EC9 /* UIWindow+UI.h */,
				E54CE1C01F8DEDA700430EC9 /* UIWindow+UI.m */,
				E54F76D21F972984008136B3 /* UIImageView+UI.h */,
				E54F76D31F972984008136B3 /* UIImageView+UI.m */,
			);
			path = UIKit;
			sourceTree = "<group>";
		};
		E54CE1C21F8DEDA700430EC9 /* StarShareUIResources */ = {
			isa = PBXGroup;
			children = (
				E54CE1C31F8DEDA700430EC9 /* StarShareUIResources.bundle */,
			);
			path = StarShareUIResources;
			sourceTree = "<group>";
		};
		E54CE1C41F8DEDA700430EC9 /* UIComponents */ = {
			isa = PBXGroup;
			children = (
				31165F031FDE31CB001B326A /* SSUIMenuView */,
				3126F4A31FB5ADED003FFB58 /* ImagePickerLibrary */,
				3126F4991FB59953003FFB58 /* AssetLibrary */,
				E54CE1C51F8DEDA700430EC9 /* UIBubbleView.h */,
				E54CE1C61F8DEDA700430EC9 /* UIBubbleView.m */,
				E54CE1C71F8DEDA700430EC9 /* UICollectionViewPagingLayout.h */,
				E54CE1C81F8DEDA700430EC9 /* UICollectionViewPagingLayout.m */,
				E54CE1C91F8DEDA700430EC9 /* UIComponents.h */,
				E54CE1CA1F8DEDA700430EC9 /* UIEmptyView.h */,
				E54CE1CB1F8DEDA700430EC9 /* UIEmptyView.m */,
				E54CE1CC1F8DEDA700430EC9 /* UIKeyboardManager.h */,
				E54CE1CD1F8DEDA700430EC9 /* UIKeyboardManager.m */,
				E54CE1CE1F8DEDA700430EC9 /* UIModalPresentationViewController.h */,
				E54CE1CF1F8DEDA700430EC9 /* UIModalPresentationViewController.m */,
				E54CE1D01F8DEDA700430EC9 /* UINavigationBarTransition */,
				E54CE1D61F8DEDA700430EC9 /* UINavigationButton.h */,
				E54CE1D71F8DEDA700430EC9 /* UINavigationButton.m */,
				E54CE1D81F8DEDA700430EC9 /* UINavigationTitleView.h */,
				E54CE1D91F8DEDA700430EC9 /* UINavigationTitleView.m */,
				E54CE1DA1F8DEDA700430EC9 /* UIStaticTableView */,
				E54CE1E21F8DEDA700430EC9 /* UIThemeManager.h */,
				E54CE1E31F8DEDA700430EC9 /* UIThemeManager.m */,
				E54CE1E41F8DEDA700430EC9 /* UITips.h */,
				E54CE1E51F8DEDA700430EC9 /* UITips.m */,
				E54CE1E61F8DEDA700430EC9 /* UITostView */,
				E54CE24C1F8DEE4000430EC9 /* UIGridView.h */,
				E54CE24D1F8DEE4000430EC9 /* UIGridView.m */,
				E54CE2551F8DF62C00430EC9 /* UIMarqueeLabel.h */,
				E54CE2561F8DF62C00430EC9 /* UIMarqueeLabel.m */,
				3126F4AD1FB5C8EE003FFB58 /* SSUIZoomImageView.h */,
				3126F4AE1FB5C8EE003FFB58 /* SSUIZoomImageView.m */,
				3126F4B01FB5CB6C003FFB58 /* SSUIImagePreviewView.h */,
				3126F4B11FB5CB6C003FFB58 /* SSUIImagePreviewView.m */,
				3126F4B31FB5CD6C003FFB58 /* SSUIImagePreviewViewController.h */,
				3126F4B41FB5CD6C003FFB58 /* SSUIImagePreviewViewController.m */,
				318EC2431FB736FD00387E1C /* SSUIPieProgressView.h */,
				318EC2441FB736FD00387E1C /* SSUIPieProgressView.m */,
			);
			path = UIComponents;
			sourceTree = "<group>";
		};
		E54CE1D01F8DEDA700430EC9 /* UINavigationBarTransition */ = {
			isa = PBXGroup;
			children = (
				E54CE1D11F8DEDA700430EC9 /* NavigationBarTransition.h */,
				E54CE1D21F8DEDA700430EC9 /* UINavigationBar+Transition.h */,
				E54CE1D31F8DEDA700430EC9 /* UINavigationBar+Transition.m */,
				E54CE1D41F8DEDA700430EC9 /* UINavigationController+NavigationBarTransition.h */,
				E54CE1D51F8DEDA700430EC9 /* UINavigationController+NavigationBarTransition.m */,
			);
			path = UINavigationBarTransition;
			sourceTree = "<group>";
		};
		E54CE1DA1F8DEDA700430EC9 /* UIStaticTableView */ = {
			isa = PBXGroup;
			children = (
				E54CE1DB1F8DEDA700430EC9 /* UIStaticTableView.h */,
				E54CE1DC1F8DEDA700430EC9 /* UIStaticTableViewCellData.h */,
				E54CE1DD1F8DEDA700430EC9 /* UIStaticTableViewCellData.m */,
				E54CE1DE1F8DEDA700430EC9 /* UIStaticTableViewCellDataSource.h */,
				E54CE1DF1F8DEDA700430EC9 /* UIStaticTableViewCellDataSource.m */,
				E54CE1E01F8DEDA700430EC9 /* UITableView+UIStaticCell.h */,
				E54CE1E11F8DEDA700430EC9 /* UITableView+UIStaticCell.m */,
			);
			path = UIStaticTableView;
			sourceTree = "<group>";
		};
		E54CE1E61F8DEDA700430EC9 /* UITostView */ = {
			isa = PBXGroup;
			children = (
				E54CE1E71F8DEDA700430EC9 /* UIToastAnimator.h */,
				E54CE1E81F8DEDA700430EC9 /* UIToastAnimator.m */,
				E54CE1E91F8DEDA700430EC9 /* UIToastBackgroundView.h */,
				E54CE1EA1F8DEDA700430EC9 /* UIToastBackgroundView.m */,
				E54CE1EB1F8DEDA700430EC9 /* UIToastContentView.h */,
				E54CE1EC1F8DEDA700430EC9 /* UIToastContentView.m */,
				E54CE1ED1F8DEDA700430EC9 /* UIToastView.h */,
				E54CE1EE1F8DEDA700430EC9 /* UIToastView.m */,
			);
			path = UITostView;
			sourceTree = "<group>";
		};
		E54CE1EF1F8DEDA700430EC9 /* UICore */ = {
			isa = PBXGroup;
			children = (
				E54CE1F01F8DEDA700430EC9 /* UICommonDefines.h */,
				E54CE1F11F8DEDA700430EC9 /* UIConfiguration.h */,
				E54CE1F21F8DEDA700430EC9 /* UIConfiguration.m */,
				E54CE1F31F8DEDA700430EC9 /* UIConfigurationMacros.h */,
				E54CE1F41F8DEDA700430EC9 /* UICore.h */,
				E54CE1F51F8DEDA700430EC9 /* UIHelper.h */,
				E54CE1F61F8DEDA700430EC9 /* UIHelper.m */,
			);
			path = UICore;
			sourceTree = "<group>";
		};
		E54CE1F71F8DEDA700430EC9 /* UIMainFrame */ = {
			isa = PBXGroup;
			children = (
				E54CE1F81F8DEDA700430EC9 /* Controller */,
				E54CE2031F8DEDA700430EC9 /* UIMainFrame.h */,
				E54CE2041F8DEDA700430EC9 /* View */,
			);
			path = UIMainFrame;
			sourceTree = "<group>";
		};
		E54CE1F81F8DEDA700430EC9 /* Controller */ = {
			isa = PBXGroup;
			children = (
				3102592D1FBD8EEA0023BCDB /* SSUIWebViewController */,
				3126F48E1FB54678003FFB58 /* SSUIAlertController */,
				E54CE1F91F8DEDA700430EC9 /* SSUICollectionViewController.h */,
				E54CE1FA1F8DEDA700430EC9 /* SSUICollectionViewController.m */,
				E54CE1FB1F8DEDA700430EC9 /* SSUIListViewController.h */,
				E54CE1FC1F8DEDA700430EC9 /* SSUIListViewController.m */,
				E54CE1FD1F8DEDA700430EC9 /* SSUINavigationController.h */,
				E54CE1FE1F8DEDA700430EC9 /* SSUINavigationController.m */,
				E54CE1FF1F8DEDA700430EC9 /* SSUITabBarController.h */,
				E54CE2001F8DEDA700430EC9 /* SSUITabBarController.m */,
				E54CE2011F8DEDA700430EC9 /* SSUIViewController.h */,
				E54CE2021F8DEDA700430EC9 /* SSUIViewController.m */,
			);
			path = Controller;
			sourceTree = "<group>";
		};
		E54CE2041F8DEDA700430EC9 /* View */ = {
			isa = PBXGroup;
			children = (
				E54CE2051F8DEDA700430EC9 /* SSUIButton.h */,
				E54CE2061F8DEDA700430EC9 /* SSUIButton.m */,
				E54CE2071F8DEDA700430EC9 /* SSUICollectionView.h */,
				E54CE2081F8DEDA700430EC9 /* SSUICollectionView.m */,
				E54CE2091F8DEDA700430EC9 /* SSUILable.h */,
				E54CE20A1F8DEDA700430EC9 /* SSUILable.m */,
				E54CE20B1F8DEDA700430EC9 /* SSUITableCell.h */,
				E54CE20C1F8DEDA700430EC9 /* SSUITableCell.m */,
				E54CE20D1F8DEDA700430EC9 /* SSUITableView.h */,
				E54CE20E1F8DEDA700430EC9 /* SSUITableView.m */,
				E54CE20F1F8DEDA700430EC9 /* SSUITextField.h */,
				E54CE2101F8DEDA700430EC9 /* SSUITextField.m */,
				E54CE2111F8DEDA700430EC9 /* SSUITextView.h */,
				E54CE2121F8DEDA700430EC9 /* SSUITextView.m */,
				E54CE24F1F8DF09B00430EC9 /* SSUISlider.h */,
				E54CE2501F8DF09B00430EC9 /* SSUISlider.m */,
				E568163C1F94990E00D01212 /* SSUIVisualEffectView.h */,
				E568163D1F94990E00D01212 /* SSUIVisualEffectView.m */,
				31311E651FA0D04800E54DD0 /* SSUISwitch.h */,
				31311E661FA0D04800E54DD0 /* SSUISwitch.m */,
			);
			path = View;
			sourceTree = "<group>";
		};
/* End PBXGroup section */

/* Begin PBXNativeTarget section */
		E519009A1F7DE25100F280A0 /* StarShareDevUIKit */ = {
			isa = PBXNativeTarget;
			buildConfigurationList = E51900C71F7DE25200F280A0 /* Build configuration list for PBXNativeTarget "StarShareDevUIKit" */;
			buildPhases = (
				E51900971F7DE25100F280A0 /* Sources */,
				E51900981F7DE25100F280A0 /* Frameworks */,
				E51900991F7DE25100F280A0 /* Resources */,
			);
			buildRules = (
			);
			dependencies = (
			);
			name = StarShareDevUIKit;
			productName = StarShareDevUIKit;
			productReference = E519009B1F7DE25100F280A0 /* StarShareDevUIKit.app */;
			productType = "com.apple.product-type.application";
		};
		E51900B21F7DE25200F280A0 /* StarShareDevUIKitTests */ = {
			isa = PBXNativeTarget;
			buildConfigurationList = E51900CA1F7DE25200F280A0 /* Build configuration list for PBXNativeTarget "StarShareDevUIKitTests" */;
			buildPhases = (
				E51900AF1F7DE25200F280A0 /* Sources */,
				E51900B01F7DE25200F280A0 /* Frameworks */,
				E51900B11F7DE25200F280A0 /* Resources */,
			);
			buildRules = (
			);
			dependencies = (
				E51900B51F7DE25200F280A0 /* PBXTargetDependency */,
			);
			name = StarShareDevUIKitTests;
			productName = StarShareDevUIKitTests;
			productReference = E51900B31F7DE25200F280A0 /* StarShareDevUIKitTests.xctest */;
			productType = "com.apple.product-type.bundle.unit-test";
		};
		E51900BD1F7DE25200F280A0 /* StarShareDevUIKitUITests */ = {
			isa = PBXNativeTarget;
			buildConfigurationList = E51900CD1F7DE25200F280A0 /* Build configuration list for PBXNativeTarget "StarShareDevUIKitUITests" */;
			buildPhases = (
				E51900BA1F7DE25200F280A0 /* Sources */,
				E51900BB1F7DE25200F280A0 /* Frameworks */,
				E51900BC1F7DE25200F280A0 /* Resources */,
			);
			buildRules = (
			);
			dependencies = (
				E51900C01F7DE25200F280A0 /* PBXTargetDependency */,
			);
			name = StarShareDevUIKitUITests;
			productName = StarShareDevUIKitUITests;
			productReference = E51900BE1F7DE25200F280A0 /* StarShareDevUIKitUITests.xctest */;
			productType = "com.apple.product-type.bundle.ui-testing";
		};
/* End PBXNativeTarget section */

/* Begin PBXProject section */
		E51900931F7DE25100F280A0 /* Project object */ = {
			isa = PBXProject;
			attributes = {
				LastUpgradeCheck = 0900;
				ORGANIZATIONNAME = jearoc;
				TargetAttributes = {
					E519009A1F7DE25100F280A0 = {
						CreatedOnToolsVersion = 9.0;
						LastSwiftMigration = 0910;
						ProvisioningStyle = Automatic;
					};
					E51900B21F7DE25200F280A0 = {
						CreatedOnToolsVersion = 9.0;
						ProvisioningStyle = Automatic;
						TestTargetID = E519009A1F7DE25100F280A0;
					};
					E51900BD1F7DE25200F280A0 = {
						CreatedOnToolsVersion = 9.0;
						ProvisioningStyle = Automatic;
						TestTargetID = E519009A1F7DE25100F280A0;
					};
				};
			};
			buildConfigurationList = E51900961F7DE25100F280A0 /* Build configuration list for PBXProject "StarShareDevUIKit" */;
			compatibilityVersion = "Xcode 8.0";
			developmentRegion = en;
			hasScannedForEncodings = 0;
			knownRegions = (
				en,
				Base,
			);
			mainGroup = E51900921F7DE25100F280A0;
			productRefGroup = E519009C1F7DE25100F280A0 /* Products */;
			projectDirPath = "";
			projectRoot = "";
			targets = (
				E519009A1F7DE25100F280A0 /* StarShareDevUIKit */,
				E51900B21F7DE25200F280A0 /* StarShareDevUIKitTests */,
				E51900BD1F7DE25200F280A0 /* StarShareDevUIKitUITests */,
			);
		};
/* End PBXProject section */

/* Begin PBXResourcesBuildPhase section */
		E51900991F7DE25100F280A0 /* Resources */ = {
			isa = PBXResourcesBuildPhase;
			buildActionMask = 2147483647;
			files = (
				E51900AB1F7DE25200F280A0 /* LaunchScreen.storyboard in Resources */,
				E54CE22B1F8DEDA800430EC9 /* StarShareUIResources.bundle in Resources */,
				E51900A81F7DE25200F280A0 /* Assets.xcassets in Resources */,
				E51900A61F7DE25200F280A0 /* Main.storyboard in Resources */,
			);
			runOnlyForDeploymentPostprocessing = 0;
		};
		E51900B11F7DE25200F280A0 /* Resources */ = {
			isa = PBXResourcesBuildPhase;
			buildActionMask = 2147483647;
			files = (
			);
			runOnlyForDeploymentPostprocessing = 0;
		};
		E51900BC1F7DE25200F280A0 /* Resources */ = {
			isa = PBXResourcesBuildPhase;
			buildActionMask = 2147483647;
			files = (
			);
			runOnlyForDeploymentPostprocessing = 0;
		};
/* End PBXResourcesBuildPhase section */

/* Begin PBXSourcesBuildPhase section */
		E51900971F7DE25100F280A0 /* Sources */ = {
			isa = PBXSourcesBuildPhase;
			buildActionMask = 2147483647;
			files = (
				E54CE2141F8DEDA800430EC9 /* NSMutableParagraphStyle+UI.m in Sources */,
				E54CE2351F8DEDA800430EC9 /* UIStaticTableViewCellData.m in Sources */,
				E54CE21F1F8DEDA800430EC9 /* UIImage+UI.m in Sources */,
				E54CE23B1F8DEDA800430EC9 /* UIToastBackgroundView.m in Sources */,
				E54CE2461F8DEDA800430EC9 /* SSUICollectionView.m in Sources */,
				E54CE2451F8DEDA800430EC9 /* SSUIButton.m in Sources */,
				E54CE2411F8DEDA800430EC9 /* SSUIListViewController.m in Sources */,
				E54CE2511F8DF09B00430EC9 /* SSUISlider.m in Sources */,
				3126F4B51FB5CD6C003FFB58 /* SSUIImagePreviewViewController.m in Sources */,
				E54CE2471F8DEDA800430EC9 /* SSUILable.m in Sources */,
				E54CE2241F8DEDA800430EC9 /* UITabBarItem+UI.m in Sources */,
				E54CE21C1F8DEDA800430EC9 /* UIControl+UI.m in Sources */,
				E54CE23C1F8DEDA800430EC9 /* UIToastContentView.m in Sources */,
				E54CE2301F8DEDA800430EC9 /* UIModalPresentationViewController.m in Sources */,
				E54CE2231F8DEDA800430EC9 /* UITabBar+UI.m in Sources */,
				E54CE2171F8DEDA800430EC9 /* CALayer+UI.m in Sources */,
				E568163E1F94990E00D01212 /* SSUIVisualEffectView.m in Sources */,
				3126F4AF1FB5C8EE003FFB58 /* SSUIZoomImageView.m in Sources */,
				3126F4A61FB5AE0C003FFB58 /* SSUIAlbumViewController.m in Sources */,
				310259331FBD919E0023BCDB /* SSWebSecurityPolicy.m in Sources */,
				E54F76D41F972984008136B3 /* UIImageView+UI.m in Sources */,
				31311E671FA0D04800E54DD0 /* SSUISwitch.m in Sources */,
				31165F0E1FDE31CB001B326A /* SSUIMenuPointer.m in Sources */,
				E54CE2361F8DEDA800430EC9 /* UIStaticTableViewCellDataSource.m in Sources */,
				E54CE22E1F8DEDA800430EC9 /* UIEmptyView.m in Sources */,
				3126F4A91FB5AE60003FFB58 /* SSUIImagePickerViewController.m in Sources */,
				E54CE2151F8DEDA800430EC9 /* NSObject+UI.m in Sources */,
				E54CE2201F8DEDA800430EC9 /* UILabel+UI.m in Sources */,
				E54CE2371F8DEDA800430EC9 /* UITableView+UIStaticCell.m in Sources */,
				E54CE2431F8DEDA800430EC9 /* SSUITabBarController.m in Sources */,
				E51900A31F7DE25200F280A0 /* ViewController.m in Sources */,
				3126F4BB1FB5CFE4003FFB58 /* SSUIImagePickerHelper.m in Sources */,
				E54CE2251F8DEDA800430EC9 /* UITableView+UI.m in Sources */,
				E54CE24E1F8DEE4000430EC9 /* UIGridView.m in Sources */,
				E54CE22C1F8DEDA800430EC9 /* UIBubbleView.m in Sources */,
				E54CE2281F8DEDA800430EC9 /* UIView+UI.m in Sources */,
				E54CE22D1F8DEDA800430EC9 /* UICollectionViewPagingLayout.m in Sources */,
				E54CE2221F8DEDA800430EC9 /* UIScrollView+UI.m in Sources */,
				E54CE2321F8DEDA800430EC9 /* UINavigationController+NavigationBarTransition.m in Sources */,
				31165F0D1FDE31CB001B326A /* SSUIMenuView.m in Sources */,
				E54CE23A1F8DEDA800430EC9 /* UIToastAnimator.m in Sources */,
				E51900AE1F7DE25200F280A0 /* main.m in Sources */,
				E54CE2401F8DEDA800430EC9 /* SSUICollectionViewController.m in Sources */,
				3126F49C1FB59975003FFB58 /* SSUIAsset.m in Sources */,
				31B5ADE01FBC45350087B163 /* NSDate+UI.m in Sources */,
				E54CE2181F8DEDA800430EC9 /* UIBezierPath+UI.m in Sources */,
				E51900A01F7DE25200F280A0 /* AppDelegate.m in Sources */,
				E54CE2331F8DEDA800430EC9 /* UINavigationButton.m in Sources */,
				3126F4931FB546A4003FFB58 /* SSUIAlertController.m in Sources */,
				E54CE2191F8DEDA800430EC9 /* UIButton+UI.m in Sources */,
				E54CE21A1F8DEDA800430EC9 /* UICollectionView+UI.m in Sources */,
				E54CE2421F8DEDA800430EC9 /* SSUINavigationController.m in Sources */,
				E54CE22A1F8DEDA800430EC9 /* UIWindow+UI.m in Sources */,
				E54CE2441F8DEDA800430EC9 /* SSUIViewController.m in Sources */,
				E54CE2481F8DEDA800430EC9 /* SSUITableCell.m in Sources */,
				E54CE2311F8DEDA800430EC9 /* UINavigationBar+Transition.m in Sources */,
				E54CE2341F8DEDA800430EC9 /* UINavigationTitleView.m in Sources */,
				E54CE2261F8DEDA800430EC9 /* UITextField+UI.m in Sources */,
				E54CE2291F8DEDA800430EC9 /* UIViewController+UI.m in Sources */,
				E54CE2391F8DEDA800430EC9 /* UITips.m in Sources */,
				E54CE2381F8DEDA800430EC9 /* UIThemeManager.m in Sources */,
				E54CE2571F8DF62C00430EC9 /* UIMarqueeLabel.m in Sources */,
				E54CE24A1F8DEDA800430EC9 /* SSUITextField.m in Sources */,
				E54CE22F1F8DEDA800430EC9 /* UIKeyboardManager.m in Sources */,
				31165F0F1FDE31CB001B326A /* SSUIMenuScrollView.m in Sources */,
				E54CE2491F8DEDA800430EC9 /* SSUITableView.m in Sources */,
				3126F4B21FB5CB6C003FFB58 /* SSUIImagePreviewView.m in Sources */,
				318EC2451FB736FD00387E1C /* SSUIPieProgressView.m in Sources */,
				3126F4AC1FB5BE96003FFB58 /* SSUIImagePickerCollectionViewCell.m in Sources */,
				3126F49F1FB59FD0003FFB58 /* SSUIAssetsManager.m in Sources */,
				E54CE2271F8DEDA800430EC9 /* UITextView+UI.m in Sources */,
				310259301FBD8F0D0023BCDB /* SSUIWebViewController.m in Sources */,
				E54CE23F1F8DEDA800430EC9 /* UIHelper.m in Sources */,
				E54CE23E1F8DEDA800430EC9 /* UIConfiguration.m in Sources */,
				E54CE21B1F8DEDA800430EC9 /* UIColor+UI.m in Sources */,
				E54CE2161F8DEDA800430EC9 /* NSString+UI.m in Sources */,
				E54CE21D1F8DEDA800430EC9 /* UIFont+UI.m in Sources */,
				31165F0C1FDE31CB001B326A /* SSUIMenuNode.m in Sources */,
				E54CE21E1F8DEDA800430EC9 /* UIGestureRecognizer+UI.m in Sources */,
				E54CE24B1F8DEDA800430EC9 /* SSUITextView.m in Sources */,
				3126F4A21FB5A5F7003FFB58 /* SSUIAssetsGroup.m in Sources */,
				E54CE2131F8DEDA800430EC9 /* NSAttributedString+UI.m in Sources */,
				E54CE2211F8DEDA800430EC9 /* UINavigationController+UI.m in Sources */,
				E54CE23D1F8DEDA800430EC9 /* UIToastView.m in Sources */,
				3126F4B81FB5CE97003FFB58 /* SSUIImagePickerPreviewViewController.m in Sources */,
			);
			runOnlyForDeploymentPostprocessing = 0;
		};
		E51900AF1F7DE25200F280A0 /* Sources */ = {
			isa = PBXSourcesBuildPhase;
			buildActionMask = 2147483647;
			files = (
				E51900B81F7DE25200F280A0 /* StarShareDevUIKitTests.m in Sources */,
			);
			runOnlyForDeploymentPostprocessing = 0;
		};
		E51900BA1F7DE25200F280A0 /* Sources */ = {
			isa = PBXSourcesBuildPhase;
			buildActionMask = 2147483647;
			files = (
				E51900C31F7DE25200F280A0 /* StarShareDevUIKitUITests.m in Sources */,
			);
			runOnlyForDeploymentPostprocessing = 0;
		};
/* End PBXSourcesBuildPhase section */

/* Begin PBXTargetDependency section */
		E51900B51F7DE25200F280A0 /* PBXTargetDependency */ = {
			isa = PBXTargetDependency;
			target = E519009A1F7DE25100F280A0 /* StarShareDevUIKit */;
			targetProxy = E51900B41F7DE25200F280A0 /* PBXContainerItemProxy */;
		};
		E51900C01F7DE25200F280A0 /* PBXTargetDependency */ = {
			isa = PBXTargetDependency;
			target = E519009A1F7DE25100F280A0 /* StarShareDevUIKit */;
			targetProxy = E51900BF1F7DE25200F280A0 /* PBXContainerItemProxy */;
		};
/* End PBXTargetDependency section */

/* Begin PBXVariantGroup section */
		E51900A41F7DE25200F280A0 /* Main.storyboard */ = {
			isa = PBXVariantGroup;
			children = (
				E51900A51F7DE25200F280A0 /* Base */,
			);
			name = Main.storyboard;
			sourceTree = "<group>";
		};
		E51900A91F7DE25200F280A0 /* LaunchScreen.storyboard */ = {
			isa = PBXVariantGroup;
			children = (
				E51900AA1F7DE25200F280A0 /* Base */,
			);
			name = LaunchScreen.storyboard;
			sourceTree = "<group>";
		};
/* End PBXVariantGroup section */

/* Begin XCBuildConfiguration section */
		E51900C51F7DE25200F280A0 /* Debug */ = {
			isa = XCBuildConfiguration;
			buildSettings = {
				ALWAYS_SEARCH_USER_PATHS = NO;
				CLANG_ANALYZER_NONNULL = YES;
				CLANG_ANALYZER_NUMBER_OBJECT_CONVERSION = YES_AGGRESSIVE;
				CLANG_CXX_LANGUAGE_STANDARD = "gnu++14";
				CLANG_CXX_LIBRARY = "libc++";
				CLANG_ENABLE_MODULES = YES;
				CLANG_ENABLE_OBJC_ARC = YES;
				CLANG_WARN_BLOCK_CAPTURE_AUTORELEASING = YES;
				CLANG_WARN_BOOL_CONVERSION = YES;
				CLANG_WARN_COMMA = YES;
				CLANG_WARN_CONSTANT_CONVERSION = YES;
				CLANG_WARN_DIRECT_OBJC_ISA_USAGE = YES_ERROR;
				CLANG_WARN_DOCUMENTATION_COMMENTS = YES;
				CLANG_WARN_EMPTY_BODY = YES;
				CLANG_WARN_ENUM_CONVERSION = YES;
				CLANG_WARN_INFINITE_RECURSION = YES;
				CLANG_WARN_INT_CONVERSION = YES;
				CLANG_WARN_NON_LITERAL_NULL_CONVERSION = YES;
				CLANG_WARN_OBJC_LITERAL_CONVERSION = YES;
				CLANG_WARN_OBJC_ROOT_CLASS = YES_ERROR;
				CLANG_WARN_RANGE_LOOP_ANALYSIS = YES;
				CLANG_WARN_STRICT_PROTOTYPES = YES;
				CLANG_WARN_SUSPICIOUS_MOVE = YES;
				CLANG_WARN_UNGUARDED_AVAILABILITY = YES_AGGRESSIVE;
				CLANG_WARN_UNREACHABLE_CODE = YES;
				CLANG_WARN__DUPLICATE_METHOD_MATCH = YES;
				CODE_SIGN_IDENTITY = "iPhone Developer";
				COPY_PHASE_STRIP = NO;
				DEBUG_INFORMATION_FORMAT = dwarf;
				ENABLE_STRICT_OBJC_MSGSEND = YES;
				ENABLE_TESTABILITY = YES;
				GCC_C_LANGUAGE_STANDARD = gnu11;
				GCC_DYNAMIC_NO_PIC = NO;
				GCC_NO_COMMON_BLOCKS = YES;
				GCC_OPTIMIZATION_LEVEL = 0;
				GCC_PREPROCESSOR_DEFINITIONS = (
					"DEBUG=1",
					"$(inherited)",
				);
				GCC_WARN_64_TO_32_BIT_CONVERSION = YES;
				GCC_WARN_ABOUT_RETURN_TYPE = YES_ERROR;
				GCC_WARN_UNDECLARED_SELECTOR = YES;
				GCC_WARN_UNINITIALIZED_AUTOS = YES_AGGRESSIVE;
				GCC_WARN_UNUSED_FUNCTION = YES;
				GCC_WARN_UNUSED_VARIABLE = YES;
				IPHONEOS_DEPLOYMENT_TARGET = 11.0;
				MTL_ENABLE_DEBUG_INFO = YES;
				ONLY_ACTIVE_ARCH = YES;
				SDKROOT = iphoneos;
			};
			name = Debug;
		};
		E51900C61F7DE25200F280A0 /* Release */ = {
			isa = XCBuildConfiguration;
			buildSettings = {
				ALWAYS_SEARCH_USER_PATHS = NO;
				CLANG_ANALYZER_NONNULL = YES;
				CLANG_ANALYZER_NUMBER_OBJECT_CONVERSION = YES_AGGRESSIVE;
				CLANG_CXX_LANGUAGE_STANDARD = "gnu++14";
				CLANG_CXX_LIBRARY = "libc++";
				CLANG_ENABLE_MODULES = YES;
				CLANG_ENABLE_OBJC_ARC = YES;
				CLANG_WARN_BLOCK_CAPTURE_AUTORELEASING = YES;
				CLANG_WARN_BOOL_CONVERSION = YES;
				CLANG_WARN_COMMA = YES;
				CLANG_WARN_CONSTANT_CONVERSION = YES;
				CLANG_WARN_DIRECT_OBJC_ISA_USAGE = YES_ERROR;
				CLANG_WARN_DOCUMENTATION_COMMENTS = YES;
				CLANG_WARN_EMPTY_BODY = YES;
				CLANG_WARN_ENUM_CONVERSION = YES;
				CLANG_WARN_INFINITE_RECURSION = YES;
				CLANG_WARN_INT_CONVERSION = YES;
				CLANG_WARN_NON_LITERAL_NULL_CONVERSION = YES;
				CLANG_WARN_OBJC_LITERAL_CONVERSION = YES;
				CLANG_WARN_OBJC_ROOT_CLASS = YES_ERROR;
				CLANG_WARN_RANGE_LOOP_ANALYSIS = YES;
				CLANG_WARN_STRICT_PROTOTYPES = YES;
				CLANG_WARN_SUSPICIOUS_MOVE = YES;
				CLANG_WARN_UNGUARDED_AVAILABILITY = YES_AGGRESSIVE;
				CLANG_WARN_UNREACHABLE_CODE = YES;
				CLANG_WARN__DUPLICATE_METHOD_MATCH = YES;
				CODE_SIGN_IDENTITY = "iPhone Developer";
				COPY_PHASE_STRIP = NO;
				DEBUG_INFORMATION_FORMAT = "dwarf-with-dsym";
				ENABLE_NS_ASSERTIONS = NO;
				ENABLE_STRICT_OBJC_MSGSEND = YES;
				GCC_C_LANGUAGE_STANDARD = gnu11;
				GCC_NO_COMMON_BLOCKS = YES;
				GCC_WARN_64_TO_32_BIT_CONVERSION = YES;
				GCC_WARN_ABOUT_RETURN_TYPE = YES_ERROR;
				GCC_WARN_UNDECLARED_SELECTOR = YES;
				GCC_WARN_UNINITIALIZED_AUTOS = YES_AGGRESSIVE;
				GCC_WARN_UNUSED_FUNCTION = YES;
				GCC_WARN_UNUSED_VARIABLE = YES;
				IPHONEOS_DEPLOYMENT_TARGET = 11.0;
				MTL_ENABLE_DEBUG_INFO = NO;
				SDKROOT = iphoneos;
				VALIDATE_PRODUCT = YES;
			};
			name = Release;
		};
		E51900C81F7DE25200F280A0 /* Debug */ = {
			isa = XCBuildConfiguration;
			buildSettings = {
				ASSETCATALOG_COMPILER_APPICON_NAME = AppIcon;
				CLANG_ENABLE_MODULES = YES;
				CODE_SIGN_STYLE = Automatic;
				DEVELOPMENT_TEAM = 7524R5UJ2G;
				INFOPLIST_FILE = StarShareDevUIKit/Info.plist;
				IPHONEOS_DEPLOYMENT_TARGET = 9.0;
				LD_RUNPATH_SEARCH_PATHS = "$(inherited) @executable_path/Frameworks";
				PRODUCT_BUNDLE_IDENTIFIER = code.com.rui.StarShareDevUIKit;
				PRODUCT_NAME = "$(TARGET_NAME)";
				SWIFT_OPTIMIZATION_LEVEL = "-Onone";
				SWIFT_VERSION = 3.0;
				TARGETED_DEVICE_FAMILY = "1,2";
			};
			name = Debug;
		};
		E51900C91F7DE25200F280A0 /* Release */ = {
			isa = XCBuildConfiguration;
			buildSettings = {
				ASSETCATALOG_COMPILER_APPICON_NAME = AppIcon;
				CLANG_ENABLE_MODULES = YES;
				CODE_SIGN_STYLE = Automatic;
				DEVELOPMENT_TEAM = 7524R5UJ2G;
				INFOPLIST_FILE = StarShareDevUIKit/Info.plist;
				IPHONEOS_DEPLOYMENT_TARGET = 9.0;
				LD_RUNPATH_SEARCH_PATHS = "$(inherited) @executable_path/Frameworks";
				PRODUCT_BUNDLE_IDENTIFIER = code.com.rui.StarShareDevUIKit;
				PRODUCT_NAME = "$(TARGET_NAME)";
				SWIFT_VERSION = 3.0;
				TARGETED_DEVICE_FAMILY = "1,2";
			};
			name = Release;
		};
		E51900CB1F7DE25200F280A0 /* Debug */ = {
			isa = XCBuildConfiguration;
			buildSettings = {
				BUNDLE_LOADER = "$(TEST_HOST)";
				CODE_SIGN_STYLE = Automatic;
				DEVELOPMENT_TEAM = 7524R5UJ2G;
				INFOPLIST_FILE = StarShareDevUIKitTests/Info.plist;
				LD_RUNPATH_SEARCH_PATHS = "$(inherited) @executable_path/Frameworks @loader_path/Frameworks";
				PRODUCT_BUNDLE_IDENTIFIER = code.com.rui.StarShareDevUIKitTests;
				PRODUCT_NAME = "$(TARGET_NAME)";
				TARGETED_DEVICE_FAMILY = "1,2";
				TEST_HOST = "$(BUILT_PRODUCTS_DIR)/StarShareDevUIKit.app/StarShareDevUIKit";
			};
			name = Debug;
		};
		E51900CC1F7DE25200F280A0 /* Release */ = {
			isa = XCBuildConfiguration;
			buildSettings = {
				BUNDLE_LOADER = "$(TEST_HOST)";
				CODE_SIGN_STYLE = Automatic;
				DEVELOPMENT_TEAM = 7524R5UJ2G;
				INFOPLIST_FILE = StarShareDevUIKitTests/Info.plist;
				LD_RUNPATH_SEARCH_PATHS = "$(inherited) @executable_path/Frameworks @loader_path/Frameworks";
				PRODUCT_BUNDLE_IDENTIFIER = code.com.rui.StarShareDevUIKitTests;
				PRODUCT_NAME = "$(TARGET_NAME)";
				TARGETED_DEVICE_FAMILY = "1,2";
				TEST_HOST = "$(BUILT_PRODUCTS_DIR)/StarShareDevUIKit.app/StarShareDevUIKit";
			};
			name = Release;
		};
		E51900CE1F7DE25200F280A0 /* Debug */ = {
			isa = XCBuildConfiguration;
			buildSettings = {
				CODE_SIGN_STYLE = Automatic;
				DEVELOPMENT_TEAM = 7524R5UJ2G;
				INFOPLIST_FILE = StarShareDevUIKitUITests/Info.plist;
				LD_RUNPATH_SEARCH_PATHS = "$(inherited) @executable_path/Frameworks @loader_path/Frameworks";
				PRODUCT_BUNDLE_IDENTIFIER = code.com.rui.StarShareDevUIKitUITests;
				PRODUCT_NAME = "$(TARGET_NAME)";
				TARGETED_DEVICE_FAMILY = "1,2";
				TEST_TARGET_NAME = StarShareDevUIKit;
			};
			name = Debug;
		};
		E51900CF1F7DE25200F280A0 /* Release */ = {
			isa = XCBuildConfiguration;
			buildSettings = {
				CODE_SIGN_STYLE = Automatic;
				DEVELOPMENT_TEAM = 7524R5UJ2G;
				INFOPLIST_FILE = StarShareDevUIKitUITests/Info.plist;
				LD_RUNPATH_SEARCH_PATHS = "$(inherited) @executable_path/Frameworks @loader_path/Frameworks";
				PRODUCT_BUNDLE_IDENTIFIER = code.com.rui.StarShareDevUIKitUITests;
				PRODUCT_NAME = "$(TARGET_NAME)";
				TARGETED_DEVICE_FAMILY = "1,2";
				TEST_TARGET_NAME = StarShareDevUIKit;
			};
			name = Release;
		};
/* End XCBuildConfiguration section */

/* Begin XCConfigurationList section */
		E51900961F7DE25100F280A0 /* Build configuration list for PBXProject "StarShareDevUIKit" */ = {
			isa = XCConfigurationList;
			buildConfigurations = (
				E51900C51F7DE25200F280A0 /* Debug */,
				E51900C61F7DE25200F280A0 /* Release */,
			);
			defaultConfigurationIsVisible = 0;
			defaultConfigurationName = Release;
		};
		E51900C71F7DE25200F280A0 /* Build configuration list for PBXNativeTarget "StarShareDevUIKit" */ = {
			isa = XCConfigurationList;
			buildConfigurations = (
				E51900C81F7DE25200F280A0 /* Debug */,
				E51900C91F7DE25200F280A0 /* Release */,
			);
			defaultConfigurationIsVisible = 0;
			defaultConfigurationName = Release;
		};
		E51900CA1F7DE25200F280A0 /* Build configuration list for PBXNativeTarget "StarShareDevUIKitTests" */ = {
			isa = XCConfigurationList;
			buildConfigurations = (
				E51900CB1F7DE25200F280A0 /* Debug */,
				E51900CC1F7DE25200F280A0 /* Release */,
			);
			defaultConfigurationIsVisible = 0;
			defaultConfigurationName = Release;
		};
		E51900CD1F7DE25200F280A0 /* Build configuration list for PBXNativeTarget "StarShareDevUIKitUITests" */ = {
			isa = XCConfigurationList;
			buildConfigurations = (
				E51900CE1F7DE25200F280A0 /* Debug */,
				E51900CF1F7DE25200F280A0 /* Release */,
			);
			defaultConfigurationIsVisible = 0;
			defaultConfigurationName = Release;
		};
/* End XCConfigurationList section */
	};
	rootObject = E51900931F7DE25100F280A0 /* Project object */;
}
